// !$*UTF8*$!
{
	archiveVersion = 1;
	classes = {
	};
	objectVersion = 50;
	objects = {

/* Begin PBXBuildFile section */
		0303E375251DBDD00060BCB5 /* RootViewController.swift in Sources */ = {isa = PBXBuildFile; fileRef = 0303E374251DBDD00060BCB5 /* RootViewController.swift */; };
		0303E380251DBE360060BCB5 /* AppDelegate.swift in Sources */ = {isa = PBXBuildFile; fileRef = 0303E37F251DBE360060BCB5 /* AppDelegate.swift */; };
		0303E38B251DBEDF0060BCB5 /* SceneDelegate.swift in Sources */ = {isa = PBXBuildFile; fileRef = 0303E38A251DBEDF0060BCB5 /* SceneDelegate.swift */; };
		0303E39D251DBFC10060BCB5 /* Architecture.framework in Frameworks */ = {isa = PBXBuildFile; fileRef = 0303E394251DBFC10060BCB5 /* Architecture.framework */; };
		0303E3A4251DBFC10060BCB5 /* ArchitectureTests.swift in Sources */ = {isa = PBXBuildFile; fileRef = 0303E3A3251DBFC10060BCB5 /* ArchitectureTests.swift */; };
		0303E3A6251DBFC10060BCB5 /* Architecture.h in Headers */ = {isa = PBXBuildFile; fileRef = 0303E396251DBFC10060BCB5 /* Architecture.h */; settings = {ATTRIBUTES = (Public, ); }; };
		0303E3A9251DBFC10060BCB5 /* Architecture.framework in Frameworks */ = {isa = PBXBuildFile; fileRef = 0303E394251DBFC10060BCB5 /* Architecture.framework */; };
		0303E3AA251DBFC10060BCB5 /* Architecture.framework in Embed Frameworks */ = {isa = PBXBuildFile; fileRef = 0303E394251DBFC10060BCB5 /* Architecture.framework */; settings = {ATTRIBUTES = (CodeSignOnCopy, RemoveHeadersOnCopy, ); }; };
		0303E3C4251DBFD00060BCB5 /* Utility.framework in Frameworks */ = {isa = PBXBuildFile; fileRef = 0303E3BB251DBFD00060BCB5 /* Utility.framework */; };
		0303E3CB251DBFD00060BCB5 /* UtilityTests.swift in Sources */ = {isa = PBXBuildFile; fileRef = 0303E3CA251DBFD00060BCB5 /* UtilityTests.swift */; };
		0303E3CD251DBFD00060BCB5 /* Utility.h in Headers */ = {isa = PBXBuildFile; fileRef = 0303E3BD251DBFD00060BCB5 /* Utility.h */; settings = {ATTRIBUTES = (Public, ); }; };
		0303E3D0251DBFD00060BCB5 /* Utility.framework in Frameworks */ = {isa = PBXBuildFile; fileRef = 0303E3BB251DBFD00060BCB5 /* Utility.framework */; };
		0303E3D1251DBFD00060BCB5 /* Utility.framework in Embed Frameworks */ = {isa = PBXBuildFile; fileRef = 0303E3BB251DBFD00060BCB5 /* Utility.framework */; settings = {ATTRIBUTES = (CodeSignOnCopy, RemoveHeadersOnCopy, ); }; };
		0303E3F9251DC1F80060BCB5 /* ViewController.swift in Sources */ = {isa = PBXBuildFile; fileRef = 0303E3F8251DC1F80060BCB5 /* ViewController.swift */; };
		0303E401251DC2010060BCB5 /* View.swift in Sources */ = {isa = PBXBuildFile; fileRef = 0303E400251DC2010060BCB5 /* View.swift */; };
		0303E409251DC2080060BCB5 /* TableView.swift in Sources */ = {isa = PBXBuildFile; fileRef = 0303E408251DC2080060BCB5 /* TableView.swift */; };
		0303E411251DC2110060BCB5 /* NavigationController.swift in Sources */ = {isa = PBXBuildFile; fileRef = 0303E410251DC2110060BCB5 /* NavigationController.swift */; };
		0303E427251DC3F60060BCB5 /* TabBar.swift in Sources */ = {isa = PBXBuildFile; fileRef = 0303E426251DC3F60060BCB5 /* TabBar.swift */; };
		0303E42F251DC4230060BCB5 /* CollectionView.swift in Sources */ = {isa = PBXBuildFile; fileRef = 0303E42E251DC4230060BCB5 /* CollectionView.swift */; };
		0303E437251DC4610060BCB5 /* TableViewCell.swift in Sources */ = {isa = PBXBuildFile; fileRef = 0303E436251DC4610060BCB5 /* TableViewCell.swift */; };
		0303E43F251DC4950060BCB5 /* CollectionViewCell.swift in Sources */ = {isa = PBXBuildFile; fileRef = 0303E43E251DC4950060BCB5 /* CollectionViewCell.swift */; };
		0303E44F251DC7CD0060BCB5 /* LaunchScreen.storyboard in Resources */ = {isa = PBXBuildFile; fileRef = 0303E44E251DC7CD0060BCB5 /* LaunchScreen.storyboard */; };
		0318500A251E302A002DE065 /* DashboardViewController.swift in Sources */ = {isa = PBXBuildFile; fileRef = 03185009251E302A002DE065 /* DashboardViewController.swift */; };
		03185019251E30D6002DE065 /* DashboardViewFactory.swift in Sources */ = {isa = PBXBuildFile; fileRef = 03185018251E30D6002DE065 /* DashboardViewFactory.swift */; };
		03185024251E33D4002DE065 /* InboxViewController.swift in Sources */ = {isa = PBXBuildFile; fileRef = 03185023251E33D4002DE065 /* InboxViewController.swift */; };
		0318502C251E33F5002DE065 /* LibraryViewController.swift in Sources */ = {isa = PBXBuildFile; fileRef = 0318502B251E33F5002DE065 /* LibraryViewController.swift */; };
		03185034251E3401002DE065 /* SettingsViewController.swift in Sources */ = {isa = PBXBuildFile; fileRef = 03185033251E3401002DE065 /* SettingsViewController.swift */; };
		0318503F251E34B4002DE065 /* LibraryViewFactory.swift in Sources */ = {isa = PBXBuildFile; fileRef = 0318503E251E34B4002DE065 /* LibraryViewFactory.swift */; };
		034DA0FA251DC9C100ABDC6E /* TabBarController.swift in Sources */ = {isa = PBXBuildFile; fileRef = 034DA0F9251DC9C100ABDC6E /* TabBarController.swift */; };
		03632739251F2FD80088681D /* TableViewHeaderModel.swift in Sources */ = {isa = PBXBuildFile; fileRef = 03632738251F2FD80088681D /* TableViewHeaderModel.swift */; };
		03632740251F30140088681D /* Icon.swift in Sources */ = {isa = PBXBuildFile; fileRef = 03866599251F2B9C00418C54 /* Icon.swift */; };
		03632753251F30510088681D /* UIImage+Extensions.swift in Sources */ = {isa = PBXBuildFile; fileRef = 038665A7251F2E2800418C54 /* UIImage+Extensions.swift */; };
		038157AC251CCA2600D60752 /* Assets.xcassets in Resources */ = {isa = PBXBuildFile; fileRef = 038157AB251CCA2600D60752 /* Assets.xcassets */; };
		038157BF251CCA2600D60752 /* CenterTests.swift in Sources */ = {isa = PBXBuildFile; fileRef = 038157BE251CCA2600D60752 /* CenterTests.swift */; };
		038157CA251CCA2600D60752 /* CenterUITests.swift in Sources */ = {isa = PBXBuildFile; fileRef = 038157C9251CCA2600D60752 /* CenterUITests.swift */; };
		038157ED251D0A1F00D60752 /* ArchitectureNotes.md in Resources */ = {isa = PBXBuildFile; fileRef = 038157EC251D0A1F00D60752 /* ArchitectureNotes.md */; };
		03866452251E358D00418C54 /* DashboardViewModel.swift in Sources */ = {isa = PBXBuildFile; fileRef = 03866451251E358D00418C54 /* DashboardViewModel.swift */; };
		03866460251E35CF00418C54 /* DashboardView.swift in Sources */ = {isa = PBXBuildFile; fileRef = 0386645F251E35CF00418C54 /* DashboardView.swift */; };
		0386646E251E36DA00418C54 /* TableViewDataSource.swift in Sources */ = {isa = PBXBuildFile; fileRef = 0386646D251E36DA00418C54 /* TableViewDataSource.swift */; };
		03866477251E3AF900418C54 /* ObjectDataStoreProtocol.swift in Sources */ = {isa = PBXBuildFile; fileRef = 03866476251E3AF900418C54 /* ObjectDataStoreProtocol.swift */; };
		0386647F251F0F8400418C54 /* SystemProtocol.swift in Sources */ = {isa = PBXBuildFile; fileRef = 0386647E251F0F8400418C54 /* SystemProtocol.swift */; };
		0386648E251F0FAF00418C54 /* FlowProtocol.swift in Sources */ = {isa = PBXBuildFile; fileRef = 0386648D251F0FAF00418C54 /* FlowProtocol.swift */; };
		03866496251F0FC000418C54 /* StockProtocol.swift in Sources */ = {isa = PBXBuildFile; fileRef = 03866495251F0FC000418C54 /* StockProtocol.swift */; };
		0386649E251F0FF300418C54 /* EventProtocol.swift in Sources */ = {isa = PBXBuildFile; fileRef = 0386649D251F0FF300418C54 /* EventProtocol.swift */; };
		038664A6251F102100418C54 /* ObjectProtocol.swift in Sources */ = {isa = PBXBuildFile; fileRef = 038664A5251F102100418C54 /* ObjectProtocol.swift */; };
		038664AE251F14A800418C54 /* NoteProtocol.swift in Sources */ = {isa = PBXBuildFile; fileRef = 038664AD251F14A800418C54 /* NoteProtocol.swift */; };
		038664B6251F189E00418C54 /* SymbolProtocol.swift in Sources */ = {isa = PBXBuildFile; fileRef = 038664B5251F189E00418C54 /* SymbolProtocol.swift */; };
		038664BE251F19F700418C54 /* ConditionProtocol.swift in Sources */ = {isa = PBXBuildFile; fileRef = 038664BD251F19F700418C54 /* ConditionProtocol.swift */; };
		038664C6251F1B0200418C54 /* NoteBlockProtocol.swift in Sources */ = {isa = PBXBuildFile; fileRef = 038664C5251F1B0200418C54 /* NoteBlockProtocol.swift */; };
		038664CE251F1BC000418C54 /* ConversionProtocol.swift in Sources */ = {isa = PBXBuildFile; fileRef = 038664CD251F1BC000418C54 /* ConversionProtocol.swift */; };
		038664D6251F1C5C00418C54 /* DimensionProtocol.swift in Sources */ = {isa = PBXBuildFile; fileRef = 038664D5251F1C5C00418C54 /* DimensionProtocol.swift */; };
		038664DE251F1D6300418C54 /* UnitProtocol.swift in Sources */ = {isa = PBXBuildFile; fileRef = 038664DD251F1D6300418C54 /* UnitProtocol.swift */; };
		03866504251F23E600418C54 /* LibraryViewModelProtocol.swift in Sources */ = {isa = PBXBuildFile; fileRef = 03866503251F23E500418C54 /* LibraryViewModelProtocol.swift */; };
		03866512251F249300418C54 /* SettingsDataStoreProtocol.swift in Sources */ = {isa = PBXBuildFile; fileRef = 03866511251F249300418C54 /* SettingsDataStoreProtocol.swift */; };
		03866533251F27A400418C54 /* SystemListingViewController.swift in Sources */ = {isa = PBXBuildFile; fileRef = 03866532251F27A400418C54 /* SystemListingViewController.swift */; };
		03866564251F289800418C54 /* NavigationBarAppearanceModel.swift in Sources */ = {isa = PBXBuildFile; fileRef = 03866563251F289800418C54 /* NavigationBarAppearanceModel.swift */; };
		03866572251F28BA00418C54 /* DashboardInteractionController.swift in Sources */ = {isa = PBXBuildFile; fileRef = 03866571251F28BA00418C54 /* DashboardInteractionController.swift */; };
		03866583251F298D00418C54 /* FilterViewController.swift in Sources */ = {isa = PBXBuildFile; fileRef = 03866582251F298D00418C54 /* FilterViewController.swift */; };
		0386658B251F299700418C54 /* SearchViewController.swift in Sources */ = {isa = PBXBuildFile; fileRef = 0386658A251F299700418C54 /* SearchViewController.swift */; };
		03CE2415251F3C7F00CE699A /* DashboardViewHeaderModelFactory.swift in Sources */ = {isa = PBXBuildFile; fileRef = 03CE2414251F3C7F00CE699A /* DashboardViewHeaderModelFactory.swift */; };
		03CE2423251F3D7400CE699A /* InboxViewFactory.swift in Sources */ = {isa = PBXBuildFile; fileRef = 03CE2422251F3D7400CE699A /* InboxViewFactory.swift */; };
		03CE242B251F3EBE00CE699A /* TabBarItemFactoryProtocol.swift in Sources */ = {isa = PBXBuildFile; fileRef = 03CE242A251F3EBE00CE699A /* TabBarItemFactoryProtocol.swift */; };
		03CE2433251F3F4C00CE699A /* SettingsViewFactory.swift in Sources */ = {isa = PBXBuildFile; fileRef = 03CE2432251F3F4C00CE699A /* SettingsViewFactory.swift */; };
		03CE243B251F40DE00CE699A /* RootViewFactory.swift in Sources */ = {isa = PBXBuildFile; fileRef = 03CE243A251F40DE00CE699A /* RootViewFactory.swift */; };
		03CE2443251F4E7E00CE699A /* DashboardTableViewDelegate.swift in Sources */ = {isa = PBXBuildFile; fileRef = 03CE2442251F4E7E00CE699A /* DashboardTableViewDelegate.swift */; };
		03CE244B251F4E8500CE699A /* DashboardTableViewDataSource.swift in Sources */ = {isa = PBXBuildFile; fileRef = 03CE244A251F4E8500CE699A /* DashboardTableViewDataSource.swift */; };
		03CE2453251F4ED900CE699A /* DashboardSearchBarDelegate.swift in Sources */ = {isa = PBXBuildFile; fileRef = 03CE2452251F4ED900CE699A /* DashboardSearchBarDelegate.swift */; };
		03CE247B251F4FCD00CE699A /* TableViewDelegate.swift in Sources */ = {isa = PBXBuildFile; fileRef = 03CE247A251F4FCD00CE699A /* TableViewDelegate.swift */; };
		03CE2484251F555A00CE699A /* SearchBarDelegate.swift in Sources */ = {isa = PBXBuildFile; fileRef = 03CE2483251F555A00CE699A /* SearchBarDelegate.swift */; };
		03CE2494251F591600CE699A /* TableViewSectionHeaderView.swift in Sources */ = {isa = PBXBuildFile; fileRef = 03CE2493251F591600CE699A /* TableViewSectionHeaderView.swift */; };
		03CE249C251F597E00CE699A /* TableViewSectionHeaderViewFactory.swift in Sources */ = {isa = PBXBuildFile; fileRef = 03CE249B251F597E00CE699A /* TableViewSectionHeaderViewFactory.swift */; };
		03CE24A5251F59B800CE699A /* SectionHeaderDisclosureButton.swift in Sources */ = {isa = PBXBuildFile; fileRef = 03CE24A4251F59B800CE699A /* SectionHeaderDisclosureButton.swift */; };
		03CE24AD251F5E6C00CE699A /* EventTableViewCell.swift in Sources */ = {isa = PBXBuildFile; fileRef = 03CE24AC251F5E6C00CE699A /* EventTableViewCell.swift */; };
		03CE24B5251F5F2500CE699A /* DashboardViewCellModelFactory.swift in Sources */ = {isa = PBXBuildFile; fileRef = 03CE24B4251F5F2500CE699A /* DashboardViewCellModelFactory.swift */; };
		03CE24C9251F5FB400CE699A /* TableViewCellModel.swift in Sources */ = {isa = PBXBuildFile; fileRef = 03CE24C8251F5FB400CE699A /* TableViewCellModel.swift */; };
		03CE24DD251F60E000CE699A /* Array+Extensions.swift in Sources */ = {isa = PBXBuildFile; fileRef = 03CE24DC251F60E000CE699A /* Array+Extensions.swift */; };
		03CE24F4251F625400CE699A /* CenterCoreDataModel.swift in Sources */ = {isa = PBXBuildFile; fileRef = 03CE24F3251F625400CE699A /* CenterCoreDataModel.swift */; };
		03CE250A251F637500CE699A /* CoreDataManager.swift in Sources */ = {isa = PBXBuildFile; fileRef = 03CE2509251F637500CE699A /* CoreDataManager.swift */; };
		03CE2518251F66C400CE699A /* Event.swift in Sources */ = {isa = PBXBuildFile; fileRef = 03CE2517251F66C400CE699A /* Event.swift */; };
		03CE2520251F67E100CE699A /* Condition.swift in Sources */ = {isa = PBXBuildFile; fileRef = 03CE251F251F67E100CE699A /* Condition.swift */; };
		03CE252E251F67EB00CE699A /* System.swift in Sources */ = {isa = PBXBuildFile; fileRef = 03CE252D251F67EB00CE699A /* System.swift */; };
		03CE2536251F67F100CE699A /* Conversion.swift in Sources */ = {isa = PBXBuildFile; fileRef = 03CE2535251F67F100CE699A /* Conversion.swift */; };
		03CE253E251F67F700CE699A /* Dimension.swift in Sources */ = {isa = PBXBuildFile; fileRef = 03CE253D251F67F700CE699A /* Dimension.swift */; };
		03CE2546251F67FF00CE699A /* Flow.swift in Sources */ = {isa = PBXBuildFile; fileRef = 03CE2545251F67FF00CE699A /* Flow.swift */; };
		03CE254E251F680400CE699A /* History.swift in Sources */ = {isa = PBXBuildFile; fileRef = 03CE254D251F680400CE699A /* History.swift */; };
		03CE2556251F680A00CE699A /* ImageNoteBlock.swift in Sources */ = {isa = PBXBuildFile; fileRef = 03CE2555251F680A00CE699A /* ImageNoteBlock.swift */; };
		03CE255E251F680E00CE699A /* Link.swift in Sources */ = {isa = PBXBuildFile; fileRef = 03CE255D251F680E00CE699A /* Link.swift */; };
		03CE2566251F681400CE699A /* TextNoteBlock.swift in Sources */ = {isa = PBXBuildFile; fileRef = 03CE2565251F681400CE699A /* TextNoteBlock.swift */; };
		03CE256E251F681B00CE699A /* TextColor.swift in Sources */ = {isa = PBXBuildFile; fileRef = 03CE256D251F681B00CE699A /* TextColor.swift */; };
		03CE2576251F682100CE699A /* NoteLink.swift in Sources */ = {isa = PBXBuildFile; fileRef = 03CE2575251F682100CE699A /* NoteLink.swift */; };
		03CE257E251F682800CE699A /* NoteStyle.swift in Sources */ = {isa = PBXBuildFile; fileRef = 03CE257D251F682800CE699A /* NoteStyle.swift */; };
		03CE2586251F682D00CE699A /* Process.swift in Sources */ = {isa = PBXBuildFile; fileRef = 03CE2585251F682D00CE699A /* Process.swift */; };
		03CE258E251F683100CE699A /* Setting.swift in Sources */ = {isa = PBXBuildFile; fileRef = 03CE258D251F683100CE699A /* Setting.swift */; };
		03CE2596251F683500CE699A /* Stock.swift in Sources */ = {isa = PBXBuildFile; fileRef = 03CE2595251F683500CE699A /* Stock.swift */; };
		03CE259E251F683A00CE699A /* StockState.swift in Sources */ = {isa = PBXBuildFile; fileRef = 03CE259D251F683A00CE699A /* StockState.swift */; };
		03CE25A6251F683E00CE699A /* Symbol.swift in Sources */ = {isa = PBXBuildFile; fileRef = 03CE25A5251F683E00CE699A /* Symbol.swift */; };
		03CE25AE251F684700CE699A /* TableNoteBlock.swift in Sources */ = {isa = PBXBuildFile; fileRef = 03CE25AD251F684700CE699A /* TableNoteBlock.swift */; };
		03CE25B6251F684B00CE699A /* Note.swift in Sources */ = {isa = PBXBuildFile; fileRef = 03CE25B5251F684B00CE699A /* Note.swift */; };
		03CE25BE251F685000CE699A /* Unit.swift in Sources */ = {isa = PBXBuildFile; fileRef = 03CE25BD251F685000CE699A /* Unit.swift */; };
		03CE25C6251F686200CE699A /* NoteBlock.swift in Sources */ = {isa = PBXBuildFile; fileRef = 03CE25C5251F686200CE699A /* NoteBlock.swift */; };
		03CE25EC251F743000CE699A /* Object.swift in Sources */ = {isa = PBXBuildFile; fileRef = 03CE25EB251F743000CE699A /* Object.swift */; };
		03CE2676251F813800CE699A /* EntityConstructionProtocol.swift in Sources */ = {isa = PBXBuildFile; fileRef = 03CE2675251F813800CE699A /* EntityConstructionProtocol.swift */; };
		03CE2690251F9FB600CE699A /* DashboardEnvironment.swift in Sources */ = {isa = PBXBuildFile; fileRef = 03CE268F251F9FB600CE699A /* DashboardEnvironment.swift */; };
		03CE2698251FA19900CE699A /* RootEnvironment.swift in Sources */ = {isa = PBXBuildFile; fileRef = 03CE2697251FA19900CE699A /* RootEnvironment.swift */; };
/* End PBXBuildFile section */

/* Begin PBXContainerItemProxy section */
		0303E39E251DBFC10060BCB5 /* PBXContainerItemProxy */ = {
			isa = PBXContainerItemProxy;
			containerPortal = 0381579C251CCA2500D60752 /* Project object */;
			proxyType = 1;
			remoteGlobalIDString = 0303E393251DBFC10060BCB5;
			remoteInfo = Architecture;
		};
		0303E3A0251DBFC10060BCB5 /* PBXContainerItemProxy */ = {
			isa = PBXContainerItemProxy;
			containerPortal = 0381579C251CCA2500D60752 /* Project object */;
			proxyType = 1;
			remoteGlobalIDString = 038157A3251CCA2500D60752;
			remoteInfo = Center;
		};
		0303E3A7251DBFC10060BCB5 /* PBXContainerItemProxy */ = {
			isa = PBXContainerItemProxy;
			containerPortal = 0381579C251CCA2500D60752 /* Project object */;
			proxyType = 1;
			remoteGlobalIDString = 0303E393251DBFC10060BCB5;
			remoteInfo = Architecture;
		};
		0303E3C5251DBFD00060BCB5 /* PBXContainerItemProxy */ = {
			isa = PBXContainerItemProxy;
			containerPortal = 0381579C251CCA2500D60752 /* Project object */;
			proxyType = 1;
			remoteGlobalIDString = 0303E3BA251DBFD00060BCB5;
			remoteInfo = Utility;
		};
		0303E3C7251DBFD00060BCB5 /* PBXContainerItemProxy */ = {
			isa = PBXContainerItemProxy;
			containerPortal = 0381579C251CCA2500D60752 /* Project object */;
			proxyType = 1;
			remoteGlobalIDString = 038157A3251CCA2500D60752;
			remoteInfo = Center;
		};
		0303E3CE251DBFD00060BCB5 /* PBXContainerItemProxy */ = {
			isa = PBXContainerItemProxy;
			containerPortal = 0381579C251CCA2500D60752 /* Project object */;
			proxyType = 1;
			remoteGlobalIDString = 0303E3BA251DBFD00060BCB5;
			remoteInfo = Utility;
		};
		038157BB251CCA2600D60752 /* PBXContainerItemProxy */ = {
			isa = PBXContainerItemProxy;
			containerPortal = 0381579C251CCA2500D60752 /* Project object */;
			proxyType = 1;
			remoteGlobalIDString = 038157A3251CCA2500D60752;
			remoteInfo = Center;
		};
		038157C6251CCA2600D60752 /* PBXContainerItemProxy */ = {
			isa = PBXContainerItemProxy;
			containerPortal = 0381579C251CCA2500D60752 /* Project object */;
			proxyType = 1;
			remoteGlobalIDString = 038157A3251CCA2500D60752;
			remoteInfo = Center;
		};
/* End PBXContainerItemProxy section */

/* Begin PBXCopyFilesBuildPhase section */
		0303E3AE251DBFC10060BCB5 /* Embed Frameworks */ = {
			isa = PBXCopyFilesBuildPhase;
			buildActionMask = 2147483647;
			dstPath = "";
			dstSubfolderSpec = 10;
			files = (
				0303E3AA251DBFC10060BCB5 /* Architecture.framework in Embed Frameworks */,
				0303E3D1251DBFD00060BCB5 /* Utility.framework in Embed Frameworks */,
			);
			name = "Embed Frameworks";
			runOnlyForDeploymentPostprocessing = 0;
		};
/* End PBXCopyFilesBuildPhase section */

/* Begin PBXFileReference section */
		0303E374251DBDD00060BCB5 /* RootViewController.swift */ = {isa = PBXFileReference; lastKnownFileType = sourcecode.swift; path = RootViewController.swift; sourceTree = "<group>"; };
		0303E37F251DBE360060BCB5 /* AppDelegate.swift */ = {isa = PBXFileReference; lastKnownFileType = sourcecode.swift; path = AppDelegate.swift; sourceTree = "<group>"; };
		0303E38A251DBEDF0060BCB5 /* SceneDelegate.swift */ = {isa = PBXFileReference; lastKnownFileType = sourcecode.swift; path = SceneDelegate.swift; sourceTree = "<group>"; };
		0303E394251DBFC10060BCB5 /* Architecture.framework */ = {isa = PBXFileReference; explicitFileType = wrapper.framework; includeInIndex = 0; path = Architecture.framework; sourceTree = BUILT_PRODUCTS_DIR; };
		0303E396251DBFC10060BCB5 /* Architecture.h */ = {isa = PBXFileReference; lastKnownFileType = sourcecode.c.h; path = Architecture.h; sourceTree = "<group>"; };
		0303E397251DBFC10060BCB5 /* Info.plist */ = {isa = PBXFileReference; lastKnownFileType = text.plist.xml; path = Info.plist; sourceTree = "<group>"; };
		0303E39C251DBFC10060BCB5 /* ArchitectureTests.xctest */ = {isa = PBXFileReference; explicitFileType = wrapper.cfbundle; includeInIndex = 0; path = ArchitectureTests.xctest; sourceTree = BUILT_PRODUCTS_DIR; };
		0303E3A3251DBFC10060BCB5 /* ArchitectureTests.swift */ = {isa = PBXFileReference; lastKnownFileType = sourcecode.swift; path = ArchitectureTests.swift; sourceTree = "<group>"; };
		0303E3A5251DBFC10060BCB5 /* Info.plist */ = {isa = PBXFileReference; lastKnownFileType = text.plist.xml; path = Info.plist; sourceTree = "<group>"; };
		0303E3BB251DBFD00060BCB5 /* Utility.framework */ = {isa = PBXFileReference; explicitFileType = wrapper.framework; includeInIndex = 0; path = Utility.framework; sourceTree = BUILT_PRODUCTS_DIR; };
		0303E3BD251DBFD00060BCB5 /* Utility.h */ = {isa = PBXFileReference; lastKnownFileType = sourcecode.c.h; path = Utility.h; sourceTree = "<group>"; };
		0303E3BE251DBFD00060BCB5 /* Info.plist */ = {isa = PBXFileReference; lastKnownFileType = text.plist.xml; path = Info.plist; sourceTree = "<group>"; };
		0303E3C3251DBFD00060BCB5 /* UtilityTests.xctest */ = {isa = PBXFileReference; explicitFileType = wrapper.cfbundle; includeInIndex = 0; path = UtilityTests.xctest; sourceTree = BUILT_PRODUCTS_DIR; };
		0303E3CA251DBFD00060BCB5 /* UtilityTests.swift */ = {isa = PBXFileReference; lastKnownFileType = sourcecode.swift; path = UtilityTests.swift; sourceTree = "<group>"; };
		0303E3CC251DBFD00060BCB5 /* Info.plist */ = {isa = PBXFileReference; lastKnownFileType = text.plist.xml; path = Info.plist; sourceTree = "<group>"; };
		0303E3F8251DC1F80060BCB5 /* ViewController.swift */ = {isa = PBXFileReference; lastKnownFileType = sourcecode.swift; path = ViewController.swift; sourceTree = "<group>"; };
		0303E400251DC2010060BCB5 /* View.swift */ = {isa = PBXFileReference; lastKnownFileType = sourcecode.swift; path = View.swift; sourceTree = "<group>"; };
		0303E408251DC2080060BCB5 /* TableView.swift */ = {isa = PBXFileReference; lastKnownFileType = sourcecode.swift; path = TableView.swift; sourceTree = "<group>"; };
		0303E410251DC2110060BCB5 /* NavigationController.swift */ = {isa = PBXFileReference; lastKnownFileType = sourcecode.swift; path = NavigationController.swift; sourceTree = "<group>"; };
		0303E426251DC3F60060BCB5 /* TabBar.swift */ = {isa = PBXFileReference; lastKnownFileType = sourcecode.swift; path = TabBar.swift; sourceTree = "<group>"; };
		0303E42E251DC4230060BCB5 /* CollectionView.swift */ = {isa = PBXFileReference; lastKnownFileType = sourcecode.swift; path = CollectionView.swift; sourceTree = "<group>"; };
		0303E436251DC4610060BCB5 /* TableViewCell.swift */ = {isa = PBXFileReference; lastKnownFileType = sourcecode.swift; path = TableViewCell.swift; sourceTree = "<group>"; };
		0303E43E251DC4950060BCB5 /* CollectionViewCell.swift */ = {isa = PBXFileReference; lastKnownFileType = sourcecode.swift; path = CollectionViewCell.swift; sourceTree = "<group>"; };
		0303E44E251DC7CD0060BCB5 /* LaunchScreen.storyboard */ = {isa = PBXFileReference; lastKnownFileType = file.storyboard; path = LaunchScreen.storyboard; sourceTree = "<group>"; };
		03185009251E302A002DE065 /* DashboardViewController.swift */ = {isa = PBXFileReference; lastKnownFileType = sourcecode.swift; path = DashboardViewController.swift; sourceTree = "<group>"; };
		03185018251E30D6002DE065 /* DashboardViewFactory.swift */ = {isa = PBXFileReference; lastKnownFileType = sourcecode.swift; path = DashboardViewFactory.swift; sourceTree = "<group>"; };
		03185023251E33D4002DE065 /* InboxViewController.swift */ = {isa = PBXFileReference; lastKnownFileType = sourcecode.swift; path = InboxViewController.swift; sourceTree = "<group>"; };
		0318502B251E33F5002DE065 /* LibraryViewController.swift */ = {isa = PBXFileReference; lastKnownFileType = sourcecode.swift; path = LibraryViewController.swift; sourceTree = "<group>"; };
		03185033251E3401002DE065 /* SettingsViewController.swift */ = {isa = PBXFileReference; lastKnownFileType = sourcecode.swift; path = SettingsViewController.swift; sourceTree = "<group>"; };
		0318503E251E34B4002DE065 /* LibraryViewFactory.swift */ = {isa = PBXFileReference; lastKnownFileType = sourcecode.swift; path = LibraryViewFactory.swift; sourceTree = "<group>"; };
		034DA0F9251DC9C100ABDC6E /* TabBarController.swift */ = {isa = PBXFileReference; lastKnownFileType = sourcecode.swift; path = TabBarController.swift; sourceTree = "<group>"; };
		03632738251F2FD80088681D /* TableViewHeaderModel.swift */ = {isa = PBXFileReference; lastKnownFileType = sourcecode.swift; path = TableViewHeaderModel.swift; sourceTree = "<group>"; };
		038157A4251CCA2500D60752 /* Center.app */ = {isa = PBXFileReference; explicitFileType = wrapper.application; includeInIndex = 0; path = Center.app; sourceTree = BUILT_PRODUCTS_DIR; };
		038157AB251CCA2600D60752 /* Assets.xcassets */ = {isa = PBXFileReference; lastKnownFileType = folder.assetcatalog; path = Assets.xcassets; sourceTree = "<group>"; };
		038157B5251CCA2600D60752 /* Info.plist */ = {isa = PBXFileReference; lastKnownFileType = text.plist.xml; path = Info.plist; sourceTree = "<group>"; };
		038157BA251CCA2600D60752 /* CenterTests.xctest */ = {isa = PBXFileReference; explicitFileType = wrapper.cfbundle; includeInIndex = 0; path = CenterTests.xctest; sourceTree = BUILT_PRODUCTS_DIR; };
		038157BE251CCA2600D60752 /* CenterTests.swift */ = {isa = PBXFileReference; lastKnownFileType = sourcecode.swift; path = CenterTests.swift; sourceTree = "<group>"; };
		038157C0251CCA2600D60752 /* Info.plist */ = {isa = PBXFileReference; lastKnownFileType = text.plist.xml; path = Info.plist; sourceTree = "<group>"; };
		038157C5251CCA2600D60752 /* CenterUITests.xctest */ = {isa = PBXFileReference; explicitFileType = wrapper.cfbundle; includeInIndex = 0; path = CenterUITests.xctest; sourceTree = BUILT_PRODUCTS_DIR; };
		038157C9251CCA2600D60752 /* CenterUITests.swift */ = {isa = PBXFileReference; lastKnownFileType = sourcecode.swift; path = CenterUITests.swift; sourceTree = "<group>"; };
		038157CB251CCA2600D60752 /* Info.plist */ = {isa = PBXFileReference; lastKnownFileType = text.plist.xml; path = Info.plist; sourceTree = "<group>"; };
		038157EC251D0A1F00D60752 /* ArchitectureNotes.md */ = {isa = PBXFileReference; lastKnownFileType = net.daringfireball.markdown; path = ArchitectureNotes.md; sourceTree = "<group>"; };
		03866451251E358D00418C54 /* DashboardViewModel.swift */ = {isa = PBXFileReference; lastKnownFileType = sourcecode.swift; path = DashboardViewModel.swift; sourceTree = "<group>"; };
		0386645F251E35CF00418C54 /* DashboardView.swift */ = {isa = PBXFileReference; lastKnownFileType = sourcecode.swift; path = DashboardView.swift; sourceTree = "<group>"; };
		0386646D251E36DA00418C54 /* TableViewDataSource.swift */ = {isa = PBXFileReference; lastKnownFileType = sourcecode.swift; path = TableViewDataSource.swift; sourceTree = "<group>"; };
		03866476251E3AF900418C54 /* ObjectDataStoreProtocol.swift */ = {isa = PBXFileReference; lastKnownFileType = sourcecode.swift; path = ObjectDataStoreProtocol.swift; sourceTree = "<group>"; };
		0386647E251F0F8400418C54 /* SystemProtocol.swift */ = {isa = PBXFileReference; lastKnownFileType = sourcecode.swift; path = SystemProtocol.swift; sourceTree = "<group>"; };
		0386648D251F0FAF00418C54 /* FlowProtocol.swift */ = {isa = PBXFileReference; lastKnownFileType = sourcecode.swift; path = FlowProtocol.swift; sourceTree = "<group>"; };
		03866495251F0FC000418C54 /* StockProtocol.swift */ = {isa = PBXFileReference; lastKnownFileType = sourcecode.swift; path = StockProtocol.swift; sourceTree = "<group>"; };
		0386649D251F0FF300418C54 /* EventProtocol.swift */ = {isa = PBXFileReference; lastKnownFileType = sourcecode.swift; path = EventProtocol.swift; sourceTree = "<group>"; };
		038664A5251F102100418C54 /* ObjectProtocol.swift */ = {isa = PBXFileReference; lastKnownFileType = sourcecode.swift; path = ObjectProtocol.swift; sourceTree = "<group>"; };
		038664AD251F14A800418C54 /* NoteProtocol.swift */ = {isa = PBXFileReference; lastKnownFileType = sourcecode.swift; path = NoteProtocol.swift; sourceTree = "<group>"; };
		038664B5251F189E00418C54 /* SymbolProtocol.swift */ = {isa = PBXFileReference; lastKnownFileType = sourcecode.swift; path = SymbolProtocol.swift; sourceTree = "<group>"; };
		038664BD251F19F700418C54 /* ConditionProtocol.swift */ = {isa = PBXFileReference; lastKnownFileType = sourcecode.swift; path = ConditionProtocol.swift; sourceTree = "<group>"; };
		038664C5251F1B0200418C54 /* NoteBlockProtocol.swift */ = {isa = PBXFileReference; lastKnownFileType = sourcecode.swift; path = NoteBlockProtocol.swift; sourceTree = "<group>"; };
		038664CD251F1BC000418C54 /* ConversionProtocol.swift */ = {isa = PBXFileReference; lastKnownFileType = sourcecode.swift; path = ConversionProtocol.swift; sourceTree = "<group>"; };
		038664D5251F1C5C00418C54 /* DimensionProtocol.swift */ = {isa = PBXFileReference; lastKnownFileType = sourcecode.swift; path = DimensionProtocol.swift; sourceTree = "<group>"; };
		038664DD251F1D6300418C54 /* UnitProtocol.swift */ = {isa = PBXFileReference; lastKnownFileType = sourcecode.swift; path = UnitProtocol.swift; sourceTree = "<group>"; };
		038664E5251F1FE100418C54 /* StyleGuide.md */ = {isa = PBXFileReference; lastKnownFileType = net.daringfireball.markdown; path = StyleGuide.md; sourceTree = "<group>"; };
		03866503251F23E500418C54 /* LibraryViewModelProtocol.swift */ = {isa = PBXFileReference; lastKnownFileType = sourcecode.swift; path = LibraryViewModelProtocol.swift; sourceTree = "<group>"; };
		03866511251F249300418C54 /* SettingsDataStoreProtocol.swift */ = {isa = PBXFileReference; lastKnownFileType = sourcecode.swift; path = SettingsDataStoreProtocol.swift; sourceTree = "<group>"; };
		03866532251F27A400418C54 /* SystemListingViewController.swift */ = {isa = PBXFileReference; lastKnownFileType = sourcecode.swift; path = SystemListingViewController.swift; sourceTree = "<group>"; };
		03866563251F289800418C54 /* NavigationBarAppearanceModel.swift */ = {isa = PBXFileReference; lastKnownFileType = sourcecode.swift; path = NavigationBarAppearanceModel.swift; sourceTree = "<group>"; };
		03866571251F28BA00418C54 /* DashboardInteractionController.swift */ = {isa = PBXFileReference; lastKnownFileType = sourcecode.swift; path = DashboardInteractionController.swift; sourceTree = "<group>"; };
		03866582251F298D00418C54 /* FilterViewController.swift */ = {isa = PBXFileReference; lastKnownFileType = sourcecode.swift; path = FilterViewController.swift; sourceTree = "<group>"; };
		0386658A251F299700418C54 /* SearchViewController.swift */ = {isa = PBXFileReference; lastKnownFileType = sourcecode.swift; path = SearchViewController.swift; sourceTree = "<group>"; };
		03866599251F2B9C00418C54 /* Icon.swift */ = {isa = PBXFileReference; lastKnownFileType = sourcecode.swift; path = Icon.swift; sourceTree = "<group>"; };
		038665A7251F2E2800418C54 /* UIImage+Extensions.swift */ = {isa = PBXFileReference; lastKnownFileType = sourcecode.swift; path = "UIImage+Extensions.swift"; sourceTree = "<group>"; };
		03CE2414251F3C7F00CE699A /* DashboardViewHeaderModelFactory.swift */ = {isa = PBXFileReference; lastKnownFileType = sourcecode.swift; path = DashboardViewHeaderModelFactory.swift; sourceTree = "<group>"; };
		03CE2422251F3D7400CE699A /* InboxViewFactory.swift */ = {isa = PBXFileReference; lastKnownFileType = sourcecode.swift; path = InboxViewFactory.swift; sourceTree = "<group>"; };
		03CE242A251F3EBE00CE699A /* TabBarItemFactoryProtocol.swift */ = {isa = PBXFileReference; lastKnownFileType = sourcecode.swift; path = TabBarItemFactoryProtocol.swift; sourceTree = "<group>"; };
		03CE2432251F3F4C00CE699A /* SettingsViewFactory.swift */ = {isa = PBXFileReference; lastKnownFileType = sourcecode.swift; path = SettingsViewFactory.swift; sourceTree = "<group>"; };
		03CE243A251F40DE00CE699A /* RootViewFactory.swift */ = {isa = PBXFileReference; lastKnownFileType = sourcecode.swift; path = RootViewFactory.swift; sourceTree = "<group>"; };
		03CE2442251F4E7E00CE699A /* DashboardTableViewDelegate.swift */ = {isa = PBXFileReference; lastKnownFileType = sourcecode.swift; path = DashboardTableViewDelegate.swift; sourceTree = "<group>"; };
		03CE244A251F4E8500CE699A /* DashboardTableViewDataSource.swift */ = {isa = PBXFileReference; lastKnownFileType = sourcecode.swift; path = DashboardTableViewDataSource.swift; sourceTree = "<group>"; };
		03CE2452251F4ED900CE699A /* DashboardSearchBarDelegate.swift */ = {isa = PBXFileReference; lastKnownFileType = sourcecode.swift; path = DashboardSearchBarDelegate.swift; sourceTree = "<group>"; };
		03CE247A251F4FCD00CE699A /* TableViewDelegate.swift */ = {isa = PBXFileReference; lastKnownFileType = sourcecode.swift; path = TableViewDelegate.swift; sourceTree = "<group>"; };
		03CE2483251F555A00CE699A /* SearchBarDelegate.swift */ = {isa = PBXFileReference; lastKnownFileType = sourcecode.swift; path = SearchBarDelegate.swift; sourceTree = "<group>"; };
		03CE2493251F591600CE699A /* TableViewSectionHeaderView.swift */ = {isa = PBXFileReference; lastKnownFileType = sourcecode.swift; path = TableViewSectionHeaderView.swift; sourceTree = "<group>"; };
		03CE249B251F597E00CE699A /* TableViewSectionHeaderViewFactory.swift */ = {isa = PBXFileReference; lastKnownFileType = sourcecode.swift; path = TableViewSectionHeaderViewFactory.swift; sourceTree = "<group>"; };
		03CE24A4251F59B800CE699A /* SectionHeaderDisclosureButton.swift */ = {isa = PBXFileReference; lastKnownFileType = sourcecode.swift; path = SectionHeaderDisclosureButton.swift; sourceTree = "<group>"; };
		03CE24AC251F5E6C00CE699A /* EventTableViewCell.swift */ = {isa = PBXFileReference; lastKnownFileType = sourcecode.swift; path = EventTableViewCell.swift; sourceTree = "<group>"; };
		03CE24B4251F5F2500CE699A /* DashboardViewCellModelFactory.swift */ = {isa = PBXFileReference; lastKnownFileType = sourcecode.swift; path = DashboardViewCellModelFactory.swift; sourceTree = "<group>"; };
		03CE24C8251F5FB400CE699A /* TableViewCellModel.swift */ = {isa = PBXFileReference; lastKnownFileType = sourcecode.swift; path = TableViewCellModel.swift; sourceTree = "<group>"; };
		03CE24DC251F60E000CE699A /* Array+Extensions.swift */ = {isa = PBXFileReference; lastKnownFileType = sourcecode.swift; path = "Array+Extensions.swift"; sourceTree = "<group>"; };
		03CE24F3251F625400CE699A /* CenterCoreDataModel.swift */ = {isa = PBXFileReference; lastKnownFileType = sourcecode.swift; path = CenterCoreDataModel.swift; sourceTree = "<group>"; };
		03CE2509251F637500CE699A /* CoreDataManager.swift */ = {isa = PBXFileReference; lastKnownFileType = sourcecode.swift; path = CoreDataManager.swift; sourceTree = "<group>"; };
		03CE2517251F66C400CE699A /* Event.swift */ = {isa = PBXFileReference; lastKnownFileType = sourcecode.swift; path = Event.swift; sourceTree = "<group>"; };
		03CE251F251F67E100CE699A /* Condition.swift */ = {isa = PBXFileReference; lastKnownFileType = sourcecode.swift; path = Condition.swift; sourceTree = "<group>"; };
		03CE252D251F67EB00CE699A /* System.swift */ = {isa = PBXFileReference; lastKnownFileType = sourcecode.swift; path = System.swift; sourceTree = "<group>"; };
		03CE2535251F67F100CE699A /* Conversion.swift */ = {isa = PBXFileReference; lastKnownFileType = sourcecode.swift; path = Conversion.swift; sourceTree = "<group>"; };
		03CE253D251F67F700CE699A /* Dimension.swift */ = {isa = PBXFileReference; lastKnownFileType = sourcecode.swift; path = Dimension.swift; sourceTree = "<group>"; };
		03CE2545251F67FF00CE699A /* Flow.swift */ = {isa = PBXFileReference; lastKnownFileType = sourcecode.swift; path = Flow.swift; sourceTree = "<group>"; };
		03CE254D251F680400CE699A /* History.swift */ = {isa = PBXFileReference; lastKnownFileType = sourcecode.swift; path = History.swift; sourceTree = "<group>"; };
		03CE2555251F680A00CE699A /* ImageNoteBlock.swift */ = {isa = PBXFileReference; lastKnownFileType = sourcecode.swift; path = ImageNoteBlock.swift; sourceTree = "<group>"; };
		03CE255D251F680E00CE699A /* Link.swift */ = {isa = PBXFileReference; lastKnownFileType = sourcecode.swift; path = Link.swift; sourceTree = "<group>"; };
		03CE2565251F681400CE699A /* TextNoteBlock.swift */ = {isa = PBXFileReference; lastKnownFileType = sourcecode.swift; path = TextNoteBlock.swift; sourceTree = "<group>"; };
		03CE256D251F681B00CE699A /* TextColor.swift */ = {isa = PBXFileReference; lastKnownFileType = sourcecode.swift; path = TextColor.swift; sourceTree = "<group>"; };
		03CE2575251F682100CE699A /* NoteLink.swift */ = {isa = PBXFileReference; lastKnownFileType = sourcecode.swift; path = NoteLink.swift; sourceTree = "<group>"; };
		03CE257D251F682800CE699A /* NoteStyle.swift */ = {isa = PBXFileReference; lastKnownFileType = sourcecode.swift; path = NoteStyle.swift; sourceTree = "<group>"; };
		03CE2585251F682D00CE699A /* Process.swift */ = {isa = PBXFileReference; lastKnownFileType = sourcecode.swift; path = Process.swift; sourceTree = "<group>"; };
		03CE258D251F683100CE699A /* Setting.swift */ = {isa = PBXFileReference; lastKnownFileType = sourcecode.swift; path = Setting.swift; sourceTree = "<group>"; };
		03CE2595251F683500CE699A /* Stock.swift */ = {isa = PBXFileReference; lastKnownFileType = sourcecode.swift; path = Stock.swift; sourceTree = "<group>"; };
		03CE259D251F683A00CE699A /* StockState.swift */ = {isa = PBXFileReference; lastKnownFileType = sourcecode.swift; path = StockState.swift; sourceTree = "<group>"; };
		03CE25A5251F683E00CE699A /* Symbol.swift */ = {isa = PBXFileReference; lastKnownFileType = sourcecode.swift; path = Symbol.swift; sourceTree = "<group>"; };
		03CE25AD251F684700CE699A /* TableNoteBlock.swift */ = {isa = PBXFileReference; lastKnownFileType = sourcecode.swift; path = TableNoteBlock.swift; sourceTree = "<group>"; };
		03CE25B5251F684B00CE699A /* Note.swift */ = {isa = PBXFileReference; lastKnownFileType = sourcecode.swift; path = Note.swift; sourceTree = "<group>"; };
		03CE25BD251F685000CE699A /* Unit.swift */ = {isa = PBXFileReference; lastKnownFileType = sourcecode.swift; path = Unit.swift; sourceTree = "<group>"; };
		03CE25C5251F686200CE699A /* NoteBlock.swift */ = {isa = PBXFileReference; lastKnownFileType = sourcecode.swift; path = NoteBlock.swift; sourceTree = "<group>"; };
		03CE25EB251F743000CE699A /* Object.swift */ = {isa = PBXFileReference; lastKnownFileType = sourcecode.swift; path = Object.swift; sourceTree = "<group>"; };
		03CE2675251F813800CE699A /* EntityConstructionProtocol.swift */ = {isa = PBXFileReference; lastKnownFileType = sourcecode.swift; path = EntityConstructionProtocol.swift; sourceTree = "<group>"; };
		03CE268F251F9FB600CE699A /* DashboardEnvironment.swift */ = {isa = PBXFileReference; lastKnownFileType = sourcecode.swift; path = DashboardEnvironment.swift; sourceTree = "<group>"; };
		03CE2697251FA19900CE699A /* RootEnvironment.swift */ = {isa = PBXFileReference; lastKnownFileType = sourcecode.swift; path = RootEnvironment.swift; sourceTree = "<group>"; };
/* End PBXFileReference section */

/* Begin PBXFrameworksBuildPhase section */
		0303E391251DBFC10060BCB5 /* Frameworks */ = {
			isa = PBXFrameworksBuildPhase;
			buildActionMask = 2147483647;
			files = (
			);
			runOnlyForDeploymentPostprocessing = 0;
		};
		0303E399251DBFC10060BCB5 /* Frameworks */ = {
			isa = PBXFrameworksBuildPhase;
			buildActionMask = 2147483647;
			files = (
				0303E39D251DBFC10060BCB5 /* Architecture.framework in Frameworks */,
			);
			runOnlyForDeploymentPostprocessing = 0;
		};
		0303E3B8251DBFD00060BCB5 /* Frameworks */ = {
			isa = PBXFrameworksBuildPhase;
			buildActionMask = 2147483647;
			files = (
			);
			runOnlyForDeploymentPostprocessing = 0;
		};
		0303E3C0251DBFD00060BCB5 /* Frameworks */ = {
			isa = PBXFrameworksBuildPhase;
			buildActionMask = 2147483647;
			files = (
				0303E3C4251DBFD00060BCB5 /* Utility.framework in Frameworks */,
			);
			runOnlyForDeploymentPostprocessing = 0;
		};
		038157A1251CCA2500D60752 /* Frameworks */ = {
			isa = PBXFrameworksBuildPhase;
			buildActionMask = 2147483647;
			files = (
				0303E3A9251DBFC10060BCB5 /* Architecture.framework in Frameworks */,
				0303E3D0251DBFD00060BCB5 /* Utility.framework in Frameworks */,
			);
			runOnlyForDeploymentPostprocessing = 0;
		};
		038157B7251CCA2600D60752 /* Frameworks */ = {
			isa = PBXFrameworksBuildPhase;
			buildActionMask = 2147483647;
			files = (
			);
			runOnlyForDeploymentPostprocessing = 0;
		};
		038157C2251CCA2600D60752 /* Frameworks */ = {
			isa = PBXFrameworksBuildPhase;
			buildActionMask = 2147483647;
			files = (
			);
			runOnlyForDeploymentPostprocessing = 0;
		};
/* End PBXFrameworksBuildPhase section */

/* Begin PBXGroup section */
		0303E395251DBFC10060BCB5 /* Architecture */ = {
			isa = PBXGroup;
			children = (
				0303E396251DBFC10060BCB5 /* Architecture.h */,
				0303E397251DBFC10060BCB5 /* Info.plist */,
				0303E42E251DC4230060BCB5 /* CollectionView.swift */,
				0303E43E251DC4950060BCB5 /* CollectionViewCell.swift */,
				03866599251F2B9C00418C54 /* Icon.swift */,
				0303E410251DC2110060BCB5 /* NavigationController.swift */,
				0303E400251DC2010060BCB5 /* View.swift */,
				0303E3F8251DC1F80060BCB5 /* ViewController.swift */,
				03CE2482251F554B00CE699A /* Search Bar */,
				03CE2467251F4FB700CE699A /* Tab Bar */,
				03632760251F306E0088681D /* Table View */,
				03866598251F2B6800418C54 /* Utility */,
			);
			path = Architecture;
			sourceTree = "<group>";
		};
		0303E3A2251DBFC10060BCB5 /* ArchitectureTests */ = {
			isa = PBXGroup;
			children = (
				0303E3A3251DBFC10060BCB5 /* ArchitectureTests.swift */,
				0303E3A5251DBFC10060BCB5 /* Info.plist */,
			);
			path = ArchitectureTests;
			sourceTree = "<group>";
		};
		0303E3BC251DBFD00060BCB5 /* Utility */ = {
			isa = PBXGroup;
			children = (
				0303E3BD251DBFD00060BCB5 /* Utility.h */,
				0303E3BE251DBFD00060BCB5 /* Info.plist */,
			);
			path = Utility;
			sourceTree = "<group>";
		};
		0303E3C9251DBFD00060BCB5 /* UtilityTests */ = {
			isa = PBXGroup;
			children = (
				0303E3CA251DBFD00060BCB5 /* UtilityTests.swift */,
				0303E3CC251DBFD00060BCB5 /* Info.plist */,
			);
			path = UtilityTests;
			sourceTree = "<group>";
		};
		0303E446251DC7070060BCB5 /* View Hierarchy */ = {
			isa = PBXGroup;
			children = (
				03866528251F274000418C54 /* Info */,
				0386657F251F295E00418C54 /* Search */,
				03866530251F278100418C54 /* Stock */,
				0386652F251F277400418C54 /* System */,
				03866520251F272C00418C54 /* Tab Bar */,
			);
			path = "View Hierarchy";
			sourceTree = "<group>";
		};
		03185011251E3058002DE065 /* Dashboard */ = {
			isa = PBXGroup;
			children = (
				03185009251E302A002DE065 /* DashboardViewController.swift */,
				03185018251E30D6002DE065 /* DashboardViewFactory.swift */,
				03CE245A251F4EE100CE699A /* Table View */,
				03CE2452251F4ED900CE699A /* DashboardSearchBarDelegate.swift */,
				03866451251E358D00418C54 /* DashboardViewModel.swift */,
				0386645F251E35CF00418C54 /* DashboardView.swift */,
				03866571251F28BA00418C54 /* DashboardInteractionController.swift */,
				03CE268F251F9FB600CE699A /* DashboardEnvironment.swift */,
			);
			path = Dashboard;
			sourceTree = "<group>";
		};
		03185020251E33B4002DE065 /* Library */ = {
			isa = PBXGroup;
			children = (
				0318502B251E33F5002DE065 /* LibraryViewController.swift */,
				0318503E251E34B4002DE065 /* LibraryViewFactory.swift */,
				03866503251F23E500418C54 /* LibraryViewModelProtocol.swift */,
				03866531251F279500418C54 /* Child View Controllers */,
			);
			path = Library;
			sourceTree = "<group>";
		};
		03185021251E33BA002DE065 /* Inbox */ = {
			isa = PBXGroup;
			children = (
				03185023251E33D4002DE065 /* InboxViewController.swift */,
				03CE2422251F3D7400CE699A /* InboxViewFactory.swift */,
			);
			path = Inbox;
			sourceTree = "<group>";
		};
		03185022251E33BE002DE065 /* Settings */ = {
			isa = PBXGroup;
			children = (
				03185033251E3401002DE065 /* SettingsViewController.swift */,
				03CE2432251F3F4C00CE699A /* SettingsViewFactory.swift */,
			);
			path = Settings;
			sourceTree = "<group>";
		};
		03632760251F306E0088681D /* Table View */ = {
			isa = PBXGroup;
			children = (
				0303E408251DC2080060BCB5 /* TableView.swift */,
				0303E436251DC4610060BCB5 /* TableViewCell.swift */,
				0386646D251E36DA00418C54 /* TableViewDataSource.swift */,
				03CE247A251F4FCD00CE699A /* TableViewDelegate.swift */,
				03632738251F2FD80088681D /* TableViewHeaderModel.swift */,
				03CE24C8251F5FB400CE699A /* TableViewCellModel.swift */,
			);
			path = "Table View";
			sourceTree = "<group>";
		};
		0381579B251CCA2500D60752 = {
			isa = PBXGroup;
			children = (
				038664E5251F1FE100418C54 /* StyleGuide.md */,
				038157EC251D0A1F00D60752 /* ArchitectureNotes.md */,
				038157A6251CCA2500D60752 /* Center */,
				038157BD251CCA2600D60752 /* CenterTests */,
				038157C8251CCA2600D60752 /* CenterUITests */,
				0303E395251DBFC10060BCB5 /* Architecture */,
				0303E3A2251DBFC10060BCB5 /* ArchitectureTests */,
				0303E3BC251DBFD00060BCB5 /* Utility */,
				0303E3C9251DBFD00060BCB5 /* UtilityTests */,
				038157A5251CCA2500D60752 /* Products */,
			);
			sourceTree = "<group>";
		};
		038157A5251CCA2500D60752 /* Products */ = {
			isa = PBXGroup;
			children = (
				038157A4251CCA2500D60752 /* Center.app */,
				038157BA251CCA2600D60752 /* CenterTests.xctest */,
				038157C5251CCA2600D60752 /* CenterUITests.xctest */,
				0303E394251DBFC10060BCB5 /* Architecture.framework */,
				0303E39C251DBFC10060BCB5 /* ArchitectureTests.xctest */,
				0303E3BB251DBFD00060BCB5 /* Utility.framework */,
				0303E3C3251DBFD00060BCB5 /* UtilityTests.xctest */,
			);
			name = Products;
			sourceTree = "<group>";
		};
		038157A6251CCA2500D60752 /* Center */ = {
			isa = PBXGroup;
			children = (
				038157B5251CCA2600D60752 /* Info.plist */,
				0303E44E251DC7CD0060BCB5 /* LaunchScreen.storyboard */,
				0303E37F251DBE360060BCB5 /* AppDelegate.swift */,
				0303E38A251DBEDF0060BCB5 /* SceneDelegate.swift */,
				038157AB251CCA2600D60752 /* Assets.xcassets */,
				03866475251E3AEC00418C54 /* Data Store */,
				0303E446251DC7070060BCB5 /* View Hierarchy */,
				03866561251F288500418C54 /* Views */,
			);
			path = Center;
			sourceTree = "<group>";
		};
		038157BD251CCA2600D60752 /* CenterTests */ = {
			isa = PBXGroup;
			children = (
				038157BE251CCA2600D60752 /* CenterTests.swift */,
				038157C0251CCA2600D60752 /* Info.plist */,
			);
			path = CenterTests;
			sourceTree = "<group>";
		};
		038157C8251CCA2600D60752 /* CenterUITests */ = {
			isa = PBXGroup;
			children = (
				038157C9251CCA2600D60752 /* CenterUITests.swift */,
				038157CB251CCA2600D60752 /* Info.plist */,
			);
			path = CenterUITests;
			sourceTree = "<group>";
		};
		03866475251E3AEC00418C54 /* Data Store */ = {
			isa = PBXGroup;
			children = (
				03866476251E3AF900418C54 /* ObjectDataStoreProtocol.swift */,
				03866511251F249300418C54 /* SettingsDataStoreProtocol.swift */,
				03866553251F285A00418C54 /* Concrete Data Stores */,
				03866486251F0F8700418C54 /* Object Protocols */,
			);
			path = "Data Store";
			sourceTree = "<group>";
		};
		03866486251F0F8700418C54 /* Object Protocols */ = {
			isa = PBXGroup;
			children = (
				0386647E251F0F8400418C54 /* SystemProtocol.swift */,
				0386648D251F0FAF00418C54 /* FlowProtocol.swift */,
				03866495251F0FC000418C54 /* StockProtocol.swift */,
				0386649D251F0FF300418C54 /* EventProtocol.swift */,
				038664A5251F102100418C54 /* ObjectProtocol.swift */,
				038664AD251F14A800418C54 /* NoteProtocol.swift */,
				038664C5251F1B0200418C54 /* NoteBlockProtocol.swift */,
				038664B5251F189E00418C54 /* SymbolProtocol.swift */,
				038664BD251F19F700418C54 /* ConditionProtocol.swift */,
				038664CD251F1BC000418C54 /* ConversionProtocol.swift */,
				038664D5251F1C5C00418C54 /* DimensionProtocol.swift */,
				038664DD251F1D6300418C54 /* UnitProtocol.swift */,
			);
			path = "Object Protocols";
			sourceTree = "<group>";
		};
		03866520251F272C00418C54 /* Tab Bar */ = {
			isa = PBXGroup;
			children = (
				0303E374251DBDD00060BCB5 /* RootViewController.swift */,
				03CE243A251F40DE00CE699A /* RootViewFactory.swift */,
				03CE2697251FA19900CE699A /* RootEnvironment.swift */,
				03866521251F273700418C54 /* Child View Controllers */,
			);
			path = "Tab Bar";
			sourceTree = "<group>";
		};
		03866521251F273700418C54 /* Child View Controllers */ = {
			isa = PBXGroup;
			children = (
				03185011251E3058002DE065 /* Dashboard */,
				03185021251E33BA002DE065 /* Inbox */,
				03185020251E33B4002DE065 /* Library */,
				03185022251E33BE002DE065 /* Settings */,
			);
			path = "Child View Controllers";
			sourceTree = "<group>";
		};
		03866528251F274000418C54 /* Info */ = {
			isa = PBXGroup;
			children = (
			);
			path = Info;
			sourceTree = "<group>";
		};
		0386652F251F277400418C54 /* System */ = {
			isa = PBXGroup;
			children = (
			);
			path = System;
			sourceTree = "<group>";
		};
		03866530251F278100418C54 /* Stock */ = {
			isa = PBXGroup;
			children = (
			);
			path = Stock;
			sourceTree = "<group>";
		};
		03866531251F279500418C54 /* Child View Controllers */ = {
			isa = PBXGroup;
			children = (
				0386654A251F27C800418C54 /* Conversion Listing */,
				0386654B251F27CD00418C54 /* Dimension Listing */,
				03866549251F27C200418C54 /* Event Listing */,
				03866548251F27BD00418C54 /* Flow Listing */,
				0386654D251F27D800418C54 /* Note Listing */,
				0386654E251F27DE00418C54 /* Process Listing */,
				03866547251F27B800418C54 /* Stock Listing */,
				0386654C251F27D300418C54 /* Symbol Listing */,
				03866540251F27A900418C54 /* System Listing */,
			);
			path = "Child View Controllers";
			sourceTree = "<group>";
		};
		03866540251F27A900418C54 /* System Listing */ = {
			isa = PBXGroup;
			children = (
				03866532251F27A400418C54 /* SystemListingViewController.swift */,
			);
			path = "System Listing";
			sourceTree = "<group>";
		};
		03866547251F27B800418C54 /* Stock Listing */ = {
			isa = PBXGroup;
			children = (
			);
			path = "Stock Listing";
			sourceTree = "<group>";
		};
		03866548251F27BD00418C54 /* Flow Listing */ = {
			isa = PBXGroup;
			children = (
			);
			path = "Flow Listing";
			sourceTree = "<group>";
		};
		03866549251F27C200418C54 /* Event Listing */ = {
			isa = PBXGroup;
			children = (
			);
			path = "Event Listing";
			sourceTree = "<group>";
		};
		0386654A251F27C800418C54 /* Conversion Listing */ = {
			isa = PBXGroup;
			children = (
			);
			path = "Conversion Listing";
			sourceTree = "<group>";
		};
		0386654B251F27CD00418C54 /* Dimension Listing */ = {
			isa = PBXGroup;
			children = (
			);
			path = "Dimension Listing";
			sourceTree = "<group>";
		};
		0386654C251F27D300418C54 /* Symbol Listing */ = {
			isa = PBXGroup;
			children = (
			);
			path = "Symbol Listing";
			sourceTree = "<group>";
		};
		0386654D251F27D800418C54 /* Note Listing */ = {
			isa = PBXGroup;
			children = (
			);
			path = "Note Listing";
			sourceTree = "<group>";
		};
		0386654E251F27DE00418C54 /* Process Listing */ = {
			isa = PBXGroup;
			children = (
			);
			path = "Process Listing";
			sourceTree = "<group>";
		};
		0386654F251F280400418C54 /* Core Data Store */ = {
			isa = PBXGroup;
			children = (
				03CE24F3251F625400CE699A /* CenterCoreDataModel.swift */,
				03CE2509251F637500CE699A /* CoreDataManager.swift */,
				03CE2675251F813800CE699A /* EntityConstructionProtocol.swift */,
				03CE24F2251F61F700CE699A /* Entities */,
			);
			path = "Core Data Store";
			sourceTree = "<group>";
		};
		03866550251F282F00418C54 /* Ubiquitous Key Value Data Store */ = {
			isa = PBXGroup;
			children = (
			);
			path = "Ubiquitous Key Value Data Store";
			sourceTree = "<group>";
		};
		03866551251F283C00418C54 /* User Defaults Data Store */ = {
			isa = PBXGroup;
			children = (
			);
			path = "User Defaults Data Store";
			sourceTree = "<group>";
		};
		03866552251F284900418C54 /* Bundle Data Store */ = {
			isa = PBXGroup;
			children = (
			);
			path = "Bundle Data Store";
			sourceTree = "<group>";
		};
		03866553251F285A00418C54 /* Concrete Data Stores */ = {
			isa = PBXGroup;
			children = (
				03866552251F284900418C54 /* Bundle Data Store */,
				03866551251F283C00418C54 /* User Defaults Data Store */,
				03866550251F282F00418C54 /* Ubiquitous Key Value Data Store */,
				0386654F251F280400418C54 /* Core Data Store */,
			);
			path = "Concrete Data Stores";
			sourceTree = "<group>";
		};
		03866561251F288500418C54 /* Views */ = {
			isa = PBXGroup;
			children = (
				03CE24A3251F599C00CE699A /* Disclosure Button */,
				03CE2492251F58FB00CE699A /* Table View Section Header */,
				03866562251F288900418C54 /* Navigation Bar */,
				03CE24AC251F5E6C00CE699A /* EventTableViewCell.swift */,
			);
			path = Views;
			sourceTree = "<group>";
		};
		03866562251F288900418C54 /* Navigation Bar */ = {
			isa = PBXGroup;
			children = (
				03866563251F289800418C54 /* NavigationBarAppearanceModel.swift */,
			);
			path = "Navigation Bar";
			sourceTree = "<group>";
		};
		0386657F251F295E00418C54 /* Search */ = {
			isa = PBXGroup;
			children = (
				03866580251F297600418C54 /* Child View Controllers */,
				0386658A251F299700418C54 /* SearchViewController.swift */,
			);
			path = Search;
			sourceTree = "<group>";
		};
		03866580251F297600418C54 /* Child View Controllers */ = {
			isa = PBXGroup;
			children = (
				03866581251F297D00418C54 /* Filter */,
			);
			path = "Child View Controllers";
			sourceTree = "<group>";
		};
		03866581251F297D00418C54 /* Filter */ = {
			isa = PBXGroup;
			children = (
				03866582251F298D00418C54 /* FilterViewController.swift */,
			);
			path = Filter;
			sourceTree = "<group>";
		};
		03866598251F2B6800418C54 /* Utility */ = {
			isa = PBXGroup;
			children = (
				038665AF251F2E2B00418C54 /* Extensions */,
			);
			path = Utility;
			sourceTree = "<group>";
		};
		038665AF251F2E2B00418C54 /* Extensions */ = {
			isa = PBXGroup;
			children = (
				038665B0251F2E3500418C54 /* UIKit */,
				03CE24DC251F60E000CE699A /* Array+Extensions.swift */,
			);
			path = Extensions;
			sourceTree = "<group>";
		};
		038665B0251F2E3500418C54 /* UIKit */ = {
			isa = PBXGroup;
			children = (
				038665A7251F2E2800418C54 /* UIImage+Extensions.swift */,
			);
			path = UIKit;
			sourceTree = "<group>";
		};
		03CE245A251F4EE100CE699A /* Table View */ = {
			isa = PBXGroup;
			children = (
				03CE2442251F4E7E00CE699A /* DashboardTableViewDelegate.swift */,
				03CE244A251F4E8500CE699A /* DashboardTableViewDataSource.swift */,
				03CE2414251F3C7F00CE699A /* DashboardViewHeaderModelFactory.swift */,
				03CE24B4251F5F2500CE699A /* DashboardViewCellModelFactory.swift */,
			);
			path = "Table View";
			sourceTree = "<group>";
		};
		03CE2467251F4FB700CE699A /* Tab Bar */ = {
			isa = PBXGroup;
			children = (
				03CE242A251F3EBE00CE699A /* TabBarItemFactoryProtocol.swift */,
				0303E426251DC3F60060BCB5 /* TabBar.swift */,
				034DA0F9251DC9C100ABDC6E /* TabBarController.swift */,
			);
			path = "Tab Bar";
			sourceTree = "<group>";
		};
		03CE2482251F554B00CE699A /* Search Bar */ = {
			isa = PBXGroup;
			children = (
				03CE2483251F555A00CE699A /* SearchBarDelegate.swift */,
			);
			path = "Search Bar";
			sourceTree = "<group>";
		};
		03CE2492251F58FB00CE699A /* Table View Section Header */ = {
			isa = PBXGroup;
			children = (
				03CE2493251F591600CE699A /* TableViewSectionHeaderView.swift */,
				03CE249B251F597E00CE699A /* TableViewSectionHeaderViewFactory.swift */,
			);
			path = "Table View Section Header";
			sourceTree = "<group>";
		};
		03CE24A3251F599C00CE699A /* Disclosure Button */ = {
			isa = PBXGroup;
			children = (
				03CE24A4251F59B800CE699A /* SectionHeaderDisclosureButton.swift */,
			);
			path = "Disclosure Button";
			sourceTree = "<group>";
		};
		03CE24F2251F61F700CE699A /* Entities */ = {
			isa = PBXGroup;
			children = (
				03CE2517251F66C400CE699A /* Event.swift */,
				03CE251F251F67E100CE699A /* Condition.swift */,
				03CE252D251F67EB00CE699A /* System.swift */,
				03CE2535251F67F100CE699A /* Conversion.swift */,
				03CE253D251F67F700CE699A /* Dimension.swift */,
				03CE2545251F67FF00CE699A /* Flow.swift */,
				03CE254D251F680400CE699A /* History.swift */,
				03CE2555251F680A00CE699A /* ImageNoteBlock.swift */,
				03CE255D251F680E00CE699A /* Link.swift */,
				03CE2565251F681400CE699A /* TextNoteBlock.swift */,
				03CE256D251F681B00CE699A /* TextColor.swift */,
				03CE2575251F682100CE699A /* NoteLink.swift */,
				03CE257D251F682800CE699A /* NoteStyle.swift */,
				03CE2585251F682D00CE699A /* Process.swift */,
				03CE258D251F683100CE699A /* Setting.swift */,
				03CE2595251F683500CE699A /* Stock.swift */,
				03CE259D251F683A00CE699A /* StockState.swift */,
				03CE25A5251F683E00CE699A /* Symbol.swift */,
				03CE25AD251F684700CE699A /* TableNoteBlock.swift */,
				03CE25B5251F684B00CE699A /* Note.swift */,
				03CE25BD251F685000CE699A /* Unit.swift */,
				03CE25C5251F686200CE699A /* NoteBlock.swift */,
				03CE25EB251F743000CE699A /* Object.swift */,
			);
			path = Entities;
			sourceTree = "<group>";
		};
/* End PBXGroup section */

/* Begin PBXHeadersBuildPhase section */
		0303E38F251DBFC10060BCB5 /* Headers */ = {
			isa = PBXHeadersBuildPhase;
			buildActionMask = 2147483647;
			files = (
				0303E3A6251DBFC10060BCB5 /* Architecture.h in Headers */,
			);
			runOnlyForDeploymentPostprocessing = 0;
		};
		0303E3B6251DBFD00060BCB5 /* Headers */ = {
			isa = PBXHeadersBuildPhase;
			buildActionMask = 2147483647;
			files = (
				0303E3CD251DBFD00060BCB5 /* Utility.h in Headers */,
			);
			runOnlyForDeploymentPostprocessing = 0;
		};
/* End PBXHeadersBuildPhase section */

/* Begin PBXNativeTarget section */
		0303E393251DBFC10060BCB5 /* Architecture */ = {
			isa = PBXNativeTarget;
			buildConfigurationList = 0303E3AB251DBFC10060BCB5 /* Build configuration list for PBXNativeTarget "Architecture" */;
			buildPhases = (
				0303E38F251DBFC10060BCB5 /* Headers */,
				0303E390251DBFC10060BCB5 /* Sources */,
				0303E391251DBFC10060BCB5 /* Frameworks */,
				0303E392251DBFC10060BCB5 /* Resources */,
			);
			buildRules = (
			);
			dependencies = (
			);
			name = Architecture;
			productName = Architecture;
			productReference = 0303E394251DBFC10060BCB5 /* Architecture.framework */;
			productType = "com.apple.product-type.framework";
		};
		0303E39B251DBFC10060BCB5 /* ArchitectureTests */ = {
			isa = PBXNativeTarget;
			buildConfigurationList = 0303E3AF251DBFC10060BCB5 /* Build configuration list for PBXNativeTarget "ArchitectureTests" */;
			buildPhases = (
				0303E398251DBFC10060BCB5 /* Sources */,
				0303E399251DBFC10060BCB5 /* Frameworks */,
				0303E39A251DBFC10060BCB5 /* Resources */,
			);
			buildRules = (
			);
			dependencies = (
				0303E39F251DBFC10060BCB5 /* PBXTargetDependency */,
				0303E3A1251DBFC10060BCB5 /* PBXTargetDependency */,
			);
			name = ArchitectureTests;
			productName = ArchitectureTests;
			productReference = 0303E39C251DBFC10060BCB5 /* ArchitectureTests.xctest */;
			productType = "com.apple.product-type.bundle.unit-test";
		};
		0303E3BA251DBFD00060BCB5 /* Utility */ = {
			isa = PBXNativeTarget;
			buildConfigurationList = 0303E3D2251DBFD00060BCB5 /* Build configuration list for PBXNativeTarget "Utility" */;
			buildPhases = (
				0303E3B6251DBFD00060BCB5 /* Headers */,
				0303E3B7251DBFD00060BCB5 /* Sources */,
				0303E3B8251DBFD00060BCB5 /* Frameworks */,
				0303E3B9251DBFD00060BCB5 /* Resources */,
			);
			buildRules = (
			);
			dependencies = (
			);
			name = Utility;
			productName = Utility;
			productReference = 0303E3BB251DBFD00060BCB5 /* Utility.framework */;
			productType = "com.apple.product-type.framework";
		};
		0303E3C2251DBFD00060BCB5 /* UtilityTests */ = {
			isa = PBXNativeTarget;
			buildConfigurationList = 0303E3D5251DBFD00060BCB5 /* Build configuration list for PBXNativeTarget "UtilityTests" */;
			buildPhases = (
				0303E3BF251DBFD00060BCB5 /* Sources */,
				0303E3C0251DBFD00060BCB5 /* Frameworks */,
				0303E3C1251DBFD00060BCB5 /* Resources */,
			);
			buildRules = (
			);
			dependencies = (
				0303E3C6251DBFD00060BCB5 /* PBXTargetDependency */,
				0303E3C8251DBFD00060BCB5 /* PBXTargetDependency */,
			);
			name = UtilityTests;
			productName = UtilityTests;
			productReference = 0303E3C3251DBFD00060BCB5 /* UtilityTests.xctest */;
			productType = "com.apple.product-type.bundle.unit-test";
		};
		038157A3251CCA2500D60752 /* Center */ = {
			isa = PBXNativeTarget;
			buildConfigurationList = 038157CE251CCA2600D60752 /* Build configuration list for PBXNativeTarget "Center" */;
			buildPhases = (
				038157A0251CCA2500D60752 /* Sources */,
				038157A1251CCA2500D60752 /* Frameworks */,
				038157A2251CCA2500D60752 /* Resources */,
				0303E3AE251DBFC10060BCB5 /* Embed Frameworks */,
			);
			buildRules = (
			);
			dependencies = (
				0303E3A8251DBFC10060BCB5 /* PBXTargetDependency */,
				0303E3CF251DBFD00060BCB5 /* PBXTargetDependency */,
			);
			name = Center;
			productName = Center;
			productReference = 038157A4251CCA2500D60752 /* Center.app */;
			productType = "com.apple.product-type.application";
		};
		038157B9251CCA2600D60752 /* CenterTests */ = {
			isa = PBXNativeTarget;
			buildConfigurationList = 038157D1251CCA2600D60752 /* Build configuration list for PBXNativeTarget "CenterTests" */;
			buildPhases = (
				038157B6251CCA2600D60752 /* Sources */,
				038157B7251CCA2600D60752 /* Frameworks */,
				038157B8251CCA2600D60752 /* Resources */,
			);
			buildRules = (
			);
			dependencies = (
				038157BC251CCA2600D60752 /* PBXTargetDependency */,
			);
			name = CenterTests;
			productName = CenterTests;
			productReference = 038157BA251CCA2600D60752 /* CenterTests.xctest */;
			productType = "com.apple.product-type.bundle.unit-test";
		};
		038157C4251CCA2600D60752 /* CenterUITests */ = {
			isa = PBXNativeTarget;
			buildConfigurationList = 038157D4251CCA2600D60752 /* Build configuration list for PBXNativeTarget "CenterUITests" */;
			buildPhases = (
				038157C1251CCA2600D60752 /* Sources */,
				038157C2251CCA2600D60752 /* Frameworks */,
				038157C3251CCA2600D60752 /* Resources */,
			);
			buildRules = (
			);
			dependencies = (
				038157C7251CCA2600D60752 /* PBXTargetDependency */,
			);
			name = CenterUITests;
			productName = CenterUITests;
			productReference = 038157C5251CCA2600D60752 /* CenterUITests.xctest */;
			productType = "com.apple.product-type.bundle.ui-testing";
		};
/* End PBXNativeTarget section */

/* Begin PBXProject section */
		0381579C251CCA2500D60752 /* Project object */ = {
			isa = PBXProject;
			attributes = {
				LastSwiftUpdateCheck = 1200;
				LastUpgradeCheck = 1200;
				TargetAttributes = {
					0303E393251DBFC10060BCB5 = {
						CreatedOnToolsVersion = 12.0;
						LastSwiftMigration = 1200;
					};
					0303E39B251DBFC10060BCB5 = {
						CreatedOnToolsVersion = 12.0;
						TestTargetID = 038157A3251CCA2500D60752;
					};
					0303E3BA251DBFD00060BCB5 = {
						CreatedOnToolsVersion = 12.0;
						LastSwiftMigration = 1200;
					};
					0303E3C2251DBFD00060BCB5 = {
						CreatedOnToolsVersion = 12.0;
						TestTargetID = 038157A3251CCA2500D60752;
					};
					038157A3251CCA2500D60752 = {
						CreatedOnToolsVersion = 12.0;
					};
					038157B9251CCA2600D60752 = {
						CreatedOnToolsVersion = 12.0;
						TestTargetID = 038157A3251CCA2500D60752;
					};
					038157C4251CCA2600D60752 = {
						CreatedOnToolsVersion = 12.0;
						TestTargetID = 038157A3251CCA2500D60752;
					};
				};
			};
			buildConfigurationList = 0381579F251CCA2500D60752 /* Build configuration list for PBXProject "Center" */;
			compatibilityVersion = "Xcode 9.3";
			developmentRegion = en;
			hasScannedForEncodings = 0;
			knownRegions = (
				en,
				Base,
			);
			mainGroup = 0381579B251CCA2500D60752;
			productRefGroup = 038157A5251CCA2500D60752 /* Products */;
			projectDirPath = "";
			projectRoot = "";
			targets = (
				038157A3251CCA2500D60752 /* Center */,
				038157B9251CCA2600D60752 /* CenterTests */,
				038157C4251CCA2600D60752 /* CenterUITests */,
				0303E393251DBFC10060BCB5 /* Architecture */,
				0303E39B251DBFC10060BCB5 /* ArchitectureTests */,
				0303E3BA251DBFD00060BCB5 /* Utility */,
				0303E3C2251DBFD00060BCB5 /* UtilityTests */,
			);
		};
/* End PBXProject section */

/* Begin PBXResourcesBuildPhase section */
		0303E392251DBFC10060BCB5 /* Resources */ = {
			isa = PBXResourcesBuildPhase;
			buildActionMask = 2147483647;
			files = (
			);
			runOnlyForDeploymentPostprocessing = 0;
		};
		0303E39A251DBFC10060BCB5 /* Resources */ = {
			isa = PBXResourcesBuildPhase;
			buildActionMask = 2147483647;
			files = (
			);
			runOnlyForDeploymentPostprocessing = 0;
		};
		0303E3B9251DBFD00060BCB5 /* Resources */ = {
			isa = PBXResourcesBuildPhase;
			buildActionMask = 2147483647;
			files = (
			);
			runOnlyForDeploymentPostprocessing = 0;
		};
		0303E3C1251DBFD00060BCB5 /* Resources */ = {
			isa = PBXResourcesBuildPhase;
			buildActionMask = 2147483647;
			files = (
			);
			runOnlyForDeploymentPostprocessing = 0;
		};
		038157A2251CCA2500D60752 /* Resources */ = {
			isa = PBXResourcesBuildPhase;
			buildActionMask = 2147483647;
			files = (
				038157ED251D0A1F00D60752 /* ArchitectureNotes.md in Resources */,
				0303E44F251DC7CD0060BCB5 /* LaunchScreen.storyboard in Resources */,
				038157AC251CCA2600D60752 /* Assets.xcassets in Resources */,
			);
			runOnlyForDeploymentPostprocessing = 0;
		};
		038157B8251CCA2600D60752 /* Resources */ = {
			isa = PBXResourcesBuildPhase;
			buildActionMask = 2147483647;
			files = (
			);
			runOnlyForDeploymentPostprocessing = 0;
		};
		038157C3251CCA2600D60752 /* Resources */ = {
			isa = PBXResourcesBuildPhase;
			buildActionMask = 2147483647;
			files = (
			);
			runOnlyForDeploymentPostprocessing = 0;
		};
/* End PBXResourcesBuildPhase section */

/* Begin PBXSourcesBuildPhase section */
		0303E390251DBFC10060BCB5 /* Sources */ = {
			isa = PBXSourcesBuildPhase;
			buildActionMask = 2147483647;
			files = (
				0303E42F251DC4230060BCB5 /* CollectionView.swift in Sources */,
				03CE24DD251F60E000CE699A /* Array+Extensions.swift in Sources */,
				0386646E251E36DA00418C54 /* TableViewDataSource.swift in Sources */,
				0303E401251DC2010060BCB5 /* View.swift in Sources */,
				03632739251F2FD80088681D /* TableViewHeaderModel.swift in Sources */,
				0303E43F251DC4950060BCB5 /* CollectionViewCell.swift in Sources */,
				03CE242B251F3EBE00CE699A /* TabBarItemFactoryProtocol.swift in Sources */,
				034DA0FA251DC9C100ABDC6E /* TabBarController.swift in Sources */,
				03632740251F30140088681D /* Icon.swift in Sources */,
				03CE2484251F555A00CE699A /* SearchBarDelegate.swift in Sources */,
				0303E411251DC2110060BCB5 /* NavigationController.swift in Sources */,
				0303E409251DC2080060BCB5 /* TableView.swift in Sources */,
				03CE247B251F4FCD00CE699A /* TableViewDelegate.swift in Sources */,
				0303E3F9251DC1F80060BCB5 /* ViewController.swift in Sources */,
				03CE24C9251F5FB400CE699A /* TableViewCellModel.swift in Sources */,
				03632753251F30510088681D /* UIImage+Extensions.swift in Sources */,
				0303E437251DC4610060BCB5 /* TableViewCell.swift in Sources */,
				0303E427251DC3F60060BCB5 /* TabBar.swift in Sources */,
			);
			runOnlyForDeploymentPostprocessing = 0;
		};
		0303E398251DBFC10060BCB5 /* Sources */ = {
			isa = PBXSourcesBuildPhase;
			buildActionMask = 2147483647;
			files = (
				0303E3A4251DBFC10060BCB5 /* ArchitectureTests.swift in Sources */,
			);
			runOnlyForDeploymentPostprocessing = 0;
		};
		0303E3B7251DBFD00060BCB5 /* Sources */ = {
			isa = PBXSourcesBuildPhase;
			buildActionMask = 2147483647;
			files = (
			);
			runOnlyForDeploymentPostprocessing = 0;
		};
		0303E3BF251DBFD00060BCB5 /* Sources */ = {
			isa = PBXSourcesBuildPhase;
			buildActionMask = 2147483647;
			files = (
				0303E3CB251DBFD00060BCB5 /* UtilityTests.swift in Sources */,
			);
			runOnlyForDeploymentPostprocessing = 0;
		};
		038157A0251CCA2500D60752 /* Sources */ = {
			isa = PBXSourcesBuildPhase;
			buildActionMask = 2147483647;
			files = (
				03185024251E33D4002DE065 /* InboxViewController.swift in Sources */,
				03CE2520251F67E100CE699A /* Condition.swift in Sources */,
				03185019251E30D6002DE065 /* DashboardViewFactory.swift in Sources */,
				03CE2443251F4E7E00CE699A /* DashboardTableViewDelegate.swift in Sources */,
				03CE255E251F680E00CE699A /* Link.swift in Sources */,
				0318502C251E33F5002DE065 /* LibraryViewController.swift in Sources */,
				03866452251E358D00418C54 /* DashboardViewModel.swift in Sources */,
				038664C6251F1B0200418C54 /* NoteBlockProtocol.swift in Sources */,
				03CE259E251F683A00CE699A /* StockState.swift in Sources */,
				03CE2494251F591600CE699A /* TableViewSectionHeaderView.swift in Sources */,
				0386649E251F0FF300418C54 /* EventProtocol.swift in Sources */,
				03CE25C6251F686200CE699A /* NoteBlock.swift in Sources */,
				038664A6251F102100418C54 /* ObjectProtocol.swift in Sources */,
				03CE2676251F813800CE699A /* EntityConstructionProtocol.swift in Sources */,
				03CE2586251F682D00CE699A /* Process.swift in Sources */,
				0303E380251DBE360060BCB5 /* AppDelegate.swift in Sources */,
				03CE2433251F3F4C00CE699A /* SettingsViewFactory.swift in Sources */,
				03CE24B5251F5F2500CE699A /* DashboardViewCellModelFactory.swift in Sources */,
				038664BE251F19F700418C54 /* ConditionProtocol.swift in Sources */,
				03CE244B251F4E8500CE699A /* DashboardTableViewDataSource.swift in Sources */,
				03CE249C251F597E00CE699A /* TableViewSectionHeaderViewFactory.swift in Sources */,
				03866564251F289800418C54 /* NavigationBarAppearanceModel.swift in Sources */,
				03CE250A251F637500CE699A /* CoreDataManager.swift in Sources */,
				03CE243B251F40DE00CE699A /* RootViewFactory.swift in Sources */,
				03866477251E3AF900418C54 /* ObjectDataStoreProtocol.swift in Sources */,
				03CE24A5251F59B800CE699A /* SectionHeaderDisclosureButton.swift in Sources */,
				03CE25AE251F684700CE699A /* TableNoteBlock.swift in Sources */,
				0386658B251F299700418C54 /* SearchViewController.swift in Sources */,
				03CE254E251F680400CE699A /* History.swift in Sources */,
				03CE253E251F67F700CE699A /* Dimension.swift in Sources */,
				03CE25B6251F684B00CE699A /* Note.swift in Sources */,
				038664CE251F1BC000418C54 /* ConversionProtocol.swift in Sources */,
				03CE25A6251F683E00CE699A /* Symbol.swift in Sources */,
				03866533251F27A400418C54 /* SystemListingViewController.swift in Sources */,
				03CE257E251F682800CE699A /* NoteStyle.swift in Sources */,
				03CE2566251F681400CE699A /* TextNoteBlock.swift in Sources */,
				03CE2576251F682100CE699A /* NoteLink.swift in Sources */,
				03CE2556251F680A00CE699A /* ImageNoteBlock.swift in Sources */,
				0386648E251F0FAF00418C54 /* FlowProtocol.swift in Sources */,
				03CE2423251F3D7400CE699A /* InboxViewFactory.swift in Sources */,
				03CE2518251F66C400CE699A /* Event.swift in Sources */,
				03866496251F0FC000418C54 /* StockProtocol.swift in Sources */,
				03CE252E251F67EB00CE699A /* System.swift in Sources */,
				03CE25EC251F743000CE699A /* Object.swift in Sources */,
				03CE2698251FA19900CE699A /* RootEnvironment.swift in Sources */,
				03866512251F249300418C54 /* SettingsDataStoreProtocol.swift in Sources */,
				03CE2536251F67F100CE699A /* Conversion.swift in Sources */,
				03CE2546251F67FF00CE699A /* Flow.swift in Sources */,
				03CE256E251F681B00CE699A /* TextColor.swift in Sources */,
				03CE2415251F3C7F00CE699A /* DashboardViewHeaderModelFactory.swift in Sources */,
				038664B6251F189E00418C54 /* SymbolProtocol.swift in Sources */,
				03866504251F23E600418C54 /* LibraryViewModelProtocol.swift in Sources */,
				038664D6251F1C5C00418C54 /* DimensionProtocol.swift in Sources */,
				038664DE251F1D6300418C54 /* UnitProtocol.swift in Sources */,
				0318500A251E302A002DE065 /* DashboardViewController.swift in Sources */,
				03CE24F4251F625400CE699A /* CenterCoreDataModel.swift in Sources */,
				038664AE251F14A800418C54 /* NoteProtocol.swift in Sources */,
				03CE2690251F9FB600CE699A /* DashboardEnvironment.swift in Sources */,
				0303E375251DBDD00060BCB5 /* RootViewController.swift in Sources */,
				03CE258E251F683100CE699A /* Setting.swift in Sources */,
				0303E38B251DBEDF0060BCB5 /* SceneDelegate.swift in Sources */,
				03866583251F298D00418C54 /* FilterViewController.swift in Sources */,
				03CE2453251F4ED900CE699A /* DashboardSearchBarDelegate.swift in Sources */,
				0386647F251F0F8400418C54 /* SystemProtocol.swift in Sources */,
				03866572251F28BA00418C54 /* DashboardInteractionController.swift in Sources */,
				03185034251E3401002DE065 /* SettingsViewController.swift in Sources */,
				03866460251E35CF00418C54 /* DashboardView.swift in Sources */,
				03CE24AD251F5E6C00CE699A /* EventTableViewCell.swift in Sources */,
				03CE2596251F683500CE699A /* Stock.swift in Sources */,
				03CE25BE251F685000CE699A /* Unit.swift in Sources */,
				0318503F251E34B4002DE065 /* LibraryViewFactory.swift in Sources */,
			);
			runOnlyForDeploymentPostprocessing = 0;
		};
		038157B6251CCA2600D60752 /* Sources */ = {
			isa = PBXSourcesBuildPhase;
			buildActionMask = 2147483647;
			files = (
				038157BF251CCA2600D60752 /* CenterTests.swift in Sources */,
			);
			runOnlyForDeploymentPostprocessing = 0;
		};
		038157C1251CCA2600D60752 /* Sources */ = {
			isa = PBXSourcesBuildPhase;
			buildActionMask = 2147483647;
			files = (
				038157CA251CCA2600D60752 /* CenterUITests.swift in Sources */,
			);
			runOnlyForDeploymentPostprocessing = 0;
		};
/* End PBXSourcesBuildPhase section */

/* Begin PBXTargetDependency section */
		0303E39F251DBFC10060BCB5 /* PBXTargetDependency */ = {
			isa = PBXTargetDependency;
			target = 0303E393251DBFC10060BCB5 /* Architecture */;
			targetProxy = 0303E39E251DBFC10060BCB5 /* PBXContainerItemProxy */;
		};
		0303E3A1251DBFC10060BCB5 /* PBXTargetDependency */ = {
			isa = PBXTargetDependency;
			target = 038157A3251CCA2500D60752 /* Center */;
			targetProxy = 0303E3A0251DBFC10060BCB5 /* PBXContainerItemProxy */;
		};
		0303E3A8251DBFC10060BCB5 /* PBXTargetDependency */ = {
			isa = PBXTargetDependency;
			target = 0303E393251DBFC10060BCB5 /* Architecture */;
			targetProxy = 0303E3A7251DBFC10060BCB5 /* PBXContainerItemProxy */;
		};
		0303E3C6251DBFD00060BCB5 /* PBXTargetDependency */ = {
			isa = PBXTargetDependency;
			target = 0303E3BA251DBFD00060BCB5 /* Utility */;
			targetProxy = 0303E3C5251DBFD00060BCB5 /* PBXContainerItemProxy */;
		};
		0303E3C8251DBFD00060BCB5 /* PBXTargetDependency */ = {
			isa = PBXTargetDependency;
			target = 038157A3251CCA2500D60752 /* Center */;
			targetProxy = 0303E3C7251DBFD00060BCB5 /* PBXContainerItemProxy */;
		};
		0303E3CF251DBFD00060BCB5 /* PBXTargetDependency */ = {
			isa = PBXTargetDependency;
			target = 0303E3BA251DBFD00060BCB5 /* Utility */;
			targetProxy = 0303E3CE251DBFD00060BCB5 /* PBXContainerItemProxy */;
		};
		038157BC251CCA2600D60752 /* PBXTargetDependency */ = {
			isa = PBXTargetDependency;
			target = 038157A3251CCA2500D60752 /* Center */;
			targetProxy = 038157BB251CCA2600D60752 /* PBXContainerItemProxy */;
		};
		038157C7251CCA2600D60752 /* PBXTargetDependency */ = {
			isa = PBXTargetDependency;
			target = 038157A3251CCA2500D60752 /* Center */;
			targetProxy = 038157C6251CCA2600D60752 /* PBXContainerItemProxy */;
		};
/* End PBXTargetDependency section */

/* Begin XCBuildConfiguration section */
		0303E3AC251DBFC10060BCB5 /* Debug */ = {
			isa = XCBuildConfiguration;
			buildSettings = {
				CLANG_ENABLE_MODULES = YES;
				CODE_SIGN_STYLE = Automatic;
				CURRENT_PROJECT_VERSION = 1;
				DEFINES_MODULE = YES;
				DEVELOPMENT_TEAM = 685257RUQP;
				DYLIB_COMPATIBILITY_VERSION = 1;
				DYLIB_CURRENT_VERSION = 1;
				DYLIB_INSTALL_NAME_BASE = "@rpath";
				INFOPLIST_FILE = Architecture/Info.plist;
				INSTALL_PATH = "$(LOCAL_LIBRARY_DIR)/Frameworks";
				LD_RUNPATH_SEARCH_PATHS = (
					"$(inherited)",
					"@executable_path/Frameworks",
					"@loader_path/Frameworks",
				);
				PRODUCT_BUNDLE_IDENTIFIER = joshgrant.me.Architecture;
				PRODUCT_NAME = "$(TARGET_NAME:c99extidentifier)";
				SKIP_INSTALL = YES;
				SWIFT_OPTIMIZATION_LEVEL = "-Onone";
				SWIFT_VERSION = 5.0;
				TARGETED_DEVICE_FAMILY = "1,2";
				VERSIONING_SYSTEM = "apple-generic";
				VERSION_INFO_PREFIX = "";
			};
			name = Debug;
		};
		0303E3AD251DBFC10060BCB5 /* Release */ = {
			isa = XCBuildConfiguration;
			buildSettings = {
				CLANG_ENABLE_MODULES = YES;
				CODE_SIGN_STYLE = Automatic;
				CURRENT_PROJECT_VERSION = 1;
				DEFINES_MODULE = YES;
				DEVELOPMENT_TEAM = 685257RUQP;
				DYLIB_COMPATIBILITY_VERSION = 1;
				DYLIB_CURRENT_VERSION = 1;
				DYLIB_INSTALL_NAME_BASE = "@rpath";
				INFOPLIST_FILE = Architecture/Info.plist;
				INSTALL_PATH = "$(LOCAL_LIBRARY_DIR)/Frameworks";
				LD_RUNPATH_SEARCH_PATHS = (
					"$(inherited)",
					"@executable_path/Frameworks",
					"@loader_path/Frameworks",
				);
				PRODUCT_BUNDLE_IDENTIFIER = joshgrant.me.Architecture;
				PRODUCT_NAME = "$(TARGET_NAME:c99extidentifier)";
				SKIP_INSTALL = YES;
				SWIFT_VERSION = 5.0;
				TARGETED_DEVICE_FAMILY = "1,2";
				VERSIONING_SYSTEM = "apple-generic";
				VERSION_INFO_PREFIX = "";
			};
			name = Release;
		};
		0303E3B0251DBFC10060BCB5 /* Debug */ = {
			isa = XCBuildConfiguration;
			buildSettings = {
				ALWAYS_EMBED_SWIFT_STANDARD_LIBRARIES = YES;
				CODE_SIGN_STYLE = Automatic;
				DEVELOPMENT_TEAM = 685257RUQP;
				INFOPLIST_FILE = ArchitectureTests/Info.plist;
				LD_RUNPATH_SEARCH_PATHS = (
					"$(inherited)",
					"@executable_path/Frameworks",
					"@loader_path/Frameworks",
				);
				PRODUCT_BUNDLE_IDENTIFIER = joshgrant.me.ArchitectureTests;
				PRODUCT_NAME = "$(TARGET_NAME)";
				SWIFT_VERSION = 5.0;
				TARGETED_DEVICE_FAMILY = "1,2";
				TEST_HOST = "$(BUILT_PRODUCTS_DIR)/Center.app/Center";
			};
			name = Debug;
		};
		0303E3B1251DBFC10060BCB5 /* Release */ = {
			isa = XCBuildConfiguration;
			buildSettings = {
				ALWAYS_EMBED_SWIFT_STANDARD_LIBRARIES = YES;
				CODE_SIGN_STYLE = Automatic;
				DEVELOPMENT_TEAM = 685257RUQP;
				INFOPLIST_FILE = ArchitectureTests/Info.plist;
				LD_RUNPATH_SEARCH_PATHS = (
					"$(inherited)",
					"@executable_path/Frameworks",
					"@loader_path/Frameworks",
				);
				PRODUCT_BUNDLE_IDENTIFIER = joshgrant.me.ArchitectureTests;
				PRODUCT_NAME = "$(TARGET_NAME)";
				SWIFT_VERSION = 5.0;
				TARGETED_DEVICE_FAMILY = "1,2";
				TEST_HOST = "$(BUILT_PRODUCTS_DIR)/Center.app/Center";
			};
			name = Release;
		};
		0303E3D3251DBFD00060BCB5 /* Debug */ = {
			isa = XCBuildConfiguration;
			buildSettings = {
				CLANG_ENABLE_MODULES = YES;
				CODE_SIGN_STYLE = Automatic;
				CURRENT_PROJECT_VERSION = 1;
				DEFINES_MODULE = YES;
				DEVELOPMENT_TEAM = 685257RUQP;
				DYLIB_COMPATIBILITY_VERSION = 1;
				DYLIB_CURRENT_VERSION = 1;
				DYLIB_INSTALL_NAME_BASE = "@rpath";
				INFOPLIST_FILE = Utility/Info.plist;
				INSTALL_PATH = "$(LOCAL_LIBRARY_DIR)/Frameworks";
				LD_RUNPATH_SEARCH_PATHS = (
					"$(inherited)",
					"@executable_path/Frameworks",
					"@loader_path/Frameworks",
				);
				PRODUCT_BUNDLE_IDENTIFIER = joshgrant.me.Utility;
				PRODUCT_NAME = "$(TARGET_NAME:c99extidentifier)";
				SKIP_INSTALL = YES;
				SWIFT_OPTIMIZATION_LEVEL = "-Onone";
				SWIFT_VERSION = 5.0;
				TARGETED_DEVICE_FAMILY = "1,2";
				VERSIONING_SYSTEM = "apple-generic";
				VERSION_INFO_PREFIX = "";
			};
			name = Debug;
		};
		0303E3D4251DBFD00060BCB5 /* Release */ = {
			isa = XCBuildConfiguration;
			buildSettings = {
				CLANG_ENABLE_MODULES = YES;
				CODE_SIGN_STYLE = Automatic;
				CURRENT_PROJECT_VERSION = 1;
				DEFINES_MODULE = YES;
				DEVELOPMENT_TEAM = 685257RUQP;
				DYLIB_COMPATIBILITY_VERSION = 1;
				DYLIB_CURRENT_VERSION = 1;
				DYLIB_INSTALL_NAME_BASE = "@rpath";
				INFOPLIST_FILE = Utility/Info.plist;
				INSTALL_PATH = "$(LOCAL_LIBRARY_DIR)/Frameworks";
				LD_RUNPATH_SEARCH_PATHS = (
					"$(inherited)",
					"@executable_path/Frameworks",
					"@loader_path/Frameworks",
				);
				PRODUCT_BUNDLE_IDENTIFIER = joshgrant.me.Utility;
				PRODUCT_NAME = "$(TARGET_NAME:c99extidentifier)";
				SKIP_INSTALL = YES;
				SWIFT_VERSION = 5.0;
				TARGETED_DEVICE_FAMILY = "1,2";
				VERSIONING_SYSTEM = "apple-generic";
				VERSION_INFO_PREFIX = "";
			};
			name = Release;
		};
		0303E3D6251DBFD00060BCB5 /* Debug */ = {
			isa = XCBuildConfiguration;
			buildSettings = {
				CODE_SIGN_STYLE = Automatic;
				DEVELOPMENT_TEAM = 685257RUQP;
				INFOPLIST_FILE = UtilityTests/Info.plist;
				LD_RUNPATH_SEARCH_PATHS = (
					"$(inherited)",
					"@executable_path/Frameworks",
					"@loader_path/Frameworks",
				);
				PRODUCT_BUNDLE_IDENTIFIER = joshgrant.me.UtilityTests;
				PRODUCT_NAME = "$(TARGET_NAME)";
				SWIFT_VERSION = 5.0;
				TARGETED_DEVICE_FAMILY = "1,2";
				TEST_HOST = "$(BUILT_PRODUCTS_DIR)/Center.app/Center";
			};
			name = Debug;
		};
		0303E3D7251DBFD00060BCB5 /* Release */ = {
			isa = XCBuildConfiguration;
			buildSettings = {
				CODE_SIGN_STYLE = Automatic;
				DEVELOPMENT_TEAM = 685257RUQP;
				INFOPLIST_FILE = UtilityTests/Info.plist;
				LD_RUNPATH_SEARCH_PATHS = (
					"$(inherited)",
					"@executable_path/Frameworks",
					"@loader_path/Frameworks",
				);
				PRODUCT_BUNDLE_IDENTIFIER = joshgrant.me.UtilityTests;
				PRODUCT_NAME = "$(TARGET_NAME)";
				SWIFT_VERSION = 5.0;
				TARGETED_DEVICE_FAMILY = "1,2";
				TEST_HOST = "$(BUILT_PRODUCTS_DIR)/Center.app/Center";
			};
			name = Release;
		};
		038157CC251CCA2600D60752 /* Debug */ = {
			isa = XCBuildConfiguration;
			buildSettings = {
				ALWAYS_SEARCH_USER_PATHS = NO;
				CLANG_ANALYZER_NONNULL = YES;
				CLANG_ANALYZER_NUMBER_OBJECT_CONVERSION = YES_AGGRESSIVE;
				CLANG_CXX_LANGUAGE_STANDARD = "gnu++14";
				CLANG_CXX_LIBRARY = "libc++";
				CLANG_ENABLE_MODULES = YES;
				CLANG_ENABLE_OBJC_ARC = YES;
				CLANG_ENABLE_OBJC_WEAK = YES;
				CLANG_WARN_BLOCK_CAPTURE_AUTORELEASING = YES;
				CLANG_WARN_BOOL_CONVERSION = YES;
				CLANG_WARN_COMMA = YES;
				CLANG_WARN_CONSTANT_CONVERSION = YES;
				CLANG_WARN_DEPRECATED_OBJC_IMPLEMENTATIONS = YES;
				CLANG_WARN_DIRECT_OBJC_ISA_USAGE = YES_ERROR;
				CLANG_WARN_DOCUMENTATION_COMMENTS = YES;
				CLANG_WARN_EMPTY_BODY = YES;
				CLANG_WARN_ENUM_CONVERSION = YES;
				CLANG_WARN_INFINITE_RECURSION = YES;
				CLANG_WARN_INT_CONVERSION = YES;
				CLANG_WARN_NON_LITERAL_NULL_CONVERSION = YES;
				CLANG_WARN_OBJC_IMPLICIT_RETAIN_SELF = YES;
				CLANG_WARN_OBJC_LITERAL_CONVERSION = YES;
				CLANG_WARN_OBJC_ROOT_CLASS = YES_ERROR;
				CLANG_WARN_QUOTED_INCLUDE_IN_FRAMEWORK_HEADER = YES;
				CLANG_WARN_RANGE_LOOP_ANALYSIS = YES;
				CLANG_WARN_STRICT_PROTOTYPES = YES;
				CLANG_WARN_SUSPICIOUS_MOVE = YES;
				CLANG_WARN_UNGUARDED_AVAILABILITY = YES_AGGRESSIVE;
				CLANG_WARN_UNREACHABLE_CODE = YES;
				CLANG_WARN__DUPLICATE_METHOD_MATCH = YES;
				COPY_PHASE_STRIP = NO;
				DEBUG_INFORMATION_FORMAT = dwarf;
				ENABLE_STRICT_OBJC_MSGSEND = YES;
				ENABLE_TESTABILITY = YES;
				GCC_C_LANGUAGE_STANDARD = gnu11;
				GCC_DYNAMIC_NO_PIC = NO;
				GCC_NO_COMMON_BLOCKS = YES;
				GCC_OPTIMIZATION_LEVEL = 0;
				GCC_PREPROCESSOR_DEFINITIONS = (
					"DEBUG=1",
					"$(inherited)",
				);
				GCC_WARN_64_TO_32_BIT_CONVERSION = YES;
				GCC_WARN_ABOUT_RETURN_TYPE = YES_ERROR;
				GCC_WARN_UNDECLARED_SELECTOR = YES;
				GCC_WARN_UNINITIALIZED_AUTOS = YES_AGGRESSIVE;
				GCC_WARN_UNUSED_FUNCTION = YES;
				GCC_WARN_UNUSED_VARIABLE = YES;
				IPHONEOS_DEPLOYMENT_TARGET = 14.0;
				MTL_ENABLE_DEBUG_INFO = INCLUDE_SOURCE;
				MTL_FAST_MATH = YES;
				ONLY_ACTIVE_ARCH = YES;
				SDKROOT = iphoneos;
				SWIFT_ACTIVE_COMPILATION_CONDITIONS = DEBUG;
				SWIFT_OPTIMIZATION_LEVEL = "-Onone";
			};
			name = Debug;
		};
		038157CD251CCA2600D60752 /* Release */ = {
			isa = XCBuildConfiguration;
			buildSettings = {
				ALWAYS_SEARCH_USER_PATHS = NO;
				CLANG_ANALYZER_NONNULL = YES;
				CLANG_ANALYZER_NUMBER_OBJECT_CONVERSION = YES_AGGRESSIVE;
				CLANG_CXX_LANGUAGE_STANDARD = "gnu++14";
				CLANG_CXX_LIBRARY = "libc++";
				CLANG_ENABLE_MODULES = YES;
				CLANG_ENABLE_OBJC_ARC = YES;
				CLANG_ENABLE_OBJC_WEAK = YES;
				CLANG_WARN_BLOCK_CAPTURE_AUTORELEASING = YES;
				CLANG_WARN_BOOL_CONVERSION = YES;
				CLANG_WARN_COMMA = YES;
				CLANG_WARN_CONSTANT_CONVERSION = YES;
				CLANG_WARN_DEPRECATED_OBJC_IMPLEMENTATIONS = YES;
				CLANG_WARN_DIRECT_OBJC_ISA_USAGE = YES_ERROR;
				CLANG_WARN_DOCUMENTATION_COMMENTS = YES;
				CLANG_WARN_EMPTY_BODY = YES;
				CLANG_WARN_ENUM_CONVERSION = YES;
				CLANG_WARN_INFINITE_RECURSION = YES;
				CLANG_WARN_INT_CONVERSION = YES;
				CLANG_WARN_NON_LITERAL_NULL_CONVERSION = YES;
				CLANG_WARN_OBJC_IMPLICIT_RETAIN_SELF = YES;
				CLANG_WARN_OBJC_LITERAL_CONVERSION = YES;
				CLANG_WARN_OBJC_ROOT_CLASS = YES_ERROR;
				CLANG_WARN_QUOTED_INCLUDE_IN_FRAMEWORK_HEADER = YES;
				CLANG_WARN_RANGE_LOOP_ANALYSIS = YES;
				CLANG_WARN_STRICT_PROTOTYPES = YES;
				CLANG_WARN_SUSPICIOUS_MOVE = YES;
				CLANG_WARN_UNGUARDED_AVAILABILITY = YES_AGGRESSIVE;
				CLANG_WARN_UNREACHABLE_CODE = YES;
				CLANG_WARN__DUPLICATE_METHOD_MATCH = YES;
				COPY_PHASE_STRIP = NO;
				DEBUG_INFORMATION_FORMAT = "dwarf-with-dsym";
				ENABLE_NS_ASSERTIONS = NO;
				ENABLE_STRICT_OBJC_MSGSEND = YES;
				GCC_C_LANGUAGE_STANDARD = gnu11;
				GCC_NO_COMMON_BLOCKS = YES;
				GCC_WARN_64_TO_32_BIT_CONVERSION = YES;
				GCC_WARN_ABOUT_RETURN_TYPE = YES_ERROR;
				GCC_WARN_UNDECLARED_SELECTOR = YES;
				GCC_WARN_UNINITIALIZED_AUTOS = YES_AGGRESSIVE;
				GCC_WARN_UNUSED_FUNCTION = YES;
				GCC_WARN_UNUSED_VARIABLE = YES;
				IPHONEOS_DEPLOYMENT_TARGET = 14.0;
				MTL_ENABLE_DEBUG_INFO = NO;
				MTL_FAST_MATH = YES;
				SDKROOT = iphoneos;
				SWIFT_COMPILATION_MODE = wholemodule;
				SWIFT_OPTIMIZATION_LEVEL = "-O";
				VALIDATE_PRODUCT = YES;
			};
			name = Release;
		};
		038157CF251CCA2600D60752 /* Debug */ = {
			isa = XCBuildConfiguration;
			buildSettings = {
				ALWAYS_EMBED_SWIFT_STANDARD_LIBRARIES = YES;
				ASSETCATALOG_COMPILER_APPICON_NAME = AppIcon;
				ASSETCATALOG_COMPILER_GLOBAL_ACCENT_COLOR_NAME = AccentColor;
				CODE_SIGN_STYLE = Automatic;
				DEVELOPMENT_TEAM = 685257RUQP;
				ENABLE_PREVIEWS = YES;
				INFOPLIST_FILE = Center/Info.plist;
				IPHONEOS_DEPLOYMENT_TARGET = 14.0;
				LD_RUNPATH_SEARCH_PATHS = (
					"$(inherited)",
					"@executable_path/Frameworks",
				);
				PRODUCT_BUNDLE_IDENTIFIER = joshgrant.me.Center;
				PRODUCT_NAME = "$(TARGET_NAME)";
				SWIFT_VERSION = 5.0;
				TARGETED_DEVICE_FAMILY = "1,2";
			};
			name = Debug;
		};
		038157D0251CCA2600D60752 /* Release */ = {
			isa = XCBuildConfiguration;
			buildSettings = {
				ALWAYS_EMBED_SWIFT_STANDARD_LIBRARIES = YES;
				ASSETCATALOG_COMPILER_APPICON_NAME = AppIcon;
				ASSETCATALOG_COMPILER_GLOBAL_ACCENT_COLOR_NAME = AccentColor;
				CODE_SIGN_STYLE = Automatic;
				DEVELOPMENT_TEAM = 685257RUQP;
				ENABLE_PREVIEWS = YES;
				INFOPLIST_FILE = Center/Info.plist;
				IPHONEOS_DEPLOYMENT_TARGET = 14.0;
				LD_RUNPATH_SEARCH_PATHS = (
					"$(inherited)",
					"@executable_path/Frameworks",
				);
				PRODUCT_BUNDLE_IDENTIFIER = joshgrant.me.Center;
				PRODUCT_NAME = "$(TARGET_NAME)";
				SWIFT_VERSION = 5.0;
				TARGETED_DEVICE_FAMILY = "1,2";
			};
			name = Release;
		};
		038157D2251CCA2600D60752 /* Debug */ = {
			isa = XCBuildConfiguration;
			buildSettings = {
				ALWAYS_EMBED_SWIFT_STANDARD_LIBRARIES = YES;
				BUNDLE_LOADER = "$(TEST_HOST)";
				CODE_SIGN_STYLE = Automatic;
				DEVELOPMENT_TEAM = 685257RUQP;
				INFOPLIST_FILE = CenterTests/Info.plist;
				IPHONEOS_DEPLOYMENT_TARGET = 14.0;
				LD_RUNPATH_SEARCH_PATHS = (
					"$(inherited)",
					"@executable_path/Frameworks",
					"@loader_path/Frameworks",
				);
				PRODUCT_BUNDLE_IDENTIFIER = joshgrant.me.CenterTests;
				PRODUCT_NAME = "$(TARGET_NAME)";
				SWIFT_VERSION = 5.0;
				TARGETED_DEVICE_FAMILY = "1,2";
				TEST_HOST = "$(BUILT_PRODUCTS_DIR)/Center.app/Center";
			};
			name = Debug;
		};
		038157D3251CCA2600D60752 /* Release */ = {
			isa = XCBuildConfiguration;
			buildSettings = {
				ALWAYS_EMBED_SWIFT_STANDARD_LIBRARIES = YES;
				BUNDLE_LOADER = "$(TEST_HOST)";
				CODE_SIGN_STYLE = Automatic;
				DEVELOPMENT_TEAM = 685257RUQP;
				INFOPLIST_FILE = CenterTests/Info.plist;
				IPHONEOS_DEPLOYMENT_TARGET = 14.0;
				LD_RUNPATH_SEARCH_PATHS = (
					"$(inherited)",
					"@executable_path/Frameworks",
					"@loader_path/Frameworks",
				);
				PRODUCT_BUNDLE_IDENTIFIER = joshgrant.me.CenterTests;
				PRODUCT_NAME = "$(TARGET_NAME)";
				SWIFT_VERSION = 5.0;
				TARGETED_DEVICE_FAMILY = "1,2";
				TEST_HOST = "$(BUILT_PRODUCTS_DIR)/Center.app/Center";
			};
			name = Release;
		};
		038157D5251CCA2600D60752 /* Debug */ = {
			isa = XCBuildConfiguration;
			buildSettings = {
				ALWAYS_EMBED_SWIFT_STANDARD_LIBRARIES = YES;
				CODE_SIGN_STYLE = Automatic;
				DEVELOPMENT_TEAM = 685257RUQP;
				INFOPLIST_FILE = CenterUITests/Info.plist;
				LD_RUNPATH_SEARCH_PATHS = (
					"$(inherited)",
					"@executable_path/Frameworks",
					"@loader_path/Frameworks",
				);
				PRODUCT_BUNDLE_IDENTIFIER = joshgrant.me.CenterUITests;
				PRODUCT_NAME = "$(TARGET_NAME)";
				SWIFT_VERSION = 5.0;
				TARGETED_DEVICE_FAMILY = "1,2";
				TEST_TARGET_NAME = Center;
			};
			name = Debug;
		};
		038157D6251CCA2600D60752 /* Release */ = {
			isa = XCBuildConfiguration;
			buildSettings = {
				ALWAYS_EMBED_SWIFT_STANDARD_LIBRARIES = YES;
				CODE_SIGN_STYLE = Automatic;
				DEVELOPMENT_TEAM = 685257RUQP;
				INFOPLIST_FILE = CenterUITests/Info.plist;
				LD_RUNPATH_SEARCH_PATHS = (
					"$(inherited)",
					"@executable_path/Frameworks",
					"@loader_path/Frameworks",
				);
				PRODUCT_BUNDLE_IDENTIFIER = joshgrant.me.CenterUITests;
				PRODUCT_NAME = "$(TARGET_NAME)";
				SWIFT_VERSION = 5.0;
				TARGETED_DEVICE_FAMILY = "1,2";
				TEST_TARGET_NAME = Center;
			};
			name = Release;
		};
/* End XCBuildConfiguration section */

/* Begin XCConfigurationList section */
		0303E3AB251DBFC10060BCB5 /* Build configuration list for PBXNativeTarget "Architecture" */ = {
			isa = XCConfigurationList;
			buildConfigurations = (
				0303E3AC251DBFC10060BCB5 /* Debug */,
				0303E3AD251DBFC10060BCB5 /* Release */,
			);
			defaultConfigurationIsVisible = 0;
			defaultConfigurationName = Release;
		};
		0303E3AF251DBFC10060BCB5 /* Build configuration list for PBXNativeTarget "ArchitectureTests" */ = {
			isa = XCConfigurationList;
			buildConfigurations = (
				0303E3B0251DBFC10060BCB5 /* Debug */,
				0303E3B1251DBFC10060BCB5 /* Release */,
			);
			defaultConfigurationIsVisible = 0;
			defaultConfigurationName = Release;
		};
		0303E3D2251DBFD00060BCB5 /* Build configuration list for PBXNativeTarget "Utility" */ = {
			isa = XCConfigurationList;
			buildConfigurations = (
				0303E3D3251DBFD00060BCB5 /* Debug */,
				0303E3D4251DBFD00060BCB5 /* Release */,
			);
			defaultConfigurationIsVisible = 0;
			defaultConfigurationName = Release;
		};
		0303E3D5251DBFD00060BCB5 /* Build configuration list for PBXNativeTarget "UtilityTests" */ = {
			isa = XCConfigurationList;
			buildConfigurations = (
				0303E3D6251DBFD00060BCB5 /* Debug */,
				0303E3D7251DBFD00060BCB5 /* Release */,
			);
			defaultConfigurationIsVisible = 0;
			defaultConfigurationName = Release;
		};
		0381579F251CCA2500D60752 /* Build configuration list for PBXProject "Center" */ = {
			isa = XCConfigurationList;
			buildConfigurations = (
				038157CC251CCA2600D60752 /* Debug */,
				038157CD251CCA2600D60752 /* Release */,
			);
			defaultConfigurationIsVisible = 0;
			defaultConfigurationName = Release;
		};
		038157CE251CCA2600D60752 /* Build configuration list for PBXNativeTarget "Center" */ = {
			isa = XCConfigurationList;
			buildConfigurations = (
				038157CF251CCA2600D60752 /* Debug */,
				038157D0251CCA2600D60752 /* Release */,
			);
			defaultConfigurationIsVisible = 0;
			defaultConfigurationName = Release;
		};
		038157D1251CCA2600D60752 /* Build configuration list for PBXNativeTarget "CenterTests" */ = {
			isa = XCConfigurationList;
			buildConfigurations = (
				038157D2251CCA2600D60752 /* Debug */,
				038157D3251CCA2600D60752 /* Release */,
			);
			defaultConfigurationIsVisible = 0;
			defaultConfigurationName = Release;
		};
		038157D4251CCA2600D60752 /* Build configuration list for PBXNativeTarget "CenterUITests" */ = {
			isa = XCConfigurationList;
			buildConfigurations = (
				038157D5251CCA2600D60752 /* Debug */,
				038157D6251CCA2600D60752 /* Release */,
			);
			defaultConfigurationIsVisible = 0;
			defaultConfigurationName = Release;
		};
/* End XCConfigurationList section */
	};
	rootObject = 0381579C251CCA2500D60752 /* Project object */;
}
