// !$*UTF8*$!
{
	archiveVersion = 1;
	classes = {
	};
	objectVersion = 50;
	objects = {

/* Begin PBXBuildFile section */
		0303E380251DBE360060BCB5 /* AppDelegate.swift in Sources */ = {isa = PBXBuildFile; fileRef = 0303E37F251DBE360060BCB5 /* AppDelegate.swift */; };
		0303E38B251DBEDF0060BCB5 /* SceneDelegate.swift in Sources */ = {isa = PBXBuildFile; fileRef = 0303E38A251DBEDF0060BCB5 /* SceneDelegate.swift */; };
		0303E44F251DC7CD0060BCB5 /* LaunchScreen.storyboard in Resources */ = {isa = PBXBuildFile; fileRef = 0303E44E251DC7CD0060BCB5 /* LaunchScreen.storyboard */; };
		03185024251E33D4002DE065 /* InboxViewController.swift in Sources */ = {isa = PBXBuildFile; fileRef = 03185023251E33D4002DE065 /* InboxViewController.swift */; };
		0318502C251E33F5002DE065 /* LibraryListViewController.swift in Sources */ = {isa = PBXBuildFile; fileRef = 0318502B251E33F5002DE065 /* LibraryListViewController.swift */; };
		03185034251E3401002DE065 /* SettingsViewController.swift in Sources */ = {isa = PBXBuildFile; fileRef = 03185033251E3401002DE065 /* SettingsViewController.swift */; };
		0318503F251E34B4002DE065 /* LibraryListViewFactory.swift in Sources */ = {isa = PBXBuildFile; fileRef = 0318503E251E34B4002DE065 /* LibraryListViewFactory.swift */; };
		033436732535ABE10028F9A9 /* Icon.swift in Sources */ = {isa = PBXBuildFile; fileRef = 03866599251F2B9C00418C54 /* Icon.swift */; };
		033436742535ABE10028F9A9 /* UIImage+Extensions.swift in Sources */ = {isa = PBXBuildFile; fileRef = 038665A7251F2E2800418C54 /* UIImage+Extensions.swift */; };
		033436752535ABE10028F9A9 /* UseCase.swift in Sources */ = {isa = PBXBuildFile; fileRef = 0380CBA2252B40D90049DAAD /* UseCase.swift */; };
		033436762535ABE10028F9A9 /* Int+Extensions.swift in Sources */ = {isa = PBXBuildFile; fileRef = 03742E132530338F00FD3932 /* Int+Extensions.swift */; };
		033436772535ABE10028F9A9 /* Array+Extensions.swift in Sources */ = {isa = PBXBuildFile; fileRef = 03CE24DC251F60E000CE699A /* Array+Extensions.swift */; };
		033436782535ABE10028F9A9 /* UIColor+Extensions.swift in Sources */ = {isa = PBXBuildFile; fileRef = 03E94B2D2521B6D600DE2340 /* UIColor+Extensions.swift */; };
		033436792535ABE10028F9A9 /* UIView+Extensions.swift in Sources */ = {isa = PBXBuildFile; fileRef = 03E94B252521B1D900DE2340 /* UIView+Extensions.swift */; };
		033436882535AC3B0028F9A9 /* NavigationController.swift in Sources */ = {isa = PBXBuildFile; fileRef = 0303E410251DC2110060BCB5 /* NavigationController.swift */; };
		033436892535AC3B0028F9A9 /* ObserverForSceneUpdatesEventResponder.swift in Sources */ = {isa = PBXBuildFile; fileRef = 03685367252845E300782265 /* ObserverForSceneUpdatesEventResponder.swift */; };
		0334368A2535AC3B0028F9A9 /* CollectionView.swift in Sources */ = {isa = PBXBuildFile; fileRef = 0303E42E251DC4230060BCB5 /* CollectionView.swift */; };
		0334368B2535AC3B0028F9A9 /* View.swift in Sources */ = {isa = PBXBuildFile; fileRef = 0303E400251DC2010060BCB5 /* View.swift */; };
		0334368C2535AC3B0028F9A9 /* ViewController.swift in Sources */ = {isa = PBXBuildFile; fileRef = 0303E3F8251DC1F80060BCB5 /* ViewController.swift */; };
		0334368D2535AC3B0028F9A9 /* Notification.Name+Extensions.swift in Sources */ = {isa = PBXBuildFile; fileRef = 0368537E2528487700782265 /* Notification.Name+Extensions.swift */; };
		0334368E2535AC3B0028F9A9 /* ObserverForViewController.swift in Sources */ = {isa = PBXBuildFile; fileRef = 036853752528471C00782265 /* ObserverForViewController.swift */; };
		0334368F2535AC3B0028F9A9 /* Observer.swift in Sources */ = {isa = PBXBuildFile; fileRef = 036853582528426800782265 /* Observer.swift */; };
		033436902535AC3B0028F9A9 /* CollectionViewCell.swift in Sources */ = {isa = PBXBuildFile; fileRef = 0303E43E251DC4950060BCB5 /* CollectionViewCell.swift */; };
		033436C22535AC7D0028F9A9 /* DateStock.swift in Sources */ = {isa = PBXBuildFile; fileRef = 037E0C9F252CAA36008B2CB5 /* DateStock.swift */; };
		033436C32535AC7D0028F9A9 /* DashboardSuggestedFlows.swift in Sources */ = {isa = PBXBuildFile; fileRef = 037E0CB3252CAC5E008B2CB5 /* DashboardSuggestedFlows.swift */; };
		033436CC2535ACB70028F9A9 /* Filter.swift in Sources */ = {isa = PBXBuildFile; fileRef = 03AF2258252F313800468AB4 /* Filter.swift */; };
		033436CD2535ACB70028F9A9 /* Database.swift in Sources */ = {isa = PBXBuildFile; fileRef = 0312303C252C673800ECBEBF /* Database.swift */; };
		033436CE2535ACB70028F9A9 /* Database+Extensions.swift in Sources */ = {isa = PBXBuildFile; fileRef = 03AF21DD252F2A8900468AB4 /* Database+Extensions.swift */; };
		033436CF2535ACB70028F9A9 /* DemoGenerator.swift in Sources */ = {isa = PBXBuildFile; fileRef = 03EFF4BA252C834700D27F53 /* DemoGenerator.swift */; };
		033436D02535ACB70028F9A9 /* Condition+Extensions.swift in Sources */ = {isa = PBXBuildFile; fileRef = 037E0C4A252C9D45008B2CB5 /* Condition+Extensions.swift */; };
		033436D12535ACB70028F9A9 /* Contact+Extensions.swift in Sources */ = {isa = PBXBuildFile; fileRef = 03122FFB252C65B700ECBEBF /* Contact+Extensions.swift */; };
		033436D22535ACB70028F9A9 /* DynamicSource+Extensions.swift in Sources */ = {isa = PBXBuildFile; fileRef = 036B6C6D252EE51900A8C1D1 /* DynamicSource+Extensions.swift */; };
		033436D32535ACB70028F9A9 /* Entity+Extensions.swift in Sources */ = {isa = PBXBuildFile; fileRef = 03AF237B252F535400468AB4 /* Entity+Extensions.swift */; };
		033436D42535ACB70028F9A9 /* Event+Extensions.swift in Sources */ = {isa = PBXBuildFile; fileRef = 036B6C63252EE49900A8C1D1 /* Event+Extensions.swift */; };
		033436D52535ACB70028F9A9 /* History+Extensions.swift in Sources */ = {isa = PBXBuildFile; fileRef = 037E0C67252C9FC4008B2CB5 /* History+Extensions.swift */; };
		033436D62535ACB70028F9A9 /* ImageBlock+Searchable.swift in Sources */ = {isa = PBXBuildFile; fileRef = 03123032252C669600ECBEBF /* ImageBlock+Searchable.swift */; };
		033436D72535ACB70028F9A9 /* Net+Extensions.swift in Sources */ = {isa = PBXBuildFile; fileRef = 037E0C79252CA038008B2CB5 /* Net+Extensions.swift */; };
		033436D82535ACB70028F9A9 /* ProcessFlow+Extensions.swift in Sources */ = {isa = PBXBuildFile; fileRef = 037E0C8B252CA065008B2CB5 /* ProcessFlow+Extensions.swift */; };
		033436D92535ACB70028F9A9 /* RangeSource+Extensions.swift in Sources */ = {isa = PBXBuildFile; fileRef = 036B6C77252EE91A00A8C1D1 /* RangeSource+Extensions.swift */; };
		033436DA2535ACB70028F9A9 /* Source+Extensions.swift in Sources */ = {isa = PBXBuildFile; fileRef = 036B6C4F252EE31600A8C1D1 /* Source+Extensions.swift */; };
		033436DB2535ACB70028F9A9 /* Stock+Extensions.swift in Sources */ = {isa = PBXBuildFile; fileRef = 037E0C95252CA0B3008B2CB5 /* Stock+Extensions.swift */; };
		033436DC2535ACB70028F9A9 /* Symbol+Extensions.swift in Sources */ = {isa = PBXBuildFile; fileRef = 0312301E252C666200ECBEBF /* Symbol+Extensions.swift */; };
		033436DD2535ACB70028F9A9 /* System+Extensions.swift in Sources */ = {isa = PBXBuildFile; fileRef = 035B99F3252F72030080785C /* System+Extensions.swift */; };
		033436DE2535ACB70028F9A9 /* TextBlock+Searchable.swift in Sources */ = {isa = PBXBuildFile; fileRef = 03123028252C668C00ECBEBF /* TextBlock+Searchable.swift */; };
		033436DF2535ACB70028F9A9 /* ValueSource+Extensions.swift in Sources */ = {isa = PBXBuildFile; fileRef = 036B6C81252EE9FA00A8C1D1 /* ValueSource+Extensions.swift */; };
		033436E22535ACBF0028F9A9 /* Named.swift in Sources */ = {isa = PBXBuildFile; fileRef = 035B99D4252F71EE0080785C /* Named.swift */; };
		033436E32535ACBF0028F9A9 /* FallbackProtocol.swift in Sources */ = {isa = PBXBuildFile; fileRef = 037E0C54252C9E32008B2CB5 /* FallbackProtocol.swift */; };
		033436E42535ACBF0028F9A9 /* Searchable.swift in Sources */ = {isa = PBXBuildFile; fileRef = 0380CC27252B740A0049DAAD /* Searchable.swift */; };
		033436E72535ACC40028F9A9 /* AmountType.swift in Sources */ = {isa = PBXBuildFile; fileRef = 03122F80252C200900ECBEBF /* AmountType.swift */; };
		033436E82535ACC40028F9A9 /* Comparison.swift in Sources */ = {isa = PBXBuildFile; fileRef = 03122F81252C200900ECBEBF /* Comparison.swift */; };
		033436E92535ACC40028F9A9 /* CompletionType.swift in Sources */ = {isa = PBXBuildFile; fileRef = 03122F85252C200900ECBEBF /* CompletionType.swift */; };
		033436EA2535ACC40028F9A9 /* ConditionType.swift in Sources */ = {isa = PBXBuildFile; fileRef = 03AF236B252F485100468AB4 /* ConditionType.swift */; };
		033436EB2535ACC40028F9A9 /* EntityType.swift in Sources */ = {isa = PBXBuildFile; fileRef = 03AF21D4252F2A0F00468AB4 /* EntityType.swift */; };
		033436EC2535ACC40028F9A9 /* HistoryEvent.swift in Sources */ = {isa = PBXBuildFile; fileRef = 03122F7F252C200900ECBEBF /* HistoryEvent.swift */; };
		033436ED2535ACC40028F9A9 /* IdealType.swift in Sources */ = {isa = PBXBuildFile; fileRef = 03122F84252C200900ECBEBF /* IdealType.swift */; };
		033436EE2535ACC40028F9A9 /* Order.swift in Sources */ = {isa = PBXBuildFile; fileRef = 03122F7E252C200900ECBEBF /* Order.swift */; };
		033436EF2535ACC40028F9A9 /* Priority.swift in Sources */ = {isa = PBXBuildFile; fileRef = 03122F86252C200900ECBEBF /* Priority.swift */; };
		033436F02535ACC40028F9A9 /* SourceType.swift in Sources */ = {isa = PBXBuildFile; fileRef = 036B6C59252EE3E600A8C1D1 /* SourceType.swift */; };
		033436F12535ACC40028F9A9 /* TextSize.swift in Sources */ = {isa = PBXBuildFile; fileRef = 03122F88252C200A00ECBEBF /* TextSize.swift */; };
		033436F22535ACC40028F9A9 /* TextStyle.swift in Sources */ = {isa = PBXBuildFile; fileRef = 03122F87252C200A00ECBEBF /* TextStyle.swift */; };
		033436F32535ACC40028F9A9 /* TimePeriod.swift in Sources */ = {isa = PBXBuildFile; fileRef = 03122F83252C200900ECBEBF /* TimePeriod.swift */; };
		033437062535AE5D0028F9A9 /* Model.xcdatamodeld in Sources */ = {isa = PBXBuildFile; fileRef = 03122F9C252C23C500ECBEBF /* Model.xcdatamodeld */; };
		034AE0CB2532280C0052E223 /* TableViewModel.swift in Sources */ = {isa = PBXBuildFile; fileRef = 034AE0CA2532280C0052E223 /* TableViewModel.swift */; };
		034AE0DB2532282A0052E223 /* TableViewDataSourceModel.swift in Sources */ = {isa = PBXBuildFile; fileRef = 034AE0DA2532282A0052E223 /* TableViewDataSourceModel.swift */; };
		034AE0E4253228690052E223 /* TableViewDelegateModel.swift in Sources */ = {isa = PBXBuildFile; fileRef = 034AE0E3253228690052E223 /* TableViewDelegateModel.swift */; };
		034AE0EE253228860052E223 /* TabBarItem.swift in Sources */ = {isa = PBXBuildFile; fileRef = 034AE0ED253228860052E223 /* TabBarItem.swift */; };
		034AE10C253228D30052E223 /* DashboardSectionHeader.swift in Sources */ = {isa = PBXBuildFile; fileRef = 034AE10B253228D30052E223 /* DashboardSectionHeader.swift */; };
		034AE124253229070052E223 /* SearchViewType.swift in Sources */ = {isa = PBXBuildFile; fileRef = 034AE123253229070052E223 /* SearchViewType.swift */; };
		034AE13525322E100052E223 /* TableView+Functions.swift in Sources */ = {isa = PBXBuildFile; fileRef = 034AE13425322E100052E223 /* TableView+Functions.swift */; };
		034AE14525322E200052E223 /* LibraryList.swift in Sources */ = {isa = PBXBuildFile; fileRef = 034AE14425322E200052E223 /* LibraryList.swift */; };
		034AE15725322E470052E223 /* TableViewDataSource+Functions.swift in Sources */ = {isa = PBXBuildFile; fileRef = 034AE15625322E470052E223 /* TableViewDataSource+Functions.swift */; };
		034AE16025322E560052E223 /* TableViewCell+Functions.swift in Sources */ = {isa = PBXBuildFile; fileRef = 034AE15F25322E560052E223 /* TableViewCell+Functions.swift */; };
		034AE18525322EEA0052E223 /* TableViewDataSourceModel+Functions.swift in Sources */ = {isa = PBXBuildFile; fileRef = 034AE18425322EEA0052E223 /* TableViewDataSourceModel+Functions.swift */; };
		034B7B132535CF9A00EB84D1 /* Dashboard.swift in Sources */ = {isa = PBXBuildFile; fileRef = 034B7B122535CF9A00EB84D1 /* Dashboard.swift */; };
		034B7B172535CFFC00EB84D1 /* DashboardSearchBarDelegate.swift in Sources */ = {isa = PBXBuildFile; fileRef = 034B7B162535CFFC00EB84D1 /* DashboardSearchBarDelegate.swift */; };
		035B99B5252F6E8B0080785C /* PinnedListCellModel.swift in Sources */ = {isa = PBXBuildFile; fileRef = 035B99B4252F6E8B0080785C /* PinnedListCellModel.swift */; };
		035B99BE252F6E9D0080785C /* PinnedListCell.swift in Sources */ = {isa = PBXBuildFile; fileRef = 035B99BD252F6E9D0080785C /* PinnedListCell.swift */; };
		035B9A05252F74590080785C /* LibraryListCell.swift in Sources */ = {isa = PBXBuildFile; fileRef = 035B9A04252F74590080785C /* LibraryListCell.swift */; };
		035B9A16252F751F0080785C /* LibraryListTableViewDataSource.swift in Sources */ = {isa = PBXBuildFile; fileRef = 035B9A15252F751F0080785C /* LibraryListTableViewDataSource.swift */; };
		035B9A26252F75300080785C /* LibraryListTableViewDelegate.swift in Sources */ = {isa = PBXBuildFile; fileRef = 035B9A25252F75300080785C /* LibraryListTableViewDelegate.swift */; };
		035B9A38252F7A980080785C /* LibraryListEnvironment.swift in Sources */ = {isa = PBXBuildFile; fileRef = 035B9A37252F7A980080785C /* LibraryListEnvironment.swift */; };
		0373AEFF2526008C00B92093 /* TableViewCellModel.swift in Sources */ = {isa = PBXBuildFile; fileRef = 03CE24C8251F5FB400CE699A /* TableViewCellModel.swift */; };
		0373AF022526008F00B92093 /* TableViewHeaderModel.swift in Sources */ = {isa = PBXBuildFile; fileRef = 03632738251F2FD80088681D /* TableViewHeaderModel.swift */; };
		0373AF052526009100B92093 /* TableViewDelegate.swift in Sources */ = {isa = PBXBuildFile; fileRef = 03CE247A251F4FCD00CE699A /* TableViewDelegate.swift */; };
		0373AF082526009200B92093 /* TableViewDataSource.swift in Sources */ = {isa = PBXBuildFile; fileRef = 0386646D251E36DA00418C54 /* TableViewDataSource.swift */; };
		0373AF0B2526009400B92093 /* TableViewCell.swift in Sources */ = {isa = PBXBuildFile; fileRef = 0303E436251DC4610060BCB5 /* TableViewCell.swift */; };
		0373AF0E2526009700B92093 /* TableView.swift in Sources */ = {isa = PBXBuildFile; fileRef = 0303E408251DC2080060BCB5 /* TableView.swift */; };
		0373AF112526009A00B92093 /* TabBarController.swift in Sources */ = {isa = PBXBuildFile; fileRef = 034DA0F9251DC9C100ABDC6E /* TabBarController.swift */; };
		0373AF142526009C00B92093 /* TabBar.swift in Sources */ = {isa = PBXBuildFile; fileRef = 0303E426251DC3F60060BCB5 /* TabBar.swift */; };
		0373AF1A252600A400B92093 /* SearchBarDelegate.swift in Sources */ = {isa = PBXBuildFile; fileRef = 03CE2483251F555A00CE699A /* SearchBarDelegate.swift */; };
		038157AC251CCA2600D60752 /* Assets.xcassets in Resources */ = {isa = PBXBuildFile; fileRef = 038157AB251CCA2600D60752 /* Assets.xcassets */; };
		038157BF251CCA2600D60752 /* CenterTests.swift in Sources */ = {isa = PBXBuildFile; fileRef = 038157BE251CCA2600D60752 /* CenterTests.swift */; };
		038157CA251CCA2600D60752 /* CenterUITests.swift in Sources */ = {isa = PBXBuildFile; fileRef = 038157C9251CCA2600D60752 /* CenterUITests.swift */; };
		038157ED251D0A1F00D60752 /* ArchitectureNotes.md in Resources */ = {isa = PBXBuildFile; fileRef = 038157EC251D0A1F00D60752 /* ArchitectureNotes.md */; };
		03866533251F27A400418C54 /* SystemListingViewController.swift in Sources */ = {isa = PBXBuildFile; fileRef = 03866532251F27A400418C54 /* SystemListingViewController.swift */; };
		03866583251F298D00418C54 /* FilterViewController.swift in Sources */ = {isa = PBXBuildFile; fileRef = 03866582251F298D00418C54 /* FilterViewController.swift */; };
		0386658B251F299700418C54 /* SearchViewController.swift in Sources */ = {isa = PBXBuildFile; fileRef = 0386658A251F299700418C54 /* SearchViewController.swift */; };
		03AF228C252F32BC00468AB4 /* FlowDetailInteractor.swift in Sources */ = {isa = PBXBuildFile; fileRef = 03AF228B252F32BC00468AB4 /* FlowDetailInteractor.swift */; };
		03AF229C252F337000468AB4 /* LibraryDetailListInteractor.swift in Sources */ = {isa = PBXBuildFile; fileRef = 03AF229B252F337000468AB4 /* LibraryDetailListInteractor.swift */; };
		03AF22A5252F33EA00468AB4 /* SystemDetailInteractor.swift in Sources */ = {isa = PBXBuildFile; fileRef = 03AF22A4252F33EA00468AB4 /* SystemDetailInteractor.swift */; };
		03AF22AE252F356600468AB4 /* StockDetailViewModel.swift in Sources */ = {isa = PBXBuildFile; fileRef = 03AF22AD252F356600468AB4 /* StockDetailViewModel.swift */; };
		03AF22B7252F35A800468AB4 /* StateListCellModel.swift in Sources */ = {isa = PBXBuildFile; fileRef = 03AF22B6252F35A800468AB4 /* StateListCellModel.swift */; };
		03AF22BF252F35C900468AB4 /* LibraryListCellModel.swift in Sources */ = {isa = PBXBuildFile; fileRef = 03AF21EF252F2AB400468AB4 /* LibraryListCellModel.swift */; };
		03AF22D5252F35CD00468AB4 /* FlowListCellModel.swift in Sources */ = {isa = PBXBuildFile; fileRef = 03AF2201252F2ADA00468AB4 /* FlowListCellModel.swift */; };
		03AF22E4252F35D000468AB4 /* SystemListCellModel.swift in Sources */ = {isa = PBXBuildFile; fileRef = 03AF21F8252F2AC700468AB4 /* SystemListCellModel.swift */; };
		03AF22EC252F35D300468AB4 /* ConditionListCellModel.swift in Sources */ = {isa = PBXBuildFile; fileRef = 03AF2222252F2F7300468AB4 /* ConditionListCellModel.swift */; };
		03AF22F4252F35D600468AB4 /* HistoryListCellModel.swift in Sources */ = {isa = PBXBuildFile; fileRef = 03AF223C252F306800468AB4 /* HistoryListCellModel.swift */; };
		03AF2303252F35D900468AB4 /* SearchResultListCellModel.swift in Sources */ = {isa = PBXBuildFile; fileRef = 03AF2268252F316500468AB4 /* SearchResultListCellModel.swift */; };
		03AF230B252F35DC00468AB4 /* EventListCellModel.swift in Sources */ = {isa = PBXBuildFile; fileRef = 03AF227A252F31F700468AB4 /* EventListCellModel.swift */; };
		03AF2313252F35DF00468AB4 /* EventDetailViewModel.swift in Sources */ = {isa = PBXBuildFile; fileRef = 03AF2212252F2B6800468AB4 /* EventDetailViewModel.swift */; };
		03AF231B252F35E200468AB4 /* ConditionDetailViewModel.swift in Sources */ = {isa = PBXBuildFile; fileRef = 03AF2233252F2FE100468AB4 /* ConditionDetailViewModel.swift */; };
		03AF232A252F35E600468AB4 /* FilterDetailViewModel.swift in Sources */ = {isa = PBXBuildFile; fileRef = 03AF2245252F30AE00468AB4 /* FilterDetailViewModel.swift */; };
		03AF2339252F35E800468AB4 /* SearchViewModel.swift in Sources */ = {isa = PBXBuildFile; fileRef = 03AF224E252F310100468AB4 /* SearchViewModel.swift */; };
		03AF2341252F35EB00468AB4 /* FlowDetailViewModel.swift in Sources */ = {isa = PBXBuildFile; fileRef = 03AF2271252F31C600468AB4 /* FlowDetailViewModel.swift */; };
		03AF2351252F362D00468AB4 /* NoteListCellModel.swift in Sources */ = {isa = PBXBuildFile; fileRef = 03AF2350252F362D00468AB4 /* NoteListCellModel.swift */; };
		03AF235A252F365D00468AB4 /* StockDetailInteractor.swift in Sources */ = {isa = PBXBuildFile; fileRef = 03AF2359252F365D00468AB4 /* StockDetailInteractor.swift */; };
		03AF2363252F43BC00468AB4 /* AmountDetailInteractor.swift in Sources */ = {isa = PBXBuildFile; fileRef = 03AF2362252F43BC00468AB4 /* AmountDetailInteractor.swift */; };
		03AF2393252F57E300468AB4 /* EventListCell.swift in Sources */ = {isa = PBXBuildFile; fileRef = 03AF2392252F57E300468AB4 /* EventListCell.swift */; };
		03C015A025301E860006F67E /* Main.swift in Sources */ = {isa = PBXBuildFile; fileRef = 03C0159F25301E860006F67E /* Main.swift */; };
		03C015AA25301FB30006F67E /* TabBarItem+Extensions.swift in Sources */ = {isa = PBXBuildFile; fileRef = 03C015A925301FB30006F67E /* TabBarItem+Extensions.swift */; };
		03CE2423251F3D7400CE699A /* InboxViewFactory.swift in Sources */ = {isa = PBXBuildFile; fileRef = 03CE2422251F3D7400CE699A /* InboxViewFactory.swift */; };
		03CE2433251F3F4C00CE699A /* SettingsViewFactory.swift in Sources */ = {isa = PBXBuildFile; fileRef = 03CE2432251F3F4C00CE699A /* SettingsViewFactory.swift */; };
		03CE249C251F597E00CE699A /* TableViewSectionHeaderViewFactory.swift in Sources */ = {isa = PBXBuildFile; fileRef = 03CE249B251F597E00CE699A /* TableViewSectionHeaderViewFactory.swift */; };
		03E94B182521B09400DE2340 /* SpacerView.swift in Sources */ = {isa = PBXBuildFile; fileRef = 03E94B172521B09400DE2340 /* SpacerView.swift */; };
/* End PBXBuildFile section */

/* Begin PBXContainerItemProxy section */
		038157BB251CCA2600D60752 /* PBXContainerItemProxy */ = {
			isa = PBXContainerItemProxy;
			containerPortal = 0381579C251CCA2500D60752 /* Project object */;
			proxyType = 1;
			remoteGlobalIDString = 038157A3251CCA2500D60752;
			remoteInfo = Center;
		};
		038157C6251CCA2600D60752 /* PBXContainerItemProxy */ = {
			isa = PBXContainerItemProxy;
			containerPortal = 0381579C251CCA2500D60752 /* Project object */;
			proxyType = 1;
			remoteGlobalIDString = 038157A3251CCA2500D60752;
			remoteInfo = Center;
		};
/* End PBXContainerItemProxy section */

/* Begin PBXCopyFilesBuildPhase section */
		0303E3AE251DBFC10060BCB5 /* Embed Frameworks */ = {
			isa = PBXCopyFilesBuildPhase;
			buildActionMask = 2147483647;
			dstPath = "";
			dstSubfolderSpec = 10;
			files = (
			);
			name = "Embed Frameworks";
			runOnlyForDeploymentPostprocessing = 0;
		};
/* End PBXCopyFilesBuildPhase section */

/* Begin PBXFileReference section */
		0303E37F251DBE360060BCB5 /* AppDelegate.swift */ = {isa = PBXFileReference; lastKnownFileType = sourcecode.swift; path = AppDelegate.swift; sourceTree = "<group>"; };
		0303E38A251DBEDF0060BCB5 /* SceneDelegate.swift */ = {isa = PBXFileReference; lastKnownFileType = sourcecode.swift; path = SceneDelegate.swift; sourceTree = "<group>"; };
		0303E3F8251DC1F80060BCB5 /* ViewController.swift */ = {isa = PBXFileReference; lastKnownFileType = sourcecode.swift; path = ViewController.swift; sourceTree = "<group>"; };
		0303E400251DC2010060BCB5 /* View.swift */ = {isa = PBXFileReference; lastKnownFileType = sourcecode.swift; path = View.swift; sourceTree = "<group>"; };
		0303E408251DC2080060BCB5 /* TableView.swift */ = {isa = PBXFileReference; lastKnownFileType = sourcecode.swift; path = TableView.swift; sourceTree = "<group>"; };
		0303E410251DC2110060BCB5 /* NavigationController.swift */ = {isa = PBXFileReference; lastKnownFileType = sourcecode.swift; path = NavigationController.swift; sourceTree = "<group>"; };
		0303E426251DC3F60060BCB5 /* TabBar.swift */ = {isa = PBXFileReference; lastKnownFileType = sourcecode.swift; path = TabBar.swift; sourceTree = "<group>"; };
		0303E42E251DC4230060BCB5 /* CollectionView.swift */ = {isa = PBXFileReference; lastKnownFileType = sourcecode.swift; path = CollectionView.swift; sourceTree = "<group>"; };
		0303E436251DC4610060BCB5 /* TableViewCell.swift */ = {isa = PBXFileReference; lastKnownFileType = sourcecode.swift; path = TableViewCell.swift; sourceTree = "<group>"; };
		0303E43E251DC4950060BCB5 /* CollectionViewCell.swift */ = {isa = PBXFileReference; lastKnownFileType = sourcecode.swift; path = CollectionViewCell.swift; sourceTree = "<group>"; };
		0303E44E251DC7CD0060BCB5 /* LaunchScreen.storyboard */ = {isa = PBXFileReference; lastKnownFileType = file.storyboard; path = LaunchScreen.storyboard; sourceTree = "<group>"; };
		03122F7E252C200900ECBEBF /* Order.swift */ = {isa = PBXFileReference; lastKnownFileType = sourcecode.swift; path = Order.swift; sourceTree = "<group>"; };
		03122F7F252C200900ECBEBF /* HistoryEvent.swift */ = {isa = PBXFileReference; lastKnownFileType = sourcecode.swift; path = HistoryEvent.swift; sourceTree = "<group>"; };
		03122F80252C200900ECBEBF /* AmountType.swift */ = {isa = PBXFileReference; lastKnownFileType = sourcecode.swift; path = AmountType.swift; sourceTree = "<group>"; };
		03122F81252C200900ECBEBF /* Comparison.swift */ = {isa = PBXFileReference; lastKnownFileType = sourcecode.swift; path = Comparison.swift; sourceTree = "<group>"; };
		03122F83252C200900ECBEBF /* TimePeriod.swift */ = {isa = PBXFileReference; lastKnownFileType = sourcecode.swift; path = TimePeriod.swift; sourceTree = "<group>"; };
		03122F84252C200900ECBEBF /* IdealType.swift */ = {isa = PBXFileReference; lastKnownFileType = sourcecode.swift; path = IdealType.swift; sourceTree = "<group>"; };
		03122F85252C200900ECBEBF /* CompletionType.swift */ = {isa = PBXFileReference; lastKnownFileType = sourcecode.swift; path = CompletionType.swift; sourceTree = "<group>"; };
		03122F86252C200900ECBEBF /* Priority.swift */ = {isa = PBXFileReference; lastKnownFileType = sourcecode.swift; path = Priority.swift; sourceTree = "<group>"; };
		03122F87252C200A00ECBEBF /* TextStyle.swift */ = {isa = PBXFileReference; lastKnownFileType = sourcecode.swift; path = TextStyle.swift; sourceTree = "<group>"; };
		03122F88252C200A00ECBEBF /* TextSize.swift */ = {isa = PBXFileReference; lastKnownFileType = sourcecode.swift; path = TextSize.swift; sourceTree = "<group>"; };
		03122F9D252C23C500ECBEBF /* Model.xcdatamodel */ = {isa = PBXFileReference; lastKnownFileType = wrapper.xcdatamodel; path = Model.xcdatamodel; sourceTree = "<group>"; };
		03122FFB252C65B700ECBEBF /* Contact+Extensions.swift */ = {isa = PBXFileReference; lastKnownFileType = sourcecode.swift; path = "Contact+Extensions.swift"; sourceTree = "<group>"; };
		0312301E252C666200ECBEBF /* Symbol+Extensions.swift */ = {isa = PBXFileReference; lastKnownFileType = sourcecode.swift; path = "Symbol+Extensions.swift"; sourceTree = "<group>"; };
		03123028252C668C00ECBEBF /* TextBlock+Searchable.swift */ = {isa = PBXFileReference; lastKnownFileType = sourcecode.swift; path = "TextBlock+Searchable.swift"; sourceTree = "<group>"; };
		03123032252C669600ECBEBF /* ImageBlock+Searchable.swift */ = {isa = PBXFileReference; lastKnownFileType = sourcecode.swift; path = "ImageBlock+Searchable.swift"; sourceTree = "<group>"; };
		0312303C252C673800ECBEBF /* Database.swift */ = {isa = PBXFileReference; lastKnownFileType = sourcecode.swift; path = Database.swift; sourceTree = "<group>"; };
		03185023251E33D4002DE065 /* InboxViewController.swift */ = {isa = PBXFileReference; lastKnownFileType = sourcecode.swift; path = InboxViewController.swift; sourceTree = "<group>"; };
		0318502B251E33F5002DE065 /* LibraryListViewController.swift */ = {isa = PBXFileReference; lastKnownFileType = sourcecode.swift; path = LibraryListViewController.swift; sourceTree = "<group>"; };
		03185033251E3401002DE065 /* SettingsViewController.swift */ = {isa = PBXFileReference; lastKnownFileType = sourcecode.swift; path = SettingsViewController.swift; sourceTree = "<group>"; };
		0318503E251E34B4002DE065 /* LibraryListViewFactory.swift */ = {isa = PBXFileReference; lastKnownFileType = sourcecode.swift; path = LibraryListViewFactory.swift; sourceTree = "<group>"; };
		031D983B25260375004BD2FD /* Podfile */ = {isa = PBXFileReference; lastKnownFileType = text; path = Podfile; sourceTree = SOURCE_ROOT; xcLanguageSpecificationIdentifier = xcode.lang.ruby; };
		034AE0CA2532280C0052E223 /* TableViewModel.swift */ = {isa = PBXFileReference; lastKnownFileType = sourcecode.swift; path = TableViewModel.swift; sourceTree = "<group>"; };
		034AE0DA2532282A0052E223 /* TableViewDataSourceModel.swift */ = {isa = PBXFileReference; lastKnownFileType = sourcecode.swift; path = TableViewDataSourceModel.swift; sourceTree = "<group>"; };
		034AE0E3253228690052E223 /* TableViewDelegateModel.swift */ = {isa = PBXFileReference; lastKnownFileType = sourcecode.swift; path = TableViewDelegateModel.swift; sourceTree = "<group>"; };
		034AE0ED253228860052E223 /* TabBarItem.swift */ = {isa = PBXFileReference; lastKnownFileType = sourcecode.swift; path = TabBarItem.swift; sourceTree = "<group>"; };
		034AE10B253228D30052E223 /* DashboardSectionHeader.swift */ = {isa = PBXFileReference; lastKnownFileType = sourcecode.swift; path = DashboardSectionHeader.swift; sourceTree = "<group>"; };
		034AE123253229070052E223 /* SearchViewType.swift */ = {isa = PBXFileReference; lastKnownFileType = sourcecode.swift; path = SearchViewType.swift; sourceTree = "<group>"; };
		034AE13425322E100052E223 /* TableView+Functions.swift */ = {isa = PBXFileReference; lastKnownFileType = sourcecode.swift; path = "TableView+Functions.swift"; sourceTree = "<group>"; };
		034AE14425322E200052E223 /* LibraryList.swift */ = {isa = PBXFileReference; lastKnownFileType = sourcecode.swift; path = LibraryList.swift; sourceTree = "<group>"; };
		034AE15625322E470052E223 /* TableViewDataSource+Functions.swift */ = {isa = PBXFileReference; lastKnownFileType = sourcecode.swift; path = "TableViewDataSource+Functions.swift"; sourceTree = "<group>"; };
		034AE15F25322E560052E223 /* TableViewCell+Functions.swift */ = {isa = PBXFileReference; lastKnownFileType = sourcecode.swift; path = "TableViewCell+Functions.swift"; sourceTree = "<group>"; };
		034AE18425322EEA0052E223 /* TableViewDataSourceModel+Functions.swift */ = {isa = PBXFileReference; lastKnownFileType = sourcecode.swift; path = "TableViewDataSourceModel+Functions.swift"; sourceTree = "<group>"; };
		034B7B122535CF9A00EB84D1 /* Dashboard.swift */ = {isa = PBXFileReference; lastKnownFileType = sourcecode.swift; path = Dashboard.swift; sourceTree = "<group>"; };
		034B7B162535CFFC00EB84D1 /* DashboardSearchBarDelegate.swift */ = {isa = PBXFileReference; lastKnownFileType = sourcecode.swift; path = DashboardSearchBarDelegate.swift; sourceTree = "<group>"; };
		034DA0F9251DC9C100ABDC6E /* TabBarController.swift */ = {isa = PBXFileReference; lastKnownFileType = sourcecode.swift; path = TabBarController.swift; sourceTree = "<group>"; };
		035B99B4252F6E8B0080785C /* PinnedListCellModel.swift */ = {isa = PBXFileReference; lastKnownFileType = sourcecode.swift; path = PinnedListCellModel.swift; sourceTree = "<group>"; };
		035B99BD252F6E9D0080785C /* PinnedListCell.swift */ = {isa = PBXFileReference; lastKnownFileType = sourcecode.swift; path = PinnedListCell.swift; sourceTree = "<group>"; };
		035B99D4252F71EE0080785C /* Named.swift */ = {isa = PBXFileReference; lastKnownFileType = sourcecode.swift; path = Named.swift; sourceTree = "<group>"; };
		035B99F3252F72030080785C /* System+Extensions.swift */ = {isa = PBXFileReference; lastKnownFileType = sourcecode.swift; path = "System+Extensions.swift"; sourceTree = "<group>"; };
		035B9A04252F74590080785C /* LibraryListCell.swift */ = {isa = PBXFileReference; lastKnownFileType = sourcecode.swift; path = LibraryListCell.swift; sourceTree = "<group>"; };
		035B9A15252F751F0080785C /* LibraryListTableViewDataSource.swift */ = {isa = PBXFileReference; lastKnownFileType = sourcecode.swift; path = LibraryListTableViewDataSource.swift; sourceTree = "<group>"; };
		035B9A25252F75300080785C /* LibraryListTableViewDelegate.swift */ = {isa = PBXFileReference; lastKnownFileType = sourcecode.swift; path = LibraryListTableViewDelegate.swift; sourceTree = "<group>"; };
		035B9A37252F7A980080785C /* LibraryListEnvironment.swift */ = {isa = PBXFileReference; lastKnownFileType = sourcecode.swift; path = LibraryListEnvironment.swift; sourceTree = "<group>"; };
		03632738251F2FD80088681D /* TableViewHeaderModel.swift */ = {isa = PBXFileReference; lastKnownFileType = sourcecode.swift; path = TableViewHeaderModel.swift; sourceTree = "<group>"; };
		036853582528426800782265 /* Observer.swift */ = {isa = PBXFileReference; lastKnownFileType = sourcecode.swift; path = Observer.swift; sourceTree = "<group>"; };
		03685367252845E300782265 /* ObserverForSceneUpdatesEventResponder.swift */ = {isa = PBXFileReference; lastKnownFileType = sourcecode.swift; path = ObserverForSceneUpdatesEventResponder.swift; sourceTree = "<group>"; };
		036853752528471C00782265 /* ObserverForViewController.swift */ = {isa = PBXFileReference; lastKnownFileType = sourcecode.swift; path = ObserverForViewController.swift; sourceTree = "<group>"; };
		0368537E2528487700782265 /* Notification.Name+Extensions.swift */ = {isa = PBXFileReference; lastKnownFileType = sourcecode.swift; path = "Notification.Name+Extensions.swift"; sourceTree = "<group>"; };
		036B6C4F252EE31600A8C1D1 /* Source+Extensions.swift */ = {isa = PBXFileReference; lastKnownFileType = sourcecode.swift; path = "Source+Extensions.swift"; sourceTree = "<group>"; };
		036B6C59252EE3E600A8C1D1 /* SourceType.swift */ = {isa = PBXFileReference; lastKnownFileType = sourcecode.swift; path = SourceType.swift; sourceTree = "<group>"; };
		036B6C63252EE49900A8C1D1 /* Event+Extensions.swift */ = {isa = PBXFileReference; lastKnownFileType = sourcecode.swift; path = "Event+Extensions.swift"; sourceTree = "<group>"; };
		036B6C6D252EE51900A8C1D1 /* DynamicSource+Extensions.swift */ = {isa = PBXFileReference; lastKnownFileType = sourcecode.swift; path = "DynamicSource+Extensions.swift"; sourceTree = "<group>"; };
		036B6C77252EE91A00A8C1D1 /* RangeSource+Extensions.swift */ = {isa = PBXFileReference; lastKnownFileType = sourcecode.swift; path = "RangeSource+Extensions.swift"; sourceTree = "<group>"; };
		036B6C81252EE9FA00A8C1D1 /* ValueSource+Extensions.swift */ = {isa = PBXFileReference; lastKnownFileType = sourcecode.swift; path = "ValueSource+Extensions.swift"; sourceTree = "<group>"; };
		03742E132530338F00FD3932 /* Int+Extensions.swift */ = {isa = PBXFileReference; lastKnownFileType = sourcecode.swift; path = "Int+Extensions.swift"; sourceTree = "<group>"; };
		037E0C4A252C9D45008B2CB5 /* Condition+Extensions.swift */ = {isa = PBXFileReference; lastKnownFileType = sourcecode.swift; path = "Condition+Extensions.swift"; sourceTree = "<group>"; };
		037E0C54252C9E32008B2CB5 /* FallbackProtocol.swift */ = {isa = PBXFileReference; lastKnownFileType = sourcecode.swift; path = FallbackProtocol.swift; sourceTree = "<group>"; };
		037E0C67252C9FC4008B2CB5 /* History+Extensions.swift */ = {isa = PBXFileReference; lastKnownFileType = sourcecode.swift; path = "History+Extensions.swift"; sourceTree = "<group>"; };
		037E0C79252CA038008B2CB5 /* Net+Extensions.swift */ = {isa = PBXFileReference; lastKnownFileType = sourcecode.swift; path = "Net+Extensions.swift"; sourceTree = "<group>"; };
		037E0C8B252CA065008B2CB5 /* ProcessFlow+Extensions.swift */ = {isa = PBXFileReference; lastKnownFileType = sourcecode.swift; path = "ProcessFlow+Extensions.swift"; sourceTree = "<group>"; };
		037E0C95252CA0B3008B2CB5 /* Stock+Extensions.swift */ = {isa = PBXFileReference; lastKnownFileType = sourcecode.swift; path = "Stock+Extensions.swift"; sourceTree = "<group>"; };
		037E0C9F252CAA36008B2CB5 /* DateStock.swift */ = {isa = PBXFileReference; lastKnownFileType = sourcecode.swift; path = DateStock.swift; sourceTree = "<group>"; };
		037E0CB3252CAC5E008B2CB5 /* DashboardSuggestedFlows.swift */ = {isa = PBXFileReference; lastKnownFileType = sourcecode.swift; path = DashboardSuggestedFlows.swift; sourceTree = "<group>"; };
		0380CBA2252B40D90049DAAD /* UseCase.swift */ = {isa = PBXFileReference; lastKnownFileType = sourcecode.swift; path = UseCase.swift; sourceTree = "<group>"; };
		0380CC27252B740A0049DAAD /* Searchable.swift */ = {isa = PBXFileReference; lastKnownFileType = sourcecode.swift; path = Searchable.swift; sourceTree = "<group>"; };
		038157A4251CCA2500D60752 /* Center.app */ = {isa = PBXFileReference; explicitFileType = wrapper.application; includeInIndex = 0; path = Center.app; sourceTree = BUILT_PRODUCTS_DIR; };
		038157AB251CCA2600D60752 /* Assets.xcassets */ = {isa = PBXFileReference; lastKnownFileType = folder.assetcatalog; path = Assets.xcassets; sourceTree = "<group>"; };
		038157B5251CCA2600D60752 /* Info.plist */ = {isa = PBXFileReference; lastKnownFileType = text.plist.xml; path = Info.plist; sourceTree = "<group>"; };
		038157BA251CCA2600D60752 /* CenterTests.xctest */ = {isa = PBXFileReference; explicitFileType = wrapper.cfbundle; includeInIndex = 0; path = CenterTests.xctest; sourceTree = BUILT_PRODUCTS_DIR; };
		038157BE251CCA2600D60752 /* CenterTests.swift */ = {isa = PBXFileReference; lastKnownFileType = sourcecode.swift; path = CenterTests.swift; sourceTree = "<group>"; };
		038157C0251CCA2600D60752 /* Info.plist */ = {isa = PBXFileReference; lastKnownFileType = text.plist.xml; path = Info.plist; sourceTree = "<group>"; };
		038157C5251CCA2600D60752 /* CenterUITests.xctest */ = {isa = PBXFileReference; explicitFileType = wrapper.cfbundle; includeInIndex = 0; path = CenterUITests.xctest; sourceTree = BUILT_PRODUCTS_DIR; };
		038157C9251CCA2600D60752 /* CenterUITests.swift */ = {isa = PBXFileReference; lastKnownFileType = sourcecode.swift; path = CenterUITests.swift; sourceTree = "<group>"; };
		038157CB251CCA2600D60752 /* Info.plist */ = {isa = PBXFileReference; lastKnownFileType = text.plist.xml; path = Info.plist; sourceTree = "<group>"; };
		038157EC251D0A1F00D60752 /* ArchitectureNotes.md */ = {isa = PBXFileReference; lastKnownFileType = net.daringfireball.markdown; path = ArchitectureNotes.md; sourceTree = "<group>"; };
		0386646D251E36DA00418C54 /* TableViewDataSource.swift */ = {isa = PBXFileReference; lastKnownFileType = sourcecode.swift; path = TableViewDataSource.swift; sourceTree = "<group>"; };
		038664E5251F1FE100418C54 /* StyleGuide.md */ = {isa = PBXFileReference; lastKnownFileType = net.daringfireball.markdown; path = StyleGuide.md; sourceTree = "<group>"; };
		03866532251F27A400418C54 /* SystemListingViewController.swift */ = {isa = PBXFileReference; lastKnownFileType = sourcecode.swift; path = SystemListingViewController.swift; sourceTree = "<group>"; };
		03866582251F298D00418C54 /* FilterViewController.swift */ = {isa = PBXFileReference; lastKnownFileType = sourcecode.swift; path = FilterViewController.swift; sourceTree = "<group>"; };
		0386658A251F299700418C54 /* SearchViewController.swift */ = {isa = PBXFileReference; lastKnownFileType = sourcecode.swift; path = SearchViewController.swift; sourceTree = "<group>"; };
		03866599251F2B9C00418C54 /* Icon.swift */ = {isa = PBXFileReference; lastKnownFileType = sourcecode.swift; path = Icon.swift; sourceTree = "<group>"; };
		038665A7251F2E2800418C54 /* UIImage+Extensions.swift */ = {isa = PBXFileReference; lastKnownFileType = sourcecode.swift; path = "UIImage+Extensions.swift"; sourceTree = "<group>"; };
		03AF21D4252F2A0F00468AB4 /* EntityType.swift */ = {isa = PBXFileReference; lastKnownFileType = sourcecode.swift; path = EntityType.swift; sourceTree = "<group>"; };
		03AF21DD252F2A8900468AB4 /* Database+Extensions.swift */ = {isa = PBXFileReference; lastKnownFileType = sourcecode.swift; path = "Database+Extensions.swift"; sourceTree = "<group>"; };
		03AF21EF252F2AB400468AB4 /* LibraryListCellModel.swift */ = {isa = PBXFileReference; lastKnownFileType = sourcecode.swift; path = LibraryListCellModel.swift; sourceTree = "<group>"; };
		03AF21F8252F2AC700468AB4 /* SystemListCellModel.swift */ = {isa = PBXFileReference; lastKnownFileType = sourcecode.swift; path = SystemListCellModel.swift; sourceTree = "<group>"; };
		03AF2201252F2ADA00468AB4 /* FlowListCellModel.swift */ = {isa = PBXFileReference; lastKnownFileType = sourcecode.swift; path = FlowListCellModel.swift; sourceTree = "<group>"; };
		03AF2212252F2B6800468AB4 /* EventDetailViewModel.swift */ = {isa = PBXFileReference; lastKnownFileType = sourcecode.swift; path = EventDetailViewModel.swift; sourceTree = "<group>"; };
		03AF2222252F2F7300468AB4 /* ConditionListCellModel.swift */ = {isa = PBXFileReference; lastKnownFileType = sourcecode.swift; path = ConditionListCellModel.swift; sourceTree = "<group>"; };
		03AF2233252F2FE100468AB4 /* ConditionDetailViewModel.swift */ = {isa = PBXFileReference; lastKnownFileType = sourcecode.swift; path = ConditionDetailViewModel.swift; sourceTree = "<group>"; };
		03AF223C252F306800468AB4 /* HistoryListCellModel.swift */ = {isa = PBXFileReference; lastKnownFileType = sourcecode.swift; path = HistoryListCellModel.swift; sourceTree = "<group>"; };
		03AF2245252F30AE00468AB4 /* FilterDetailViewModel.swift */ = {isa = PBXFileReference; lastKnownFileType = sourcecode.swift; path = FilterDetailViewModel.swift; sourceTree = "<group>"; };
		03AF224E252F310100468AB4 /* SearchViewModel.swift */ = {isa = PBXFileReference; lastKnownFileType = sourcecode.swift; path = SearchViewModel.swift; sourceTree = "<group>"; };
		03AF2258252F313800468AB4 /* Filter.swift */ = {isa = PBXFileReference; lastKnownFileType = sourcecode.swift; path = Filter.swift; sourceTree = "<group>"; };
		03AF2268252F316500468AB4 /* SearchResultListCellModel.swift */ = {isa = PBXFileReference; lastKnownFileType = sourcecode.swift; path = SearchResultListCellModel.swift; sourceTree = "<group>"; };
		03AF2271252F31C600468AB4 /* FlowDetailViewModel.swift */ = {isa = PBXFileReference; lastKnownFileType = sourcecode.swift; path = FlowDetailViewModel.swift; sourceTree = "<group>"; };
		03AF227A252F31F700468AB4 /* EventListCellModel.swift */ = {isa = PBXFileReference; lastKnownFileType = sourcecode.swift; path = EventListCellModel.swift; sourceTree = "<group>"; };
		03AF228B252F32BC00468AB4 /* FlowDetailInteractor.swift */ = {isa = PBXFileReference; lastKnownFileType = sourcecode.swift; path = FlowDetailInteractor.swift; sourceTree = "<group>"; };
		03AF229B252F337000468AB4 /* LibraryDetailListInteractor.swift */ = {isa = PBXFileReference; lastKnownFileType = sourcecode.swift; path = LibraryDetailListInteractor.swift; sourceTree = "<group>"; };
		03AF22A4252F33EA00468AB4 /* SystemDetailInteractor.swift */ = {isa = PBXFileReference; lastKnownFileType = sourcecode.swift; path = SystemDetailInteractor.swift; sourceTree = "<group>"; };
		03AF22AD252F356600468AB4 /* StockDetailViewModel.swift */ = {isa = PBXFileReference; lastKnownFileType = sourcecode.swift; path = StockDetailViewModel.swift; sourceTree = "<group>"; };
		03AF22B6252F35A800468AB4 /* StateListCellModel.swift */ = {isa = PBXFileReference; lastKnownFileType = sourcecode.swift; path = StateListCellModel.swift; sourceTree = "<group>"; };
		03AF2350252F362D00468AB4 /* NoteListCellModel.swift */ = {isa = PBXFileReference; lastKnownFileType = sourcecode.swift; path = NoteListCellModel.swift; sourceTree = "<group>"; };
		03AF2359252F365D00468AB4 /* StockDetailInteractor.swift */ = {isa = PBXFileReference; lastKnownFileType = sourcecode.swift; path = StockDetailInteractor.swift; sourceTree = "<group>"; };
		03AF2362252F43BC00468AB4 /* AmountDetailInteractor.swift */ = {isa = PBXFileReference; lastKnownFileType = sourcecode.swift; path = AmountDetailInteractor.swift; sourceTree = "<group>"; };
		03AF236B252F485100468AB4 /* ConditionType.swift */ = {isa = PBXFileReference; lastKnownFileType = sourcecode.swift; path = ConditionType.swift; sourceTree = "<group>"; };
		03AF237B252F535400468AB4 /* Entity+Extensions.swift */ = {isa = PBXFileReference; lastKnownFileType = sourcecode.swift; path = "Entity+Extensions.swift"; sourceTree = "<group>"; };
		03AF2392252F57E300468AB4 /* EventListCell.swift */ = {isa = PBXFileReference; lastKnownFileType = sourcecode.swift; path = EventListCell.swift; sourceTree = "<group>"; };
		03C0159F25301E860006F67E /* Main.swift */ = {isa = PBXFileReference; lastKnownFileType = sourcecode.swift; path = Main.swift; sourceTree = "<group>"; };
		03C015A925301FB30006F67E /* TabBarItem+Extensions.swift */ = {isa = PBXFileReference; lastKnownFileType = sourcecode.swift; path = "TabBarItem+Extensions.swift"; sourceTree = "<group>"; };
		03CE2422251F3D7400CE699A /* InboxViewFactory.swift */ = {isa = PBXFileReference; lastKnownFileType = sourcecode.swift; path = InboxViewFactory.swift; sourceTree = "<group>"; };
		03CE2432251F3F4C00CE699A /* SettingsViewFactory.swift */ = {isa = PBXFileReference; lastKnownFileType = sourcecode.swift; path = SettingsViewFactory.swift; sourceTree = "<group>"; };
		03CE247A251F4FCD00CE699A /* TableViewDelegate.swift */ = {isa = PBXFileReference; lastKnownFileType = sourcecode.swift; path = TableViewDelegate.swift; sourceTree = "<group>"; };
		03CE2483251F555A00CE699A /* SearchBarDelegate.swift */ = {isa = PBXFileReference; lastKnownFileType = sourcecode.swift; path = SearchBarDelegate.swift; sourceTree = "<group>"; };
		03CE249B251F597E00CE699A /* TableViewSectionHeaderViewFactory.swift */ = {isa = PBXFileReference; lastKnownFileType = sourcecode.swift; path = TableViewSectionHeaderViewFactory.swift; sourceTree = "<group>"; };
		03CE24C8251F5FB400CE699A /* TableViewCellModel.swift */ = {isa = PBXFileReference; lastKnownFileType = sourcecode.swift; path = TableViewCellModel.swift; sourceTree = "<group>"; };
		03CE24DC251F60E000CE699A /* Array+Extensions.swift */ = {isa = PBXFileReference; lastKnownFileType = sourcecode.swift; path = "Array+Extensions.swift"; sourceTree = "<group>"; };
		03E94B082521AEDB00DE2340 /* Preview.playground */ = {isa = PBXFileReference; lastKnownFileType = file.playground; path = Preview.playground; sourceTree = SOURCE_ROOT; xcLanguageSpecificationIdentifier = xcode.lang.swift; };
		03E94B172521B09400DE2340 /* SpacerView.swift */ = {isa = PBXFileReference; lastKnownFileType = sourcecode.swift; path = SpacerView.swift; sourceTree = "<group>"; };
		03E94B252521B1D900DE2340 /* UIView+Extensions.swift */ = {isa = PBXFileReference; lastKnownFileType = sourcecode.swift; path = "UIView+Extensions.swift"; sourceTree = "<group>"; };
		03E94B2D2521B6D600DE2340 /* UIColor+Extensions.swift */ = {isa = PBXFileReference; lastKnownFileType = sourcecode.swift; path = "UIColor+Extensions.swift"; sourceTree = "<group>"; };
		03EFF4BA252C834700D27F53 /* DemoGenerator.swift */ = {isa = PBXFileReference; lastKnownFileType = sourcecode.swift; path = DemoGenerator.swift; sourceTree = "<group>"; };
/* End PBXFileReference section */

/* Begin PBXFrameworksBuildPhase section */
		038157A1251CCA2500D60752 /* Frameworks */ = {
			isa = PBXFrameworksBuildPhase;
			buildActionMask = 2147483647;
			files = (
			);
			runOnlyForDeploymentPostprocessing = 0;
		};
		038157B7251CCA2600D60752 /* Frameworks */ = {
			isa = PBXFrameworksBuildPhase;
			buildActionMask = 2147483647;
			files = (
			);
			runOnlyForDeploymentPostprocessing = 0;
		};
		038157C2251CCA2600D60752 /* Frameworks */ = {
			isa = PBXFrameworksBuildPhase;
			buildActionMask = 2147483647;
			files = (
			);
			runOnlyForDeploymentPostprocessing = 0;
		};
/* End PBXFrameworksBuildPhase section */

/* Begin PBXGroup section */
		0303E446251DC7070060BCB5 /* View Hierarchy */ = {
			isa = PBXGroup;
			children = (
				03866531251F279500418C54 /* Library List Detail */,
				03866528251F274000418C54 /* Info */,
				03AF228A252F32A500468AB4 /* Interactors */,
				0386657F251F295E00418C54 /* Search */,
				03866530251F278100418C54 /* Stock */,
				0386652F251F277400418C54 /* System */,
				03866520251F272C00418C54 /* Tab Bar (Root) */,
				03AF222B252F2FCC00468AB4 /* View Models */,
			);
			path = "View Hierarchy";
			sourceTree = "<group>";
		};
		03122FA7252C2BD900ECBEBF /* Model */ = {
			isa = PBXGroup;
			children = (
				0312303C252C673800ECBEBF /* Database.swift */,
				03AF21DD252F2A8900468AB4 /* Database+Extensions.swift */,
				03EFF4BA252C834700D27F53 /* DemoGenerator.swift */,
				03122FFA252C65AA00ECBEBF /* Entity Extensions */,
				035B99DD252F71F10080785C /* Entity Protocols */,
				03122F9C252C23C500ECBEBF /* Model.xcdatamodeld */,
			);
			path = Model;
			sourceTree = "<group>";
		};
		03122FA8252C2BE200ECBEBF /* Types */ = {
			isa = PBXGroup;
			children = (
				03122F80252C200900ECBEBF /* AmountType.swift */,
				03122F81252C200900ECBEBF /* Comparison.swift */,
				03122F85252C200900ECBEBF /* CompletionType.swift */,
				03AF236B252F485100468AB4 /* ConditionType.swift */,
				03AF21D4252F2A0F00468AB4 /* EntityType.swift */,
				03122F7F252C200900ECBEBF /* HistoryEvent.swift */,
				03122F84252C200900ECBEBF /* IdealType.swift */,
				03122F7E252C200900ECBEBF /* Order.swift */,
				03122F86252C200900ECBEBF /* Priority.swift */,
				036B6C59252EE3E600A8C1D1 /* SourceType.swift */,
				03122F88252C200A00ECBEBF /* TextSize.swift */,
				03122F87252C200A00ECBEBF /* TextStyle.swift */,
				03122F83252C200900ECBEBF /* TimePeriod.swift */,
			);
			path = Types;
			sourceTree = "<group>";
		};
		03122FFA252C65AA00ECBEBF /* Entity Extensions */ = {
			isa = PBXGroup;
			children = (
				037E0C4A252C9D45008B2CB5 /* Condition+Extensions.swift */,
				03122FFB252C65B700ECBEBF /* Contact+Extensions.swift */,
				036B6C6D252EE51900A8C1D1 /* DynamicSource+Extensions.swift */,
				03AF237B252F535400468AB4 /* Entity+Extensions.swift */,
				036B6C63252EE49900A8C1D1 /* Event+Extensions.swift */,
				037E0C67252C9FC4008B2CB5 /* History+Extensions.swift */,
				03123032252C669600ECBEBF /* ImageBlock+Searchable.swift */,
				037E0C79252CA038008B2CB5 /* Net+Extensions.swift */,
				037E0C8B252CA065008B2CB5 /* ProcessFlow+Extensions.swift */,
				036B6C77252EE91A00A8C1D1 /* RangeSource+Extensions.swift */,
				036B6C4F252EE31600A8C1D1 /* Source+Extensions.swift */,
				037E0C95252CA0B3008B2CB5 /* Stock+Extensions.swift */,
				0312301E252C666200ECBEBF /* Symbol+Extensions.swift */,
				035B99F3252F72030080785C /* System+Extensions.swift */,
				03123028252C668C00ECBEBF /* TextBlock+Searchable.swift */,
				036B6C81252EE9FA00A8C1D1 /* ValueSource+Extensions.swift */,
			);
			path = "Entity Extensions";
			sourceTree = "<group>";
		};
		03185011251E3058002DE065 /* Dashboard */ = {
			isa = PBXGroup;
			children = (
				034B7B122535CF9A00EB84D1 /* Dashboard.swift */,
				034B7B162535CFFC00EB84D1 /* DashboardSearchBarDelegate.swift */,
			);
			path = Dashboard;
			sourceTree = "<group>";
		};
		03185020251E33B4002DE065 /* Library */ = {
			isa = PBXGroup;
			children = (
				035B9A37252F7A980080785C /* LibraryListEnvironment.swift */,
				0318502B251E33F5002DE065 /* LibraryListViewController.swift */,
				0318503E251E34B4002DE065 /* LibraryListViewFactory.swift */,
				035B9A14252F74E60080785C /* Table View */,
			);
			path = Library;
			sourceTree = "<group>";
		};
		03185021251E33BA002DE065 /* Inbox */ = {
			isa = PBXGroup;
			children = (
				03185023251E33D4002DE065 /* InboxViewController.swift */,
				03CE2422251F3D7400CE699A /* InboxViewFactory.swift */,
			);
			path = Inbox;
			sourceTree = "<group>";
		};
		03185022251E33BE002DE065 /* Settings */ = {
			isa = PBXGroup;
			children = (
				03185033251E3401002DE065 /* SettingsViewController.swift */,
				03CE2432251F3F4C00CE699A /* SettingsViewFactory.swift */,
			);
			path = Settings;
			sourceTree = "<group>";
		};
		034AE0EC2532287A0052E223 /* Enumerations */ = {
			isa = PBXGroup;
			children = (
				034AE0ED253228860052E223 /* TabBarItem.swift */,
				034AE10B253228D30052E223 /* DashboardSectionHeader.swift */,
				034AE123253229070052E223 /* SearchViewType.swift */,
			);
			path = Enumerations;
			sourceTree = "<group>";
		};
		035B99B3252F6E5D0080785C /* Pinned List */ = {
			isa = PBXGroup;
			children = (
				035B99BD252F6E9D0080785C /* PinnedListCell.swift */,
				035B99B4252F6E8B0080785C /* PinnedListCellModel.swift */,
			);
			path = "Pinned List";
			sourceTree = "<group>";
		};
		035B99DD252F71F10080785C /* Entity Protocols */ = {
			isa = PBXGroup;
			children = (
				035B99D4252F71EE0080785C /* Named.swift */,
			);
			path = "Entity Protocols";
			sourceTree = "<group>";
		};
		035B9A03252F74370080785C /* Library List */ = {
			isa = PBXGroup;
			children = (
				035B9A04252F74590080785C /* LibraryListCell.swift */,
				03AF21EF252F2AB400468AB4 /* LibraryListCellModel.swift */,
			);
			path = "Library List";
			sourceTree = "<group>";
		};
		035B9A14252F74E60080785C /* Table View */ = {
			isa = PBXGroup;
			children = (
				035B9A15252F751F0080785C /* LibraryListTableViewDataSource.swift */,
				035B9A25252F75300080785C /* LibraryListTableViewDelegate.swift */,
			);
			path = "Table View";
			sourceTree = "<group>";
		};
		035B9A5C252F7E3F0080785C /* Condition List */ = {
			isa = PBXGroup;
			children = (
				03AF2222252F2F7300468AB4 /* ConditionListCellModel.swift */,
			);
			path = "Condition List";
			sourceTree = "<group>";
		};
		035B9A5D252F7E4C0080785C /* Flow List */ = {
			isa = PBXGroup;
			children = (
				03AF2201252F2ADA00468AB4 /* FlowListCellModel.swift */,
			);
			path = "Flow List";
			sourceTree = "<group>";
		};
		035B9A71252F7E510080785C /* History List */ = {
			isa = PBXGroup;
			children = (
				03AF223C252F306800468AB4 /* HistoryListCellModel.swift */,
			);
			path = "History List";
			sourceTree = "<group>";
		};
		035B9A80252F7E570080785C /* Note List */ = {
			isa = PBXGroup;
			children = (
				03AF2350252F362D00468AB4 /* NoteListCellModel.swift */,
			);
			path = "Note List";
			sourceTree = "<group>";
		};
		035B9A88252F7E5C0080785C /* Search Result List */ = {
			isa = PBXGroup;
			children = (
				03AF2268252F316500468AB4 /* SearchResultListCellModel.swift */,
			);
			path = "Search Result List";
			sourceTree = "<group>";
		};
		035B9A90252F7E620080785C /* State List */ = {
			isa = PBXGroup;
			children = (
				03AF22B6252F35A800468AB4 /* StateListCellModel.swift */,
			);
			path = "State List";
			sourceTree = "<group>";
		};
		035B9A9F252F7E670080785C /* System List */ = {
			isa = PBXGroup;
			children = (
				03AF21F8252F2AC700468AB4 /* SystemListCellModel.swift */,
			);
			path = "System List";
			sourceTree = "<group>";
		};
		0360B301252C761000B3197E /* Protocols */ = {
			isa = PBXGroup;
			children = (
				037E0C54252C9E32008B2CB5 /* FallbackProtocol.swift */,
				0380CC27252B740A0049DAAD /* Searchable.swift */,
			);
			path = Protocols;
			sourceTree = "<group>";
		};
		0381579B251CCA2500D60752 = {
			isa = PBXGroup;
			children = (
				038157EC251D0A1F00D60752 /* ArchitectureNotes.md */,
				038664E5251F1FE100418C54 /* StyleGuide.md */,
				03E94B082521AEDB00DE2340 /* Preview.playground */,
				038157A6251CCA2500D60752 /* Center */,
				EEE177D713562F7128CA7775 /* Pods */,
				038157A5251CCA2500D60752 /* Products */,
			);
			sourceTree = "<group>";
		};
		038157A5251CCA2500D60752 /* Products */ = {
			isa = PBXGroup;
			children = (
				038157A4251CCA2500D60752 /* Center.app */,
				038157BA251CCA2600D60752 /* CenterTests.xctest */,
				038157C5251CCA2600D60752 /* CenterUITests.xctest */,
			);
			name = Products;
			sourceTree = "<group>";
		};
		038157A6251CCA2500D60752 /* Center */ = {
			isa = PBXGroup;
			children = (
				038157B5251CCA2600D60752 /* Info.plist */,
				0303E44E251DC7CD0060BCB5 /* LaunchScreen.storyboard */,
				0303E37F251DBE360060BCB5 /* AppDelegate.swift */,
				0303E38A251DBEDF0060BCB5 /* SceneDelegate.swift */,
				03C0159F25301E860006F67E /* Main.swift */,
				038157AB251CCA2600D60752 /* Assets.xcassets */,
				038157BD251CCA2600D60752 /* CenterTests */,
				038157C8251CCA2600D60752 /* CenterUITests */,
				039033ED2535BC8200C478B1 /* Code */,
			);
			path = Center;
			sourceTree = "<group>";
		};
		038157BD251CCA2600D60752 /* CenterTests */ = {
			isa = PBXGroup;
			children = (
				038157C0251CCA2600D60752 /* Info.plist */,
				038157BE251CCA2600D60752 /* CenterTests.swift */,
			);
			path = CenterTests;
			sourceTree = "<group>";
		};
		038157C8251CCA2600D60752 /* CenterUITests */ = {
			isa = PBXGroup;
			children = (
				038157CB251CCA2600D60752 /* Info.plist */,
				038157C9251CCA2600D60752 /* CenterUITests.swift */,
			);
			path = CenterUITests;
			sourceTree = "<group>";
		};
		03866520251F272C00418C54 /* Tab Bar (Root) */ = {
			isa = PBXGroup;
			children = (
				03866521251F273700418C54 /* Child View Controllers */,
			);
			path = "Tab Bar (Root)";
			sourceTree = "<group>";
		};
		03866521251F273700418C54 /* Child View Controllers */ = {
			isa = PBXGroup;
			children = (
				03185011251E3058002DE065 /* Dashboard */,
				03185021251E33BA002DE065 /* Inbox */,
				03185020251E33B4002DE065 /* Library */,
				03185022251E33BE002DE065 /* Settings */,
			);
			path = "Child View Controllers";
			sourceTree = "<group>";
		};
		03866528251F274000418C54 /* Info */ = {
			isa = PBXGroup;
			children = (
			);
			path = Info;
			sourceTree = "<group>";
		};
		0386652F251F277400418C54 /* System */ = {
			isa = PBXGroup;
			children = (
			);
			path = System;
			sourceTree = "<group>";
		};
		03866530251F278100418C54 /* Stock */ = {
			isa = PBXGroup;
			children = (
			);
			path = Stock;
			sourceTree = "<group>";
		};
		03866531251F279500418C54 /* Library List Detail */ = {
			isa = PBXGroup;
			children = (
				0386654A251F27C800418C54 /* Conversion Listing */,
				0386654B251F27CD00418C54 /* Dimension Listing */,
				03866549251F27C200418C54 /* Event Listing */,
				03866548251F27BD00418C54 /* Flow Listing */,
				0386654D251F27D800418C54 /* Note Listing */,
				0386654E251F27DE00418C54 /* Process Listing */,
				03866547251F27B800418C54 /* Stock Listing */,
				0386654C251F27D300418C54 /* Symbol Listing */,
				03866540251F27A900418C54 /* System Listing */,
			);
			path = "Library List Detail";
			sourceTree = "<group>";
		};
		03866540251F27A900418C54 /* System Listing */ = {
			isa = PBXGroup;
			children = (
				03866532251F27A400418C54 /* SystemListingViewController.swift */,
			);
			path = "System Listing";
			sourceTree = "<group>";
		};
		03866547251F27B800418C54 /* Stock Listing */ = {
			isa = PBXGroup;
			children = (
			);
			path = "Stock Listing";
			sourceTree = "<group>";
		};
		03866548251F27BD00418C54 /* Flow Listing */ = {
			isa = PBXGroup;
			children = (
			);
			path = "Flow Listing";
			sourceTree = "<group>";
		};
		03866549251F27C200418C54 /* Event Listing */ = {
			isa = PBXGroup;
			children = (
			);
			path = "Event Listing";
			sourceTree = "<group>";
		};
		0386654A251F27C800418C54 /* Conversion Listing */ = {
			isa = PBXGroup;
			children = (
			);
			path = "Conversion Listing";
			sourceTree = "<group>";
		};
		0386654B251F27CD00418C54 /* Dimension Listing */ = {
			isa = PBXGroup;
			children = (
			);
			path = "Dimension Listing";
			sourceTree = "<group>";
		};
		0386654C251F27D300418C54 /* Symbol Listing */ = {
			isa = PBXGroup;
			children = (
			);
			path = "Symbol Listing";
			sourceTree = "<group>";
		};
		0386654D251F27D800418C54 /* Note Listing */ = {
			isa = PBXGroup;
			children = (
			);
			path = "Note Listing";
			sourceTree = "<group>";
		};
		0386654E251F27DE00418C54 /* Process Listing */ = {
			isa = PBXGroup;
			children = (
			);
			path = "Process Listing";
			sourceTree = "<group>";
		};
		03866561251F288500418C54 /* Components */ = {
			isa = PBXGroup;
			children = (
				03C015A825301FA60006F67E /* Tab Bar Item */,
				03AF239B252F57E800468AB4 /* Table View Cells */,
				03E94B162521B08400DE2340 /* Spacer */,
				03CE2492251F58FB00CE699A /* Table View Section Header */,
			);
			path = Components;
			sourceTree = "<group>";
		};
		0386657F251F295E00418C54 /* Search */ = {
			isa = PBXGroup;
			children = (
				0386658A251F299700418C54 /* SearchViewController.swift */,
				03866580251F297600418C54 /* Child View Controllers */,
			);
			path = Search;
			sourceTree = "<group>";
		};
		03866580251F297600418C54 /* Child View Controllers */ = {
			isa = PBXGroup;
			children = (
				03866581251F297D00418C54 /* Filter */,
			);
			path = "Child View Controllers";
			sourceTree = "<group>";
		};
		03866581251F297D00418C54 /* Filter */ = {
			isa = PBXGroup;
			children = (
				03866582251F298D00418C54 /* FilterViewController.swift */,
			);
			path = Filter;
			sourceTree = "<group>";
		};
		039033ED2535BC8200C478B1 /* Code */ = {
			isa = PBXGroup;
			children = (
				03CE24DC251F60E000CE699A /* Array+Extensions.swift */,
				0303E42E251DC4230060BCB5 /* CollectionView.swift */,
				0303E43E251DC4950060BCB5 /* CollectionViewCell.swift */,
				03AF2233252F2FE100468AB4 /* ConditionDetailViewModel.swift */,
				037E0CB3252CAC5E008B2CB5 /* DashboardSuggestedFlows.swift */,
				037E0C9F252CAA36008B2CB5 /* DateStock.swift */,
				03AF2212252F2B6800468AB4 /* EventDetailViewModel.swift */,
				03AF2245252F30AE00468AB4 /* FilterDetailViewModel.swift */,
				03AF2271252F31C600468AB4 /* FlowDetailViewModel.swift */,
				03866599251F2B9C00418C54 /* Icon.swift */,
				03742E132530338F00FD3932 /* Int+Extensions.swift */,
				034AE14425322E200052E223 /* LibraryList.swift */,
				0303E410251DC2110060BCB5 /* NavigationController.swift */,
				0368537E2528487700782265 /* Notification.Name+Extensions.swift */,
				036853582528426800782265 /* Observer.swift */,
				03685367252845E300782265 /* ObserverForSceneUpdatesEventResponder.swift */,
				036853752528471C00782265 /* ObserverForViewController.swift */,
				03CE2483251F555A00CE699A /* SearchBarDelegate.swift */,
				03AF224E252F310100468AB4 /* SearchViewModel.swift */,
				03AF22AD252F356600468AB4 /* StockDetailViewModel.swift */,
				0303E426251DC3F60060BCB5 /* TabBar.swift */,
				034DA0F9251DC9C100ABDC6E /* TabBarController.swift */,
				0303E408251DC2080060BCB5 /* TableView.swift */,
				034AE13425322E100052E223 /* TableView+Functions.swift */,
				0303E436251DC4610060BCB5 /* TableViewCell.swift */,
				034AE15F25322E560052E223 /* TableViewCell+Functions.swift */,
				03CE24C8251F5FB400CE699A /* TableViewCellModel.swift */,
				0386646D251E36DA00418C54 /* TableViewDataSource.swift */,
				034AE15625322E470052E223 /* TableViewDataSource+Functions.swift */,
				034AE0DA2532282A0052E223 /* TableViewDataSourceModel.swift */,
				034AE18425322EEA0052E223 /* TableViewDataSourceModel+Functions.swift */,
				03CE247A251F4FCD00CE699A /* TableViewDelegate.swift */,
				034AE0E3253228690052E223 /* TableViewDelegateModel.swift */,
				03632738251F2FD80088681D /* TableViewHeaderModel.swift */,
				034AE0CA2532280C0052E223 /* TableViewModel.swift */,
				03E94B2D2521B6D600DE2340 /* UIColor+Extensions.swift */,
				038665A7251F2E2800418C54 /* UIImage+Extensions.swift */,
				03E94B252521B1D900DE2340 /* UIView+Extensions.swift */,
				0380CBA2252B40D90049DAAD /* UseCase.swift */,
				0303E400251DC2010060BCB5 /* View.swift */,
				0303E3F8251DC1F80060BCB5 /* ViewController.swift */,
				03866561251F288500418C54 /* Components */,
				03AF2257252F312C00468AB4 /* Data Models */,
				034AE0EC2532287A0052E223 /* Enumerations */,
				03122FA7252C2BD900ECBEBF /* Model */,
				0360B301252C761000B3197E /* Protocols */,
				03122FA8252C2BE200ECBEBF /* Types */,
				0303E446251DC7070060BCB5 /* View Hierarchy */,
			);
			path = Code;
			sourceTree = "<group>";
		};
		03AF222B252F2FCC00468AB4 /* View Models */ = {
			isa = PBXGroup;
			children = (
			);
			path = "View Models";
			sourceTree = "<group>";
		};
		03AF2257252F312C00468AB4 /* Data Models */ = {
			isa = PBXGroup;
			children = (
				03AF2258252F313800468AB4 /* Filter.swift */,
			);
			path = "Data Models";
			sourceTree = "<group>";
		};
		03AF228A252F32A500468AB4 /* Interactors */ = {
			isa = PBXGroup;
			children = (
				03AF2362252F43BC00468AB4 /* AmountDetailInteractor.swift */,
				03AF228B252F32BC00468AB4 /* FlowDetailInteractor.swift */,
				03AF229B252F337000468AB4 /* LibraryDetailListInteractor.swift */,
				03AF2359252F365D00468AB4 /* StockDetailInteractor.swift */,
				03AF22A4252F33EA00468AB4 /* SystemDetailInteractor.swift */,
			);
			path = Interactors;
			sourceTree = "<group>";
		};
		03AF239B252F57E800468AB4 /* Table View Cells */ = {
			isa = PBXGroup;
			children = (
				035B9A5C252F7E3F0080785C /* Condition List */,
				03AF23AA252F5A2B00468AB4 /* Event List */,
				035B9A5D252F7E4C0080785C /* Flow List */,
				035B9A71252F7E510080785C /* History List */,
				035B9A03252F74370080785C /* Library List */,
				035B9A80252F7E570080785C /* Note List */,
				035B99B3252F6E5D0080785C /* Pinned List */,
				035B9A88252F7E5C0080785C /* Search Result List */,
				035B9A90252F7E620080785C /* State List */,
				035B9A9F252F7E670080785C /* System List */,
			);
			path = "Table View Cells";
			sourceTree = "<group>";
		};
		03AF23AA252F5A2B00468AB4 /* Event List */ = {
			isa = PBXGroup;
			children = (
				03AF2392252F57E300468AB4 /* EventListCell.swift */,
				03AF227A252F31F700468AB4 /* EventListCellModel.swift */,
			);
			path = "Event List";
			sourceTree = "<group>";
		};
		03C015A825301FA60006F67E /* Tab Bar Item */ = {
			isa = PBXGroup;
			children = (
				03C015A925301FB30006F67E /* TabBarItem+Extensions.swift */,
			);
			path = "Tab Bar Item";
			sourceTree = "<group>";
		};
		03CE2492251F58FB00CE699A /* Table View Section Header */ = {
			isa = PBXGroup;
			children = (
				03CE249B251F597E00CE699A /* TableViewSectionHeaderViewFactory.swift */,
			);
			path = "Table View Section Header";
			sourceTree = "<group>";
		};
		03E94B162521B08400DE2340 /* Spacer */ = {
			isa = PBXGroup;
			children = (
				03E94B172521B09400DE2340 /* SpacerView.swift */,
			);
			path = Spacer;
			sourceTree = "<group>";
		};
		EEE177D713562F7128CA7775 /* Pods */ = {
			isa = PBXGroup;
			children = (
				031D983B25260375004BD2FD /* Podfile */,
			);
			path = Pods;
			sourceTree = "<group>";
		};
/* End PBXGroup section */

/* Begin PBXNativeTarget section */
		038157A3251CCA2500D60752 /* Center */ = {
			isa = PBXNativeTarget;
			buildConfigurationList = 038157CE251CCA2600D60752 /* Build configuration list for PBXNativeTarget "Center" */;
			buildPhases = (
				038157A0251CCA2500D60752 /* Sources */,
				038157A1251CCA2500D60752 /* Frameworks */,
				038157A2251CCA2500D60752 /* Resources */,
				0303E3AE251DBFC10060BCB5 /* Embed Frameworks */,
			);
			buildRules = (
			);
			dependencies = (
			);
			name = Center;
			productName = Center;
			productReference = 038157A4251CCA2500D60752 /* Center.app */;
			productType = "com.apple.product-type.application";
		};
		038157B9251CCA2600D60752 /* CenterTests */ = {
			isa = PBXNativeTarget;
			buildConfigurationList = 038157D1251CCA2600D60752 /* Build configuration list for PBXNativeTarget "CenterTests" */;
			buildPhases = (
				038157B6251CCA2600D60752 /* Sources */,
				038157B7251CCA2600D60752 /* Frameworks */,
				038157B8251CCA2600D60752 /* Resources */,
			);
			buildRules = (
			);
			dependencies = (
				038157BC251CCA2600D60752 /* PBXTargetDependency */,
			);
			name = CenterTests;
			productName = CenterTests;
			productReference = 038157BA251CCA2600D60752 /* CenterTests.xctest */;
			productType = "com.apple.product-type.bundle.unit-test";
		};
		038157C4251CCA2600D60752 /* CenterUITests */ = {
			isa = PBXNativeTarget;
			buildConfigurationList = 038157D4251CCA2600D60752 /* Build configuration list for PBXNativeTarget "CenterUITests" */;
			buildPhases = (
				038157C1251CCA2600D60752 /* Sources */,
				038157C2251CCA2600D60752 /* Frameworks */,
				038157C3251CCA2600D60752 /* Resources */,
			);
			buildRules = (
			);
			dependencies = (
				038157C7251CCA2600D60752 /* PBXTargetDependency */,
			);
			name = CenterUITests;
			productName = CenterUITests;
			productReference = 038157C5251CCA2600D60752 /* CenterUITests.xctest */;
			productType = "com.apple.product-type.bundle.ui-testing";
		};
/* End PBXNativeTarget section */

/* Begin PBXProject section */
		0381579C251CCA2500D60752 /* Project object */ = {
			isa = PBXProject;
			attributes = {
				LastSwiftUpdateCheck = 1200;
				LastUpgradeCheck = 1200;
				TargetAttributes = {
					038157A3251CCA2500D60752 = {
						CreatedOnToolsVersion = 12.0;
					};
					038157B9251CCA2600D60752 = {
						CreatedOnToolsVersion = 12.0;
						TestTargetID = 038157A3251CCA2500D60752;
					};
					038157C4251CCA2600D60752 = {
						CreatedOnToolsVersion = 12.0;
						TestTargetID = 038157A3251CCA2500D60752;
					};
				};
			};
			buildConfigurationList = 0381579F251CCA2500D60752 /* Build configuration list for PBXProject "Center" */;
			compatibilityVersion = "Xcode 9.3";
			developmentRegion = en;
			hasScannedForEncodings = 0;
			knownRegions = (
				en,
				Base,
			);
			mainGroup = 0381579B251CCA2500D60752;
			productRefGroup = 038157A5251CCA2500D60752 /* Products */;
			projectDirPath = "";
			projectRoot = "";
			targets = (
				038157A3251CCA2500D60752 /* Center */,
				038157B9251CCA2600D60752 /* CenterTests */,
				038157C4251CCA2600D60752 /* CenterUITests */,
			);
		};
/* End PBXProject section */

/* Begin PBXResourcesBuildPhase section */
		038157A2251CCA2500D60752 /* Resources */ = {
			isa = PBXResourcesBuildPhase;
			buildActionMask = 2147483647;
			files = (
				038157ED251D0A1F00D60752 /* ArchitectureNotes.md in Resources */,
				0303E44F251DC7CD0060BCB5 /* LaunchScreen.storyboard in Resources */,
				038157AC251CCA2600D60752 /* Assets.xcassets in Resources */,
			);
			runOnlyForDeploymentPostprocessing = 0;
		};
		038157B8251CCA2600D60752 /* Resources */ = {
			isa = PBXResourcesBuildPhase;
			buildActionMask = 2147483647;
			files = (
			);
			runOnlyForDeploymentPostprocessing = 0;
		};
		038157C3251CCA2600D60752 /* Resources */ = {
			isa = PBXResourcesBuildPhase;
			buildActionMask = 2147483647;
			files = (
			);
			runOnlyForDeploymentPostprocessing = 0;
		};
/* End PBXResourcesBuildPhase section */

/* Begin PBXSourcesBuildPhase section */
		038157A0251CCA2500D60752 /* Sources */ = {
			isa = PBXSourcesBuildPhase;
			buildActionMask = 2147483647;
			files = (
				033436E72535ACC40028F9A9 /* AmountType.swift in Sources */,
				033436E82535ACC40028F9A9 /* Comparison.swift in Sources */,
				033436E92535ACC40028F9A9 /* CompletionType.swift in Sources */,
				033436EA2535ACC40028F9A9 /* ConditionType.swift in Sources */,
				033436EB2535ACC40028F9A9 /* EntityType.swift in Sources */,
				033436EC2535ACC40028F9A9 /* HistoryEvent.swift in Sources */,
				033436ED2535ACC40028F9A9 /* IdealType.swift in Sources */,
				033436EE2535ACC40028F9A9 /* Order.swift in Sources */,
				033436EF2535ACC40028F9A9 /* Priority.swift in Sources */,
				033436F02535ACC40028F9A9 /* SourceType.swift in Sources */,
				033436F12535ACC40028F9A9 /* TextSize.swift in Sources */,
				033436F22535ACC40028F9A9 /* TextStyle.swift in Sources */,
				033436F32535ACC40028F9A9 /* TimePeriod.swift in Sources */,
				033436E22535ACBF0028F9A9 /* Named.swift in Sources */,
				033436E32535ACBF0028F9A9 /* FallbackProtocol.swift in Sources */,
				033436E42535ACBF0028F9A9 /* Searchable.swift in Sources */,
				033436CC2535ACB70028F9A9 /* Filter.swift in Sources */,
				033436CD2535ACB70028F9A9 /* Database.swift in Sources */,
				033436CE2535ACB70028F9A9 /* Database+Extensions.swift in Sources */,
				033436CF2535ACB70028F9A9 /* DemoGenerator.swift in Sources */,
				033436D02535ACB70028F9A9 /* Condition+Extensions.swift in Sources */,
				033436D12535ACB70028F9A9 /* Contact+Extensions.swift in Sources */,
				033436D22535ACB70028F9A9 /* DynamicSource+Extensions.swift in Sources */,
				033436D32535ACB70028F9A9 /* Entity+Extensions.swift in Sources */,
				033436D42535ACB70028F9A9 /* Event+Extensions.swift in Sources */,
				033436D52535ACB70028F9A9 /* History+Extensions.swift in Sources */,
				033436D62535ACB70028F9A9 /* ImageBlock+Searchable.swift in Sources */,
				033436D72535ACB70028F9A9 /* Net+Extensions.swift in Sources */,
				033436D82535ACB70028F9A9 /* ProcessFlow+Extensions.swift in Sources */,
				033436D92535ACB70028F9A9 /* RangeSource+Extensions.swift in Sources */,
				033436DA2535ACB70028F9A9 /* Source+Extensions.swift in Sources */,
				033436DB2535ACB70028F9A9 /* Stock+Extensions.swift in Sources */,
				033436DC2535ACB70028F9A9 /* Symbol+Extensions.swift in Sources */,
				033436DD2535ACB70028F9A9 /* System+Extensions.swift in Sources */,
				033436DE2535ACB70028F9A9 /* TextBlock+Searchable.swift in Sources */,
				033436DF2535ACB70028F9A9 /* ValueSource+Extensions.swift in Sources */,
				03AF22A5252F33EA00468AB4 /* SystemDetailInteractor.swift in Sources */,
				03185024251E33D4002DE065 /* InboxViewController.swift in Sources */,
				03AF2341252F35EB00468AB4 /* FlowDetailViewModel.swift in Sources */,
				0318502C251E33F5002DE065 /* LibraryListViewController.swift in Sources */,
				0334368F2535AC3B0028F9A9 /* Observer.swift in Sources */,
				0334368A2535AC3B0028F9A9 /* CollectionView.swift in Sources */,
				0373AF022526008F00B92093 /* TableViewHeaderModel.swift in Sources */,
				0334368C2535AC3B0028F9A9 /* ViewController.swift in Sources */,
				0373AF052526009100B92093 /* TableViewDelegate.swift in Sources */,
				033436752535ABE10028F9A9 /* UseCase.swift in Sources */,
				0373AF142526009C00B92093 /* TabBar.swift in Sources */,
				0303E380251DBE360060BCB5 /* AppDelegate.swift in Sources */,
				033436C32535AC7D0028F9A9 /* DashboardSuggestedFlows.swift in Sources */,
				03AF2393252F57E300468AB4 /* EventListCell.swift in Sources */,
				03CE2433251F3F4C00CE699A /* SettingsViewFactory.swift in Sources */,
				033436732535ABE10028F9A9 /* Icon.swift in Sources */,
				03CE249C251F597E00CE699A /* TableViewSectionHeaderViewFactory.swift in Sources */,
				03AF229C252F337000468AB4 /* LibraryDetailListInteractor.swift in Sources */,
				033436742535ABE10028F9A9 /* UIImage+Extensions.swift in Sources */,
				034AE124253229070052E223 /* SearchViewType.swift in Sources */,
				03AF2351252F362D00468AB4 /* NoteListCellModel.swift in Sources */,
				034AE0E4253228690052E223 /* TableViewDelegateModel.swift in Sources */,
				034AE15725322E470052E223 /* TableViewDataSource+Functions.swift in Sources */,
				033436792535ABE10028F9A9 /* UIView+Extensions.swift in Sources */,
				03AF231B252F35E200468AB4 /* ConditionDetailViewModel.swift in Sources */,
				035B9A26252F75300080785C /* LibraryListTableViewDelegate.swift in Sources */,
				03AF235A252F365D00468AB4 /* StockDetailInteractor.swift in Sources */,
				03C015A025301E860006F67E /* Main.swift in Sources */,
				03AF2363252F43BC00468AB4 /* AmountDetailInteractor.swift in Sources */,
				03AF228C252F32BC00468AB4 /* FlowDetailInteractor.swift in Sources */,
				033436892535AC3B0028F9A9 /* ObserverForSceneUpdatesEventResponder.swift in Sources */,
				035B9A38252F7A980080785C /* LibraryListEnvironment.swift in Sources */,
				034AE10C253228D30052E223 /* DashboardSectionHeader.swift in Sources */,
				03AF22AE252F356600468AB4 /* StockDetailViewModel.swift in Sources */,
				035B99B5252F6E8B0080785C /* PinnedListCellModel.swift in Sources */,
				034B7B172535CFFC00EB84D1 /* DashboardSearchBarDelegate.swift in Sources */,
				033436902535AC3B0028F9A9 /* CollectionViewCell.swift in Sources */,
				033436772535ABE10028F9A9 /* Array+Extensions.swift in Sources */,
				0334368E2535AC3B0028F9A9 /* ObserverForViewController.swift in Sources */,
				0386658B251F299700418C54 /* SearchViewController.swift in Sources */,
				034AE16025322E560052E223 /* TableViewCell+Functions.swift in Sources */,
				03E94B182521B09400DE2340 /* SpacerView.swift in Sources */,
				03AF22E4252F35D000468AB4 /* SystemListCellModel.swift in Sources */,
				03AF22BF252F35C900468AB4 /* LibraryListCellModel.swift in Sources */,
				03866533251F27A400418C54 /* SystemListingViewController.swift in Sources */,
				0334368B2535AC3B0028F9A9 /* View.swift in Sources */,
				03CE2423251F3D7400CE699A /* InboxViewFactory.swift in Sources */,
				035B9A05252F74590080785C /* LibraryListCell.swift in Sources */,
				0373AF082526009200B92093 /* TableViewDataSource.swift in Sources */,
				0373AEFF2526008C00B92093 /* TableViewCellModel.swift in Sources */,
				03AF22EC252F35D300468AB4 /* ConditionListCellModel.swift in Sources */,
				033436762535ABE10028F9A9 /* Int+Extensions.swift in Sources */,
				035B99BE252F6E9D0080785C /* PinnedListCell.swift in Sources */,
				034B7B132535CF9A00EB84D1 /* Dashboard.swift in Sources */,
				03AF22D5252F35CD00468AB4 /* FlowListCellModel.swift in Sources */,
				035B9A16252F751F0080785C /* LibraryListTableViewDataSource.swift in Sources */,
				0373AF1A252600A400B92093 /* SearchBarDelegate.swift in Sources */,
				033436782535ABE10028F9A9 /* UIColor+Extensions.swift in Sources */,
				03AF22B7252F35A800468AB4 /* StateListCellModel.swift in Sources */,
				03AF230B252F35DC00468AB4 /* EventListCellModel.swift in Sources */,
				033437062535AE5D0028F9A9 /* Model.xcdatamodeld in Sources */,
				0373AF0B2526009400B92093 /* TableViewCell.swift in Sources */,
				03AF232A252F35E600468AB4 /* FilterDetailViewModel.swift in Sources */,
				034AE14525322E200052E223 /* LibraryList.swift in Sources */,
				03C015AA25301FB30006F67E /* TabBarItem+Extensions.swift in Sources */,
				034AE0EE253228860052E223 /* TabBarItem.swift in Sources */,
				034AE0DB2532282A0052E223 /* TableViewDataSourceModel.swift in Sources */,
				0303E38B251DBEDF0060BCB5 /* SceneDelegate.swift in Sources */,
				03866583251F298D00418C54 /* FilterViewController.swift in Sources */,
				03AF2303252F35D900468AB4 /* SearchResultListCellModel.swift in Sources */,
				03AF2313252F35DF00468AB4 /* EventDetailViewModel.swift in Sources */,
				034AE13525322E100052E223 /* TableView+Functions.swift in Sources */,
				03AF22F4252F35D600468AB4 /* HistoryListCellModel.swift in Sources */,
				034AE0CB2532280C0052E223 /* TableViewModel.swift in Sources */,
				0373AF0E2526009700B92093 /* TableView.swift in Sources */,
				03185034251E3401002DE065 /* SettingsViewController.swift in Sources */,
				034AE18525322EEA0052E223 /* TableViewDataSourceModel+Functions.swift in Sources */,
				0334368D2535AC3B0028F9A9 /* Notification.Name+Extensions.swift in Sources */,
				033436882535AC3B0028F9A9 /* NavigationController.swift in Sources */,
				0373AF112526009A00B92093 /* TabBarController.swift in Sources */,
				0318503F251E34B4002DE065 /* LibraryListViewFactory.swift in Sources */,
				03AF2339252F35E800468AB4 /* SearchViewModel.swift in Sources */,
				033436C22535AC7D0028F9A9 /* DateStock.swift in Sources */,
			);
			runOnlyForDeploymentPostprocessing = 0;
		};
		038157B6251CCA2600D60752 /* Sources */ = {
			isa = PBXSourcesBuildPhase;
			buildActionMask = 2147483647;
			files = (
				038157BF251CCA2600D60752 /* CenterTests.swift in Sources */,
			);
			runOnlyForDeploymentPostprocessing = 0;
		};
		038157C1251CCA2600D60752 /* Sources */ = {
			isa = PBXSourcesBuildPhase;
			buildActionMask = 2147483647;
			files = (
				038157CA251CCA2600D60752 /* CenterUITests.swift in Sources */,
			);
			runOnlyForDeploymentPostprocessing = 0;
		};
/* End PBXSourcesBuildPhase section */

/* Begin PBXTargetDependency section */
		038157BC251CCA2600D60752 /* PBXTargetDependency */ = {
			isa = PBXTargetDependency;
			target = 038157A3251CCA2500D60752 /* Center */;
			targetProxy = 038157BB251CCA2600D60752 /* PBXContainerItemProxy */;
		};
		038157C7251CCA2600D60752 /* PBXTargetDependency */ = {
			isa = PBXTargetDependency;
			target = 038157A3251CCA2500D60752 /* Center */;
			targetProxy = 038157C6251CCA2600D60752 /* PBXContainerItemProxy */;
		};
/* End PBXTargetDependency section */

/* Begin XCBuildConfiguration section */
		038157CC251CCA2600D60752 /* Debug */ = {
			isa = XCBuildConfiguration;
			buildSettings = {
				ALWAYS_SEARCH_USER_PATHS = NO;
				CLANG_ANALYZER_NONNULL = YES;
				CLANG_ANALYZER_NUMBER_OBJECT_CONVERSION = YES_AGGRESSIVE;
				CLANG_CXX_LANGUAGE_STANDARD = "gnu++14";
				CLANG_CXX_LIBRARY = "libc++";
				CLANG_ENABLE_MODULES = YES;
				CLANG_ENABLE_OBJC_ARC = YES;
				CLANG_ENABLE_OBJC_WEAK = YES;
				CLANG_WARN_BLOCK_CAPTURE_AUTORELEASING = YES;
				CLANG_WARN_BOOL_CONVERSION = YES;
				CLANG_WARN_COMMA = YES;
				CLANG_WARN_CONSTANT_CONVERSION = YES;
				CLANG_WARN_DEPRECATED_OBJC_IMPLEMENTATIONS = YES;
				CLANG_WARN_DIRECT_OBJC_ISA_USAGE = YES_ERROR;
				CLANG_WARN_DOCUMENTATION_COMMENTS = YES;
				CLANG_WARN_EMPTY_BODY = YES;
				CLANG_WARN_ENUM_CONVERSION = YES;
				CLANG_WARN_INFINITE_RECURSION = YES;
				CLANG_WARN_INT_CONVERSION = YES;
				CLANG_WARN_NON_LITERAL_NULL_CONVERSION = YES;
				CLANG_WARN_OBJC_IMPLICIT_RETAIN_SELF = YES;
				CLANG_WARN_OBJC_LITERAL_CONVERSION = YES;
				CLANG_WARN_OBJC_ROOT_CLASS = YES_ERROR;
				CLANG_WARN_QUOTED_INCLUDE_IN_FRAMEWORK_HEADER = YES;
				CLANG_WARN_RANGE_LOOP_ANALYSIS = YES;
				CLANG_WARN_STRICT_PROTOTYPES = YES;
				CLANG_WARN_SUSPICIOUS_MOVE = YES;
				CLANG_WARN_UNGUARDED_AVAILABILITY = YES_AGGRESSIVE;
				CLANG_WARN_UNREACHABLE_CODE = YES;
				CLANG_WARN__DUPLICATE_METHOD_MATCH = YES;
				COPY_PHASE_STRIP = NO;
				DEBUG_INFORMATION_FORMAT = dwarf;
				ENABLE_STRICT_OBJC_MSGSEND = YES;
				ENABLE_TESTABILITY = YES;
				GCC_C_LANGUAGE_STANDARD = gnu11;
				GCC_DYNAMIC_NO_PIC = NO;
				GCC_NO_COMMON_BLOCKS = YES;
				GCC_OPTIMIZATION_LEVEL = 0;
				GCC_PREPROCESSOR_DEFINITIONS = (
					"DEBUG=1",
					"$(inherited)",
				);
				GCC_WARN_64_TO_32_BIT_CONVERSION = YES;
				GCC_WARN_ABOUT_RETURN_TYPE = YES_ERROR;
				GCC_WARN_UNDECLARED_SELECTOR = YES;
				GCC_WARN_UNINITIALIZED_AUTOS = YES_AGGRESSIVE;
				GCC_WARN_UNUSED_FUNCTION = YES;
				GCC_WARN_UNUSED_VARIABLE = YES;
				IPHONEOS_DEPLOYMENT_TARGET = 14.0;
				MTL_ENABLE_DEBUG_INFO = INCLUDE_SOURCE;
				MTL_FAST_MATH = YES;
				ONLY_ACTIVE_ARCH = YES;
				SDKROOT = iphoneos;
				SWIFT_ACTIVE_COMPILATION_CONDITIONS = DEBUG;
				SWIFT_OPTIMIZATION_LEVEL = "-Onone";
			};
			name = Debug;
		};
		038157CD251CCA2600D60752 /* Release */ = {
			isa = XCBuildConfiguration;
			buildSettings = {
				ALWAYS_SEARCH_USER_PATHS = NO;
				CLANG_ANALYZER_NONNULL = YES;
				CLANG_ANALYZER_NUMBER_OBJECT_CONVERSION = YES_AGGRESSIVE;
				CLANG_CXX_LANGUAGE_STANDARD = "gnu++14";
				CLANG_CXX_LIBRARY = "libc++";
				CLANG_ENABLE_MODULES = YES;
				CLANG_ENABLE_OBJC_ARC = YES;
				CLANG_ENABLE_OBJC_WEAK = YES;
				CLANG_WARN_BLOCK_CAPTURE_AUTORELEASING = YES;
				CLANG_WARN_BOOL_CONVERSION = YES;
				CLANG_WARN_COMMA = YES;
				CLANG_WARN_CONSTANT_CONVERSION = YES;
				CLANG_WARN_DEPRECATED_OBJC_IMPLEMENTATIONS = YES;
				CLANG_WARN_DIRECT_OBJC_ISA_USAGE = YES_ERROR;
				CLANG_WARN_DOCUMENTATION_COMMENTS = YES;
				CLANG_WARN_EMPTY_BODY = YES;
				CLANG_WARN_ENUM_CONVERSION = YES;
				CLANG_WARN_INFINITE_RECURSION = YES;
				CLANG_WARN_INT_CONVERSION = YES;
				CLANG_WARN_NON_LITERAL_NULL_CONVERSION = YES;
				CLANG_WARN_OBJC_IMPLICIT_RETAIN_SELF = YES;
				CLANG_WARN_OBJC_LITERAL_CONVERSION = YES;
				CLANG_WARN_OBJC_ROOT_CLASS = YES_ERROR;
				CLANG_WARN_QUOTED_INCLUDE_IN_FRAMEWORK_HEADER = YES;
				CLANG_WARN_RANGE_LOOP_ANALYSIS = YES;
				CLANG_WARN_STRICT_PROTOTYPES = YES;
				CLANG_WARN_SUSPICIOUS_MOVE = YES;
				CLANG_WARN_UNGUARDED_AVAILABILITY = YES_AGGRESSIVE;
				CLANG_WARN_UNREACHABLE_CODE = YES;
				CLANG_WARN__DUPLICATE_METHOD_MATCH = YES;
				COPY_PHASE_STRIP = NO;
				DEBUG_INFORMATION_FORMAT = "dwarf-with-dsym";
				ENABLE_NS_ASSERTIONS = NO;
				ENABLE_STRICT_OBJC_MSGSEND = YES;
				GCC_C_LANGUAGE_STANDARD = gnu11;
				GCC_NO_COMMON_BLOCKS = YES;
				GCC_WARN_64_TO_32_BIT_CONVERSION = YES;
				GCC_WARN_ABOUT_RETURN_TYPE = YES_ERROR;
				GCC_WARN_UNDECLARED_SELECTOR = YES;
				GCC_WARN_UNINITIALIZED_AUTOS = YES_AGGRESSIVE;
				GCC_WARN_UNUSED_FUNCTION = YES;
				GCC_WARN_UNUSED_VARIABLE = YES;
				IPHONEOS_DEPLOYMENT_TARGET = 14.0;
				MTL_ENABLE_DEBUG_INFO = NO;
				MTL_FAST_MATH = YES;
				SDKROOT = iphoneos;
				SWIFT_COMPILATION_MODE = wholemodule;
				SWIFT_OPTIMIZATION_LEVEL = "-O";
				VALIDATE_PRODUCT = YES;
			};
			name = Release;
		};
		038157CF251CCA2600D60752 /* Debug */ = {
			isa = XCBuildConfiguration;
			buildSettings = {
				ALWAYS_EMBED_SWIFT_STANDARD_LIBRARIES = YES;
				ASSETCATALOG_COMPILER_APPICON_NAME = AppIcon;
				ASSETCATALOG_COMPILER_GLOBAL_ACCENT_COLOR_NAME = AccentColor;
				CODE_SIGN_STYLE = Automatic;
				DEVELOPMENT_TEAM = 685257RUQP;
				ENABLE_PREVIEWS = YES;
				INFOPLIST_FILE = Center/Info.plist;
				IPHONEOS_DEPLOYMENT_TARGET = 14.0;
				LD_RUNPATH_SEARCH_PATHS = (
					"$(inherited)",
					"@executable_path/Frameworks",
				);
				PRODUCT_BUNDLE_IDENTIFIER = joshgrant.me.Center;
				PRODUCT_NAME = "$(TARGET_NAME)";
				SWIFT_VERSION = 5.0;
				TARGETED_DEVICE_FAMILY = "1,2";
			};
			name = Debug;
		};
		038157D0251CCA2600D60752 /* Release */ = {
			isa = XCBuildConfiguration;
			buildSettings = {
				ALWAYS_EMBED_SWIFT_STANDARD_LIBRARIES = YES;
				ASSETCATALOG_COMPILER_APPICON_NAME = AppIcon;
				ASSETCATALOG_COMPILER_GLOBAL_ACCENT_COLOR_NAME = AccentColor;
				CODE_SIGN_STYLE = Automatic;
				DEVELOPMENT_TEAM = 685257RUQP;
				ENABLE_PREVIEWS = YES;
				INFOPLIST_FILE = Center/Info.plist;
				IPHONEOS_DEPLOYMENT_TARGET = 14.0;
				LD_RUNPATH_SEARCH_PATHS = (
					"$(inherited)",
					"@executable_path/Frameworks",
				);
				PRODUCT_BUNDLE_IDENTIFIER = joshgrant.me.Center;
				PRODUCT_NAME = "$(TARGET_NAME)";
				SWIFT_VERSION = 5.0;
				TARGETED_DEVICE_FAMILY = "1,2";
			};
			name = Release;
		};
		038157D2251CCA2600D60752 /* Debug */ = {
			isa = XCBuildConfiguration;
			buildSettings = {
				ALWAYS_EMBED_SWIFT_STANDARD_LIBRARIES = YES;
				BUNDLE_LOADER = "$(TEST_HOST)";
				CODE_SIGN_STYLE = Automatic;
				DEVELOPMENT_TEAM = 685257RUQP;
				INFOPLIST_FILE = Center/CenterTests/Info.plist;
				IPHONEOS_DEPLOYMENT_TARGET = 14.0;
				LD_RUNPATH_SEARCH_PATHS = (
					"$(inherited)",
					"@executable_path/Frameworks",
					"@loader_path/Frameworks",
				);
				PRODUCT_BUNDLE_IDENTIFIER = joshgrant.me.CenterTests;
				PRODUCT_NAME = "$(TARGET_NAME)";
				SWIFT_VERSION = 5.0;
				TARGETED_DEVICE_FAMILY = "1,2";
				TEST_HOST = "$(BUILT_PRODUCTS_DIR)/Center.app/Center";
			};
			name = Debug;
		};
		038157D3251CCA2600D60752 /* Release */ = {
			isa = XCBuildConfiguration;
			buildSettings = {
				ALWAYS_EMBED_SWIFT_STANDARD_LIBRARIES = YES;
				BUNDLE_LOADER = "$(TEST_HOST)";
				CODE_SIGN_STYLE = Automatic;
				DEVELOPMENT_TEAM = 685257RUQP;
				INFOPLIST_FILE = Center/CenterTests/Info.plist;
				IPHONEOS_DEPLOYMENT_TARGET = 14.0;
				LD_RUNPATH_SEARCH_PATHS = (
					"$(inherited)",
					"@executable_path/Frameworks",
					"@loader_path/Frameworks",
				);
				PRODUCT_BUNDLE_IDENTIFIER = joshgrant.me.CenterTests;
				PRODUCT_NAME = "$(TARGET_NAME)";
				SWIFT_VERSION = 5.0;
				TARGETED_DEVICE_FAMILY = "1,2";
				TEST_HOST = "$(BUILT_PRODUCTS_DIR)/Center.app/Center";
			};
			name = Release;
		};
		038157D5251CCA2600D60752 /* Debug */ = {
			isa = XCBuildConfiguration;
			buildSettings = {
				CODE_SIGN_STYLE = Automatic;
				DEVELOPMENT_TEAM = 685257RUQP;
				INFOPLIST_FILE = Center/CenterUITests/Info.plist;
				LD_RUNPATH_SEARCH_PATHS = (
					"$(inherited)",
					"@executable_path/Frameworks",
					"@loader_path/Frameworks",
				);
				PRODUCT_BUNDLE_IDENTIFIER = joshgrant.me.CenterUITests;
				PRODUCT_NAME = "$(TARGET_NAME)";
				SWIFT_VERSION = 5.0;
				TARGETED_DEVICE_FAMILY = "1,2";
				TEST_TARGET_NAME = Center;
			};
			name = Debug;
		};
		038157D6251CCA2600D60752 /* Release */ = {
			isa = XCBuildConfiguration;
			buildSettings = {
				CODE_SIGN_STYLE = Automatic;
				DEVELOPMENT_TEAM = 685257RUQP;
				INFOPLIST_FILE = Center/CenterUITests/Info.plist;
				LD_RUNPATH_SEARCH_PATHS = (
					"$(inherited)",
					"@executable_path/Frameworks",
					"@loader_path/Frameworks",
				);
				PRODUCT_BUNDLE_IDENTIFIER = joshgrant.me.CenterUITests;
				PRODUCT_NAME = "$(TARGET_NAME)";
				SWIFT_VERSION = 5.0;
				TARGETED_DEVICE_FAMILY = "1,2";
				TEST_TARGET_NAME = Center;
			};
			name = Release;
		};
/* End XCBuildConfiguration section */

/* Begin XCConfigurationList section */
		0381579F251CCA2500D60752 /* Build configuration list for PBXProject "Center" */ = {
			isa = XCConfigurationList;
			buildConfigurations = (
				038157CC251CCA2600D60752 /* Debug */,
				038157CD251CCA2600D60752 /* Release */,
			);
			defaultConfigurationIsVisible = 0;
			defaultConfigurationName = Release;
		};
		038157CE251CCA2600D60752 /* Build configuration list for PBXNativeTarget "Center" */ = {
			isa = XCConfigurationList;
			buildConfigurations = (
				038157CF251CCA2600D60752 /* Debug */,
				038157D0251CCA2600D60752 /* Release */,
			);
			defaultConfigurationIsVisible = 0;
			defaultConfigurationName = Release;
		};
		038157D1251CCA2600D60752 /* Build configuration list for PBXNativeTarget "CenterTests" */ = {
			isa = XCConfigurationList;
			buildConfigurations = (
				038157D2251CCA2600D60752 /* Debug */,
				038157D3251CCA2600D60752 /* Release */,
			);
			defaultConfigurationIsVisible = 0;
			defaultConfigurationName = Release;
		};
		038157D4251CCA2600D60752 /* Build configuration list for PBXNativeTarget "CenterUITests" */ = {
			isa = XCConfigurationList;
			buildConfigurations = (
				038157D5251CCA2600D60752 /* Debug */,
				038157D6251CCA2600D60752 /* Release */,
			);
			defaultConfigurationIsVisible = 0;
			defaultConfigurationName = Release;
		};
/* End XCConfigurationList section */

/* Begin XCVersionGroup section */
		03122F9C252C23C500ECBEBF /* Model.xcdatamodeld */ = {
			isa = XCVersionGroup;
			children = (
				03122F9D252C23C500ECBEBF /* Model.xcdatamodel */,
			);
			currentVersion = 03122F9D252C23C500ECBEBF /* Model.xcdatamodel */;
			path = Model.xcdatamodeld;
			sourceTree = "<group>";
			versionGroupType = wrapper.xcdatamodel;
		};
/* End XCVersionGroup section */
	};
	rootObject = 0381579C251CCA2500D60752 /* Project object */;
}
